// !$*UTF8*$!
{
	archiveVersion = 1;
	classes = {
	};
	objectVersion = 46;
	objects = {

/* Begin PBXBuildFile section */
		4308768F1D90216F00FE71FE /* AppDelegate.swift in Sources */ = {isa = PBXBuildFile; fileRef = 4308768C1D90216F00FE71FE /* AppDelegate.swift */; };
		430876901D90216F00FE71FE /* ApplicationCoordinator.swift in Sources */ = {isa = PBXBuildFile; fileRef = 4308768D1D90216F00FE71FE /* ApplicationCoordinator.swift */; };
		430876911D90216F00FE71FE /* Coordinator.swift in Sources */ = {isa = PBXBuildFile; fileRef = 4308768E1D90216F00FE71FE /* Coordinator.swift */; };
		430876AC1D9021A200FE71FE /* DashboardCoordinator+DashboardData.swift in Sources */ = {isa = PBXBuildFile; fileRef = 430876931D9021A200FE71FE /* DashboardCoordinator+DashboardData.swift */; };
		430876AD1D9021A200FE71FE /* DashboardCoordinator.swift in Sources */ = {isa = PBXBuildFile; fileRef = 430876941D9021A200FE71FE /* DashboardCoordinator.swift */; };
		430876AE1D9021A200FE71FE /* DashboardViewController.storyboard in Resources */ = {isa = PBXBuildFile; fileRef = 430876951D9021A200FE71FE /* DashboardViewController.storyboard */; };
		430876AF1D9021A200FE71FE /* DashboardViewController.swift in Sources */ = {isa = PBXBuildFile; fileRef = 430876961D9021A200FE71FE /* DashboardViewController.swift */; };
		430876B01D9021A200FE71FE /* AvaliableItemCell.swift in Sources */ = {isa = PBXBuildFile; fileRef = 430876991D9021A200FE71FE /* AvaliableItemCell.swift */; };
		430876B11D9021A200FE71FE /* AvaliableItemCell.xib in Resources */ = {isa = PBXBuildFile; fileRef = 4308769A1D9021A200FE71FE /* AvaliableItemCell.xib */; };
		430876B21D9021A200FE71FE /* ReviewCell.swift in Sources */ = {isa = PBXBuildFile; fileRef = 4308769B1D9021A200FE71FE /* ReviewCell.swift */; };
		430876B31D9021A200FE71FE /* ReviewCell.xib in Resources */ = {isa = PBXBuildFile; fileRef = 4308769C1D9021A200FE71FE /* ReviewCell.xib */; };
		430876B41D9021A200FE71FE /* DashboardLayout.swift in Sources */ = {isa = PBXBuildFile; fileRef = 4308769D1D9021A200FE71FE /* DashboardLayout.swift */; };
		430876B51D9021A200FE71FE /* DashboardHeader.swift in Sources */ = {isa = PBXBuildFile; fileRef = 4308769F1D9021A200FE71FE /* DashboardHeader.swift */; };
		430876B61D9021A200FE71FE /* DashboardHeader.xib in Resources */ = {isa = PBXBuildFile; fileRef = 430876A01D9021A200FE71FE /* DashboardHeader.xib */; };
		430876B71D9021A200FE71FE /* DoubleProgressBar.swift in Sources */ = {isa = PBXBuildFile; fileRef = 430876A21D9021A200FE71FE /* DoubleProgressBar.swift */; };
		430876B81D9021A200FE71FE /* LabelWithAdaptiveTextHeight.swift in Sources */ = {isa = PBXBuildFile; fileRef = 430876A31D9021A200FE71FE /* LabelWithAdaptiveTextHeight.swift */; };
		430876B91D9021A200FE71FE /* SliceView.swift in Sources */ = {isa = PBXBuildFile; fileRef = 430876A41D9021A200FE71FE /* SliceView.swift */; };
		430876BA1D9021A200FE71FE /* AvaliableItemCellViewModel.swift in Sources */ = {isa = PBXBuildFile; fileRef = 430876A61D9021A200FE71FE /* AvaliableItemCellViewModel.swift */; };
		430876BB1D9021A200FE71FE /* CollectionViewViewModel.swift in Sources */ = {isa = PBXBuildFile; fileRef = 430876A71D9021A200FE71FE /* CollectionViewViewModel.swift */; };
		430876BC1D9021A200FE71FE /* DashboardHeaderViewModel.swift in Sources */ = {isa = PBXBuildFile; fileRef = 430876A81D9021A200FE71FE /* DashboardHeaderViewModel.swift */; };
		430876BD1D9021A200FE71FE /* DashboardViewModel.swift in Sources */ = {isa = PBXBuildFile; fileRef = 430876A91D9021A200FE71FE /* DashboardViewModel.swift */; };
		430876BE1D9021A200FE71FE /* DoubleProgressViewModel.swift in Sources */ = {isa = PBXBuildFile; fileRef = 430876AA1D9021A200FE71FE /* DoubleProgressViewModel.swift */; };
		430876BF1D9021A200FE71FE /* LeftRightTitleViewModel.swift in Sources */ = {isa = PBXBuildFile; fileRef = 430876AB1D9021A200FE71FE /* LeftRightTitleViewModel.swift */; };
		430876CE1D9021B300FE71FE /* ColorfullTabBarController.swift in Sources */ = {isa = PBXBuildFile; fileRef = 430876C11D9021B300FE71FE /* ColorfullTabBarController.swift */; };
		430876CF1D9021B300FE71FE /* DataProvider.swift in Sources */ = {isa = PBXBuildFile; fileRef = 430876C21D9021B300FE71FE /* DataProvider.swift */; };
		430876D01D9021B300FE71FE /* SingleTabViewController.swift in Sources */ = {isa = PBXBuildFile; fileRef = 430876C31D9021B300FE71FE /* SingleTabViewController.swift */; };
		430876D11D9021B300FE71FE /* Array.swift in Sources */ = {isa = PBXBuildFile; fileRef = 430876C51D9021B300FE71FE /* Array.swift */; };
		430876D21D9021B300FE71FE /* ColorUtils.swift in Sources */ = {isa = PBXBuildFile; fileRef = 430876C61D9021B300FE71FE /* ColorUtils.swift */; };
		430876D31D9021B300FE71FE /* DrawingUtils.swift in Sources */ = {isa = PBXBuildFile; fileRef = 430876C71D9021B300FE71FE /* DrawingUtils.swift */; };
		430876D51D9021B300FE71FE /* LabelExtensions.swift in Sources */ = {isa = PBXBuildFile; fileRef = 430876C91D9021B300FE71FE /* LabelExtensions.swift */; };
		430876D61D9021B300FE71FE /* ScreenBackgound.swift in Sources */ = {isa = PBXBuildFile; fileRef = 430876CA1D9021B300FE71FE /* ScreenBackgound.swift */; };
		430876D71D9021B300FE71FE /* UIViewControllerUtils.swift in Sources */ = {isa = PBXBuildFile; fileRef = 430876CB1D9021B300FE71FE /* UIViewControllerUtils.swift */; };
		430876D81D9021B300FE71FE /* Utils.swift in Sources */ = {isa = PBXBuildFile; fileRef = 430876CC1D9021B300FE71FE /* Utils.swift */; };
		430876D91D9021B300FE71FE /* ViewModel.swift in Sources */ = {isa = PBXBuildFile; fileRef = 430876CD1D9021B300FE71FE /* ViewModel.swift */; };
		433D3D5F1E3B9020001C631D /* Cartfile in Resources */ = {isa = PBXBuildFile; fileRef = 433D3D5E1E3B9020001C631D /* Cartfile */; };
		433D3D691E3BA7C0001C631D /* StatusBarTweeks.swift in Sources */ = {isa = PBXBuildFile; fileRef = 433D3D681E3BA7C0001C631D /* StatusBarTweeks.swift */; };
		43620A451D8C28FA00C1BA72 /* Assets.xcassets in Resources */ = {isa = PBXBuildFile; fileRef = 43620A441D8C28FA00C1BA72 /* Assets.xcassets */; };
		43AAD0981E5B229800149169 /* ResizingScriptUtils.swift in Sources */ = {isa = PBXBuildFile; fileRef = 43AAD0971E5B229800149169 /* ResizingScriptUtils.swift */; };
		43B02A441E7A98C600F6874A /* CookiesStorage.swift in Sources */ = {isa = PBXBuildFile; fileRef = 43B02A431E7A98C600F6874A /* CookiesStorage.swift */; };
		43B354AD1E30FBC100DABAAB /* TabsCoordinator.swift in Sources */ = {isa = PBXBuildFile; fileRef = 43B354AC1E30FBC100DABAAB /* TabsCoordinator.swift */; };
		43B89E431D94140F0047380B /* DateExtensions.swift in Sources */ = {isa = PBXBuildFile; fileRef = 43B89E421D94140F0047380B /* DateExtensions.swift */; };
		43BE76031E3F39F30032950B /* Localizable.strings in Resources */ = {isa = PBXBuildFile; fileRef = 43BE76051E3F39F30032950B /* Localizable.strings */; };
		43BE76071E3F3A870032950B /* Strings+Localization.swift in Sources */ = {isa = PBXBuildFile; fileRef = 43BE76061E3F3A870032950B /* Strings+Localization.swift */; };
		43BE76091E3F3C240032950B /* WebSessionType.swift in Sources */ = {isa = PBXBuildFile; fileRef = 43BE76081E3F3C240032950B /* WebSessionType.swift */; };
		43D99C531D9919560071C26D /* api_key_script.js in Resources */ = {isa = PBXBuildFile; fileRef = 43D99C391D9919560071C26D /* api_key_script.js */; };
		43D99C541D9919560071C26D /* fast_forward.js in Resources */ = {isa = PBXBuildFile; fileRef = 43D99C3A1D9919560071C26D /* fast_forward.js */; };
		43D99C551D9919560071C26D /* ignore.js in Resources */ = {isa = PBXBuildFile; fileRef = 43D99C3B1D9919560071C26D /* ignore.js */; };
		43D99C561D9919560071C26D /* reorder.js in Resources */ = {isa = PBXBuildFile; fileRef = 43D99C3C1D9919560071C26D /* reorder.js */; };
		43D99C571D9919560071C26D /* resize.js in Resources */ = {isa = PBXBuildFile; fileRef = 43D99C3D1D9919560071C26D /* resize.js */; };
		43D99C581D9919560071C26D /* score.js in Resources */ = {isa = PBXBuildFile; fileRef = 43D99C3E1D9919560071C26D /* score.js */; };
		43D99C5F1D9919560071C26D /* SettingsViewController.storyboard in Resources */ = {isa = PBXBuildFile; fileRef = 43D99C461D9919560071C26D /* SettingsViewController.storyboard */; };
		43D99C601D9919560071C26D /* SettingsViewController.swift in Sources */ = {isa = PBXBuildFile; fileRef = 43D99C471D9919560071C26D /* SettingsViewController.swift */; };
		43D99C621D9919560071C26D /* GameCenterCollectionViewCell.xib in Resources */ = {isa = PBXBuildFile; fileRef = 43D99C4B1D9919560071C26D /* GameCenterCollectionViewCell.xib */; };
		43D99C641D9919560071C26D /* SettingsScriptCell.xib in Resources */ = {isa = PBXBuildFile; fileRef = 43D99C4D1D9919560071C26D /* SettingsScriptCell.xib */; };
		43D99C681D99227F0071C26D /* SettingsScriptCell.swift in Sources */ = {isa = PBXBuildFile; fileRef = 43D99C4C1D9919560071C26D /* SettingsScriptCell.swift */; };
		43D99C691D99228C0071C26D /* SettingsSuit.swift in Sources */ = {isa = PBXBuildFile; fileRef = 43D99C421D9919560071C26D /* SettingsSuit.swift */; };
		43D99C6A1D99229A0071C26D /* UserScript.swift in Sources */ = {isa = PBXBuildFile; fileRef = 43D99C431D9919560071C26D /* UserScript.swift */; };
		43D99C6B1D9922AC0071C26D /* Setting.swift in Sources */ = {isa = PBXBuildFile; fileRef = 43D99C411D9919560071C26D /* Setting.swift */; };
		43D99C6C1D9923290071C26D /* SettingsScriptCellViewModel.swift in Sources */ = {isa = PBXBuildFile; fileRef = 43D99C521D9919560071C26D /* SettingsScriptCellViewModel.swift */; };
		43D99C6E1D9923E70071C26D /* AIFlatSwitch.swift in Sources */ = {isa = PBXBuildFile; fileRef = 43D99C6D1D9923E70071C26D /* AIFlatSwitch.swift */; };
		43D99C6F1D99325F0071C26D /* GameCenterCellViewModel.swift in Sources */ = {isa = PBXBuildFile; fileRef = 43D99C511D9919560071C26D /* GameCenterCellViewModel.swift */; };
		43D99C701D99326D0071C26D /* GameCenterCollectionViewCell.swift in Sources */ = {isa = PBXBuildFile; fileRef = 43D99C4A1D9919560071C26D /* GameCenterCollectionViewCell.swift */; };
		43D99C711D9933340071C26D /* IntUserDefault.swift in Sources */ = {isa = PBXBuildFile; fileRef = 43D99C401D9919560071C26D /* IntUserDefault.swift */; };
		43D99C731D99340D0071C26D /* SettingsCoordinator.swift in Sources */ = {isa = PBXBuildFile; fileRef = 43D99C451D9919560071C26D /* SettingsCoordinator.swift */; };
		43D99C741D9934FA0071C26D /* SettingsLayout.swift in Sources */ = {isa = PBXBuildFile; fileRef = 43D99C4F1D9919560071C26D /* SettingsLayout.swift */; };
		43D99C831D994D1B0071C26D /* BottomBarContainerViewController.storyboard in Resources */ = {isa = PBXBuildFile; fileRef = 43D99C7D1D994D1B0071C26D /* BottomBarContainerViewController.storyboard */; };
		43D99C871D994D1B0071C26D /* ReviewWebViewController.swift in Sources */ = {isa = PBXBuildFile; fileRef = 43D99C811D994D1B0071C26D /* ReviewWebViewController.swift */; };
		43D99C881D994D1B0071C26D /* ReviewWebViewController.xib in Resources */ = {isa = PBXBuildFile; fileRef = 43D99C821D994D1B0071C26D /* ReviewWebViewController.xib */; };
		43D99C931D994EC40071C26D /* ReviewCoordinator.swift in Sources */ = {isa = PBXBuildFile; fileRef = 43D99C801D994D1B0071C26D /* ReviewCoordinator.swift */; };
		43D99C941D994ECE0071C26D /* ReviewCoordinator+SideMenu.swift in Sources */ = {isa = PBXBuildFile; fileRef = 43D99C7F1D994D1B0071C26D /* ReviewCoordinator+SideMenu.swift */; };
		43D99C951D994ED10071C26D /* BottomBarContainerViewController.swift in Sources */ = {isa = PBXBuildFile; fileRef = 43D99C7E1D994D1B0071C26D /* BottomBarContainerViewController.swift */; };
		43D99C981D99563C0071C26D /* SideMenuHolderViewController.swift in Sources */ = {isa = PBXBuildFile; fileRef = 43D99C971D99563C0071C26D /* SideMenuHolderViewController.swift */; };
		43D99C9B1D9A623C0071C26D /* RightMenuViewController.swift in Sources */ = {isa = PBXBuildFile; fileRef = 43D99C9A1D9A623C0071C26D /* RightMenuViewController.swift */; };
		43D99C9F1D9A640A0071C26D /* RightMenuViewController.xib in Resources */ = {isa = PBXBuildFile; fileRef = 43D99C9E1D9A640A0071C26D /* RightMenuViewController.xib */; };
		43F4F37C1D91527900A9BB08 /* SRSViewController.swift in Sources */ = {isa = PBXBuildFile; fileRef = 43F4F37B1D91527900A9BB08 /* SRSViewController.swift */; };
		43F4F37E1D9152A200A9BB08 /* SRSView.swift in Sources */ = {isa = PBXBuildFile; fileRef = 43F4F37D1D9152A200A9BB08 /* SRSView.swift */; };
		43F4F3801D91547F00A9BB08 /* SRSViewModel.swift in Sources */ = {isa = PBXBuildFile; fileRef = 43F4F37F1D91547F00A9BB08 /* SRSViewModel.swift */; };
		43F4F3821D91590500A9BB08 /* SRSDistributionViewModel.swift in Sources */ = {isa = PBXBuildFile; fileRef = 43F4F3811D91590500A9BB08 /* SRSDistributionViewModel.swift */; };
		43F4F3841D915AF200A9BB08 /* ProgressViewController.swift in Sources */ = {isa = PBXBuildFile; fileRef = 43F4F3831D915AF200A9BB08 /* ProgressViewController.swift */; };
		5DABA0F31EC3120700C25F85 /* Cely.framework in Frameworks */ = {isa = PBXBuildFile; fileRef = 5DABA0E61EC3120700C25F85 /* Cely.framework */; };
		5DABA0F41EC3120700C25F85 /* Cely.framework in Embed Frameworks */ = {isa = PBXBuildFile; fileRef = 5DABA0E61EC3120700C25F85 /* Cely.framework */; settings = {ATTRIBUTES = (CodeSignOnCopy, RemoveHeadersOnCopy, ); }; };
		5DABA0F51EC3120700C25F85 /* DGElasticPullToRefreshKit.framework in Frameworks */ = {isa = PBXBuildFile; fileRef = 5DABA0E71EC3120700C25F85 /* DGElasticPullToRefreshKit.framework */; };
		5DABA0F61EC3120700C25F85 /* DGElasticPullToRefreshKit.framework in Embed Frameworks */ = {isa = PBXBuildFile; fileRef = 5DABA0E71EC3120700C25F85 /* DGElasticPullToRefreshKit.framework */; settings = {ATTRIBUTES = (CodeSignOnCopy, RemoveHeadersOnCopy, ); }; };
		5DABA0F71EC3120700C25F85 /* EMPageViewController.framework in Frameworks */ = {isa = PBXBuildFile; fileRef = 5DABA0E81EC3120700C25F85 /* EMPageViewController.framework */; };
		5DABA0F81EC3120700C25F85 /* EMPageViewController.framework in Embed Frameworks */ = {isa = PBXBuildFile; fileRef = 5DABA0E81EC3120700C25F85 /* EMPageViewController.framework */; settings = {ATTRIBUTES = (CodeSignOnCopy, RemoveHeadersOnCopy, ); }; };
		5DABA0F91EC3120700C25F85 /* Locksmith.framework in Frameworks */ = {isa = PBXBuildFile; fileRef = 5DABA0E91EC3120700C25F85 /* Locksmith.framework */; };
		5DABA0FA1EC3120700C25F85 /* Locksmith.framework in Embed Frameworks */ = {isa = PBXBuildFile; fileRef = 5DABA0E91EC3120700C25F85 /* Locksmith.framework */; settings = {ATTRIBUTES = (CodeSignOnCopy, RemoveHeadersOnCopy, ); }; };
		5DABA0FB1EC3120700C25F85 /* NJKScrollFullscreenKit.framework in Frameworks */ = {isa = PBXBuildFile; fileRef = 5DABA0EA1EC3120700C25F85 /* NJKScrollFullscreenKit.framework */; };
		5DABA0FC1EC3120700C25F85 /* NJKScrollFullscreenKit.framework in Embed Frameworks */ = {isa = PBXBuildFile; fileRef = 5DABA0EA1EC3120700C25F85 /* NJKScrollFullscreenKit.framework */; settings = {ATTRIBUTES = (CodeSignOnCopy, RemoveHeadersOnCopy, ); }; };
		5DABA0FD1EC3120700C25F85 /* Promise.framework in Frameworks */ = {isa = PBXBuildFile; fileRef = 5DABA0EB1EC3120700C25F85 /* Promise.framework */; };
		5DABA0FE1EC3120700C25F85 /* Promise.framework in Embed Frameworks */ = {isa = PBXBuildFile; fileRef = 5DABA0EB1EC3120700C25F85 /* Promise.framework */; settings = {ATTRIBUTES = (CodeSignOnCopy, RemoveHeadersOnCopy, ); }; };
		5DABA0FF1EC3120700C25F85 /* Realm.framework in Frameworks */ = {isa = PBXBuildFile; fileRef = 5DABA0EC1EC3120700C25F85 /* Realm.framework */; };
		5DABA1001EC3120700C25F85 /* Realm.framework in Embed Frameworks */ = {isa = PBXBuildFile; fileRef = 5DABA0EC1EC3120700C25F85 /* Realm.framework */; settings = {ATTRIBUTES = (CodeSignOnCopy, RemoveHeadersOnCopy, ); }; };
		5DABA1011EC3120700C25F85 /* RealmSwift.framework in Frameworks */ = {isa = PBXBuildFile; fileRef = 5DABA0ED1EC3120700C25F85 /* RealmSwift.framework */; };
		5DABA1021EC3120700C25F85 /* RealmSwift.framework in Embed Frameworks */ = {isa = PBXBuildFile; fileRef = 5DABA0ED1EC3120700C25F85 /* RealmSwift.framework */; settings = {ATTRIBUTES = (CodeSignOnCopy, RemoveHeadersOnCopy, ); }; };
		5DABA1031EC3120700C25F85 /* RESideMenuKit.framework in Frameworks */ = {isa = PBXBuildFile; fileRef = 5DABA0EE1EC3120700C25F85 /* RESideMenuKit.framework */; };
		5DABA1041EC3120700C25F85 /* RESideMenuKit.framework in Embed Frameworks */ = {isa = PBXBuildFile; fileRef = 5DABA0EE1EC3120700C25F85 /* RESideMenuKit.framework */; settings = {ATTRIBUTES = (CodeSignOnCopy, RemoveHeadersOnCopy, ); }; };
		5DABA1051EC3120700C25F85 /* WaniKit.framework in Frameworks */ = {isa = PBXBuildFile; fileRef = 5DABA0EF1EC3120700C25F85 /* WaniKit.framework */; };
		5DABA1061EC3120700C25F85 /* WaniKit.framework in Embed Frameworks */ = {isa = PBXBuildFile; fileRef = 5DABA0EF1EC3120700C25F85 /* WaniKit.framework */; settings = {ATTRIBUTES = (CodeSignOnCopy, RemoveHeadersOnCopy, ); }; };
		5DABA1071EC3120700C25F85 /* WaniLoginKit.framework in Frameworks */ = {isa = PBXBuildFile; fileRef = 5DABA0F01EC3120700C25F85 /* WaniLoginKit.framework */; };
		5DABA1081EC3120700C25F85 /* WaniLoginKit.framework in Embed Frameworks */ = {isa = PBXBuildFile; fileRef = 5DABA0F01EC3120700C25F85 /* WaniLoginKit.framework */; settings = {ATTRIBUTES = (CodeSignOnCopy, RemoveHeadersOnCopy, ); }; };
		5DABA1091EC3120700C25F85 /* WaniModel.framework in Frameworks */ = {isa = PBXBuildFile; fileRef = 5DABA0F11EC3120700C25F85 /* WaniModel.framework */; };
		5DABA10A1EC3120700C25F85 /* WaniModel.framework in Embed Frameworks */ = {isa = PBXBuildFile; fileRef = 5DABA0F11EC3120700C25F85 /* WaniModel.framework */; settings = {ATTRIBUTES = (CodeSignOnCopy, RemoveHeadersOnCopy, ); }; };
		5DABA10B1EC3120700C25F85 /* WaniPersistance.framework in Frameworks */ = {isa = PBXBuildFile; fileRef = 5DABA0F21EC3120700C25F85 /* WaniPersistance.framework */; };
		5DABA10C1EC3120700C25F85 /* WaniPersistance.framework in Embed Frameworks */ = {isa = PBXBuildFile; fileRef = 5DABA0F21EC3120700C25F85 /* WaniPersistance.framework */; settings = {ATTRIBUTES = (CodeSignOnCopy, RemoveHeadersOnCopy, ); }; };
/* End PBXBuildFile section */

/* Begin PBXCopyFilesBuildPhase section */
		43620AD71D8DD2F300C1BA72 /* Embed Frameworks */ = {
			isa = PBXCopyFilesBuildPhase;
			buildActionMask = 2147483647;
			dstPath = "";
			dstSubfolderSpec = 10;
			files = (
				5DABA0F61EC3120700C25F85 /* DGElasticPullToRefreshKit.framework in Embed Frameworks */,
				5DABA0FA1EC3120700C25F85 /* Locksmith.framework in Embed Frameworks */,
				5DABA1061EC3120700C25F85 /* WaniKit.framework in Embed Frameworks */,
				5DABA0FE1EC3120700C25F85 /* Promise.framework in Embed Frameworks */,
				5DABA0F81EC3120700C25F85 /* EMPageViewController.framework in Embed Frameworks */,
				5DABA1001EC3120700C25F85 /* Realm.framework in Embed Frameworks */,
				5DABA0F41EC3120700C25F85 /* Cely.framework in Embed Frameworks */,
				5DABA10A1EC3120700C25F85 /* WaniModel.framework in Embed Frameworks */,
				5DABA1081EC3120700C25F85 /* WaniLoginKit.framework in Embed Frameworks */,
				5DABA1041EC3120700C25F85 /* RESideMenuKit.framework in Embed Frameworks */,
				5DABA1021EC3120700C25F85 /* RealmSwift.framework in Embed Frameworks */,
				5DABA0FC1EC3120700C25F85 /* NJKScrollFullscreenKit.framework in Embed Frameworks */,
				5DABA10C1EC3120700C25F85 /* WaniPersistance.framework in Embed Frameworks */,
			);
			name = "Embed Frameworks";
			runOnlyForDeploymentPostprocessing = 0;
		};
/* End PBXCopyFilesBuildPhase section */

/* Begin PBXFileReference section */
		4308768C1D90216F00FE71FE /* AppDelegate.swift */ = {isa = PBXFileReference; fileEncoding = 4; lastKnownFileType = sourcecode.swift; path = AppDelegate.swift; sourceTree = "<group>"; };
		4308768D1D90216F00FE71FE /* ApplicationCoordinator.swift */ = {isa = PBXFileReference; fileEncoding = 4; lastKnownFileType = sourcecode.swift; path = ApplicationCoordinator.swift; sourceTree = "<group>"; };
		4308768E1D90216F00FE71FE /* Coordinator.swift */ = {isa = PBXFileReference; fileEncoding = 4; lastKnownFileType = sourcecode.swift; path = Coordinator.swift; sourceTree = "<group>"; };
		430876931D9021A200FE71FE /* DashboardCoordinator+DashboardData.swift */ = {isa = PBXFileReference; fileEncoding = 4; lastKnownFileType = sourcecode.swift; path = "DashboardCoordinator+DashboardData.swift"; sourceTree = "<group>"; };
		430876941D9021A200FE71FE /* DashboardCoordinator.swift */ = {isa = PBXFileReference; fileEncoding = 4; lastKnownFileType = sourcecode.swift; path = DashboardCoordinator.swift; sourceTree = "<group>"; };
		430876951D9021A200FE71FE /* DashboardViewController.storyboard */ = {isa = PBXFileReference; fileEncoding = 4; lastKnownFileType = file.storyboard; path = DashboardViewController.storyboard; sourceTree = "<group>"; };
		430876961D9021A200FE71FE /* DashboardViewController.swift */ = {isa = PBXFileReference; fileEncoding = 4; lastKnownFileType = sourcecode.swift; path = DashboardViewController.swift; sourceTree = "<group>"; };
		430876991D9021A200FE71FE /* AvaliableItemCell.swift */ = {isa = PBXFileReference; fileEncoding = 4; lastKnownFileType = sourcecode.swift; path = AvaliableItemCell.swift; sourceTree = "<group>"; };
		4308769A1D9021A200FE71FE /* AvaliableItemCell.xib */ = {isa = PBXFileReference; fileEncoding = 4; lastKnownFileType = file.xib; path = AvaliableItemCell.xib; sourceTree = "<group>"; };
		4308769B1D9021A200FE71FE /* ReviewCell.swift */ = {isa = PBXFileReference; fileEncoding = 4; lastKnownFileType = sourcecode.swift; path = ReviewCell.swift; sourceTree = "<group>"; };
		4308769C1D9021A200FE71FE /* ReviewCell.xib */ = {isa = PBXFileReference; fileEncoding = 4; lastKnownFileType = file.xib; path = ReviewCell.xib; sourceTree = "<group>"; };
		4308769D1D9021A200FE71FE /* DashboardLayout.swift */ = {isa = PBXFileReference; fileEncoding = 4; lastKnownFileType = sourcecode.swift; path = DashboardLayout.swift; sourceTree = "<group>"; };
		4308769F1D9021A200FE71FE /* DashboardHeader.swift */ = {isa = PBXFileReference; fileEncoding = 4; lastKnownFileType = sourcecode.swift; path = DashboardHeader.swift; sourceTree = "<group>"; };
		430876A01D9021A200FE71FE /* DashboardHeader.xib */ = {isa = PBXFileReference; fileEncoding = 4; lastKnownFileType = file.xib; path = DashboardHeader.xib; sourceTree = "<group>"; };
		430876A21D9021A200FE71FE /* DoubleProgressBar.swift */ = {isa = PBXFileReference; fileEncoding = 4; lastKnownFileType = sourcecode.swift; path = DoubleProgressBar.swift; sourceTree = "<group>"; };
		430876A31D9021A200FE71FE /* LabelWithAdaptiveTextHeight.swift */ = {isa = PBXFileReference; fileEncoding = 4; lastKnownFileType = sourcecode.swift; path = LabelWithAdaptiveTextHeight.swift; sourceTree = "<group>"; };
		430876A41D9021A200FE71FE /* SliceView.swift */ = {isa = PBXFileReference; fileEncoding = 4; lastKnownFileType = sourcecode.swift; path = SliceView.swift; sourceTree = "<group>"; };
		430876A61D9021A200FE71FE /* AvaliableItemCellViewModel.swift */ = {isa = PBXFileReference; fileEncoding = 4; lastKnownFileType = sourcecode.swift; path = AvaliableItemCellViewModel.swift; sourceTree = "<group>"; };
		430876A71D9021A200FE71FE /* CollectionViewViewModel.swift */ = {isa = PBXFileReference; fileEncoding = 4; lastKnownFileType = sourcecode.swift; path = CollectionViewViewModel.swift; sourceTree = "<group>"; };
		430876A81D9021A200FE71FE /* DashboardHeaderViewModel.swift */ = {isa = PBXFileReference; fileEncoding = 4; lastKnownFileType = sourcecode.swift; path = DashboardHeaderViewModel.swift; sourceTree = "<group>"; };
		430876A91D9021A200FE71FE /* DashboardViewModel.swift */ = {isa = PBXFileReference; fileEncoding = 4; lastKnownFileType = sourcecode.swift; path = DashboardViewModel.swift; sourceTree = "<group>"; usesTabs = 1; };
		430876AA1D9021A200FE71FE /* DoubleProgressViewModel.swift */ = {isa = PBXFileReference; fileEncoding = 4; lastKnownFileType = sourcecode.swift; path = DoubleProgressViewModel.swift; sourceTree = "<group>"; };
		430876AB1D9021A200FE71FE /* LeftRightTitleViewModel.swift */ = {isa = PBXFileReference; fileEncoding = 4; lastKnownFileType = sourcecode.swift; path = LeftRightTitleViewModel.swift; sourceTree = "<group>"; };
		430876C11D9021B300FE71FE /* ColorfullTabBarController.swift */ = {isa = PBXFileReference; fileEncoding = 4; lastKnownFileType = sourcecode.swift; path = ColorfullTabBarController.swift; sourceTree = "<group>"; };
		430876C21D9021B300FE71FE /* DataProvider.swift */ = {isa = PBXFileReference; fileEncoding = 4; lastKnownFileType = sourcecode.swift; path = DataProvider.swift; sourceTree = "<group>"; };
		430876C31D9021B300FE71FE /* SingleTabViewController.swift */ = {isa = PBXFileReference; fileEncoding = 4; lastKnownFileType = sourcecode.swift; path = SingleTabViewController.swift; sourceTree = "<group>"; };
		430876C51D9021B300FE71FE /* Array.swift */ = {isa = PBXFileReference; fileEncoding = 4; lastKnownFileType = sourcecode.swift; path = Array.swift; sourceTree = "<group>"; };
		430876C61D9021B300FE71FE /* ColorUtils.swift */ = {isa = PBXFileReference; fileEncoding = 4; lastKnownFileType = sourcecode.swift; path = ColorUtils.swift; sourceTree = "<group>"; };
		430876C71D9021B300FE71FE /* DrawingUtils.swift */ = {isa = PBXFileReference; fileEncoding = 4; lastKnownFileType = sourcecode.swift; path = DrawingUtils.swift; sourceTree = "<group>"; };
		430876C81D9021B300FE71FE /* KeychainManager.swift */ = {isa = PBXFileReference; fileEncoding = 4; lastKnownFileType = sourcecode.swift; path = KeychainManager.swift; sourceTree = "<group>"; };
		430876C91D9021B300FE71FE /* LabelExtensions.swift */ = {isa = PBXFileReference; fileEncoding = 4; lastKnownFileType = sourcecode.swift; path = LabelExtensions.swift; sourceTree = "<group>"; };
		430876CA1D9021B300FE71FE /* ScreenBackgound.swift */ = {isa = PBXFileReference; fileEncoding = 4; lastKnownFileType = sourcecode.swift; path = ScreenBackgound.swift; sourceTree = "<group>"; };
		430876CB1D9021B300FE71FE /* UIViewControllerUtils.swift */ = {isa = PBXFileReference; fileEncoding = 4; lastKnownFileType = sourcecode.swift; path = UIViewControllerUtils.swift; sourceTree = "<group>"; };
		430876CC1D9021B300FE71FE /* Utils.swift */ = {isa = PBXFileReference; fileEncoding = 4; lastKnownFileType = sourcecode.swift; path = Utils.swift; sourceTree = "<group>"; };
		430876CD1D9021B300FE71FE /* ViewModel.swift */ = {isa = PBXFileReference; fileEncoding = 4; lastKnownFileType = sourcecode.swift; path = ViewModel.swift; sourceTree = "<group>"; };
		433D3D5E1E3B9020001C631D /* Cartfile */ = {isa = PBXFileReference; fileEncoding = 4; lastKnownFileType = text; path = Cartfile; sourceTree = "<group>"; };
		433D3D681E3BA7C0001C631D /* StatusBarTweeks.swift */ = {isa = PBXFileReference; fileEncoding = 4; lastKnownFileType = sourcecode.swift; path = StatusBarTweeks.swift; sourceTree = "<group>"; };
		43620A3A1D8C28FA00C1BA72 /* WaniKani.app */ = {isa = PBXFileReference; explicitFileType = wrapper.application; includeInIndex = 0; path = WaniKani.app; sourceTree = BUILT_PRODUCTS_DIR; };
		43620A441D8C28FA00C1BA72 /* Assets.xcassets */ = {isa = PBXFileReference; lastKnownFileType = folder.assetcatalog; path = Assets.xcassets; sourceTree = "<group>"; };
		43620A471D8C28FB00C1BA72 /* Base */ = {isa = PBXFileReference; lastKnownFileType = file.storyboard; name = Base; path = Base.lproj/LaunchScreen.storyboard; sourceTree = "<group>"; };
		43620A491D8C28FB00C1BA72 /* Info.plist */ = {isa = PBXFileReference; lastKnownFileType = text.plist.xml; path = Info.plist; sourceTree = "<group>"; };
		43AAD0971E5B229800149169 /* ResizingScriptUtils.swift */ = {isa = PBXFileReference; fileEncoding = 4; lastKnownFileType = sourcecode.swift; path = ResizingScriptUtils.swift; sourceTree = "<group>"; };
		43B02A431E7A98C600F6874A /* CookiesStorage.swift */ = {isa = PBXFileReference; fileEncoding = 4; lastKnownFileType = sourcecode.swift; path = CookiesStorage.swift; sourceTree = "<group>"; };
		43B354AC1E30FBC100DABAAB /* TabsCoordinator.swift */ = {isa = PBXFileReference; fileEncoding = 4; lastKnownFileType = sourcecode.swift; path = TabsCoordinator.swift; sourceTree = "<group>"; };
		43B89E421D94140F0047380B /* DateExtensions.swift */ = {isa = PBXFileReference; fileEncoding = 4; lastKnownFileType = sourcecode.swift; path = DateExtensions.swift; sourceTree = "<group>"; };
		43BE76041E3F39F30032950B /* Base */ = {isa = PBXFileReference; lastKnownFileType = text.plist.strings; name = Base; path = Base.lproj/Localizable.strings; sourceTree = "<group>"; };
		43BE76061E3F3A870032950B /* Strings+Localization.swift */ = {isa = PBXFileReference; fileEncoding = 4; lastKnownFileType = sourcecode.swift; path = "Strings+Localization.swift"; sourceTree = "<group>"; };
		43BE76081E3F3C240032950B /* WebSessionType.swift */ = {isa = PBXFileReference; fileEncoding = 4; lastKnownFileType = sourcecode.swift; path = WebSessionType.swift; sourceTree = "<group>"; };
		43D99C391D9919560071C26D /* api_key_script.js */ = {isa = PBXFileReference; fileEncoding = 4; lastKnownFileType = sourcecode.javascript; path = api_key_script.js; sourceTree = "<group>"; };
		43D99C3A1D9919560071C26D /* fast_forward.js */ = {isa = PBXFileReference; fileEncoding = 4; lastKnownFileType = sourcecode.javascript; path = fast_forward.js; sourceTree = "<group>"; };
		43D99C3B1D9919560071C26D /* ignore.js */ = {isa = PBXFileReference; fileEncoding = 4; lastKnownFileType = sourcecode.javascript; path = ignore.js; sourceTree = "<group>"; };
		43D99C3C1D9919560071C26D /* reorder.js */ = {isa = PBXFileReference; fileEncoding = 4; lastKnownFileType = sourcecode.javascript; path = reorder.js; sourceTree = "<group>"; };
		43D99C3D1D9919560071C26D /* resize.js */ = {isa = PBXFileReference; fileEncoding = 4; lastKnownFileType = sourcecode.javascript; path = resize.js; sourceTree = "<group>"; };
		43D99C3E1D9919560071C26D /* score.js */ = {isa = PBXFileReference; fileEncoding = 4; lastKnownFileType = sourcecode.javascript; path = score.js; sourceTree = "<group>"; };
		43D99C401D9919560071C26D /* IntUserDefault.swift */ = {isa = PBXFileReference; fileEncoding = 4; lastKnownFileType = sourcecode.swift; path = IntUserDefault.swift; sourceTree = "<group>"; };
		43D99C411D9919560071C26D /* Setting.swift */ = {isa = PBXFileReference; fileEncoding = 4; lastKnownFileType = sourcecode.swift; path = Setting.swift; sourceTree = "<group>"; };
		43D99C421D9919560071C26D /* SettingsSuit.swift */ = {isa = PBXFileReference; fileEncoding = 4; lastKnownFileType = sourcecode.swift; path = SettingsSuit.swift; sourceTree = "<group>"; };
		43D99C431D9919560071C26D /* UserScript.swift */ = {isa = PBXFileReference; fileEncoding = 4; lastKnownFileType = sourcecode.swift; path = UserScript.swift; sourceTree = "<group>"; };
		43D99C451D9919560071C26D /* SettingsCoordinator.swift */ = {isa = PBXFileReference; fileEncoding = 4; lastKnownFileType = sourcecode.swift; path = SettingsCoordinator.swift; sourceTree = "<group>"; };
		43D99C461D9919560071C26D /* SettingsViewController.storyboard */ = {isa = PBXFileReference; fileEncoding = 4; lastKnownFileType = file.storyboard; path = SettingsViewController.storyboard; sourceTree = "<group>"; };
		43D99C471D9919560071C26D /* SettingsViewController.swift */ = {isa = PBXFileReference; fileEncoding = 4; lastKnownFileType = sourcecode.swift; path = SettingsViewController.swift; sourceTree = "<group>"; };
		43D99C4A1D9919560071C26D /* GameCenterCollectionViewCell.swift */ = {isa = PBXFileReference; fileEncoding = 4; lastKnownFileType = sourcecode.swift; path = GameCenterCollectionViewCell.swift; sourceTree = "<group>"; };
		43D99C4B1D9919560071C26D /* GameCenterCollectionViewCell.xib */ = {isa = PBXFileReference; fileEncoding = 4; lastKnownFileType = file.xib; path = GameCenterCollectionViewCell.xib; sourceTree = "<group>"; };
		43D99C4C1D9919560071C26D /* SettingsScriptCell.swift */ = {isa = PBXFileReference; fileEncoding = 4; lastKnownFileType = sourcecode.swift; path = SettingsScriptCell.swift; sourceTree = "<group>"; };
		43D99C4D1D9919560071C26D /* SettingsScriptCell.xib */ = {isa = PBXFileReference; fileEncoding = 4; lastKnownFileType = file.xib; path = SettingsScriptCell.xib; sourceTree = "<group>"; };
		43D99C4F1D9919560071C26D /* SettingsLayout.swift */ = {isa = PBXFileReference; fileEncoding = 4; lastKnownFileType = sourcecode.swift; path = SettingsLayout.swift; sourceTree = "<group>"; };
		43D99C511D9919560071C26D /* GameCenterCellViewModel.swift */ = {isa = PBXFileReference; fileEncoding = 4; lastKnownFileType = sourcecode.swift; path = GameCenterCellViewModel.swift; sourceTree = "<group>"; };
		43D99C521D9919560071C26D /* SettingsScriptCellViewModel.swift */ = {isa = PBXFileReference; fileEncoding = 4; lastKnownFileType = sourcecode.swift; path = SettingsScriptCellViewModel.swift; sourceTree = "<group>"; };
		43D99C6D1D9923E70071C26D /* AIFlatSwitch.swift */ = {isa = PBXFileReference; fileEncoding = 4; lastKnownFileType = sourcecode.swift; path = AIFlatSwitch.swift; sourceTree = "<group>"; };
		43D99C7D1D994D1B0071C26D /* BottomBarContainerViewController.storyboard */ = {isa = PBXFileReference; fileEncoding = 4; lastKnownFileType = file.storyboard; path = BottomBarContainerViewController.storyboard; sourceTree = "<group>"; };
		43D99C7E1D994D1B0071C26D /* BottomBarContainerViewController.swift */ = {isa = PBXFileReference; fileEncoding = 4; lastKnownFileType = sourcecode.swift; path = BottomBarContainerViewController.swift; sourceTree = "<group>"; };
		43D99C7F1D994D1B0071C26D /* ReviewCoordinator+SideMenu.swift */ = {isa = PBXFileReference; fileEncoding = 4; lastKnownFileType = sourcecode.swift; path = "ReviewCoordinator+SideMenu.swift"; sourceTree = "<group>"; };
		43D99C801D994D1B0071C26D /* ReviewCoordinator.swift */ = {isa = PBXFileReference; fileEncoding = 4; lastKnownFileType = sourcecode.swift; path = ReviewCoordinator.swift; sourceTree = "<group>"; };
		43D99C811D994D1B0071C26D /* ReviewWebViewController.swift */ = {isa = PBXFileReference; fileEncoding = 4; lastKnownFileType = sourcecode.swift; path = ReviewWebViewController.swift; sourceTree = "<group>"; };
		43D99C821D994D1B0071C26D /* ReviewWebViewController.xib */ = {isa = PBXFileReference; fileEncoding = 4; lastKnownFileType = file.xib; path = ReviewWebViewController.xib; sourceTree = "<group>"; };
		43D99C971D99563C0071C26D /* SideMenuHolderViewController.swift */ = {isa = PBXFileReference; fileEncoding = 4; lastKnownFileType = sourcecode.swift; path = SideMenuHolderViewController.swift; sourceTree = "<group>"; };
		43D99C9A1D9A623C0071C26D /* RightMenuViewController.swift */ = {isa = PBXFileReference; fileEncoding = 4; lastKnownFileType = sourcecode.swift; path = RightMenuViewController.swift; sourceTree = "<group>"; };
		43D99C9E1D9A640A0071C26D /* RightMenuViewController.xib */ = {isa = PBXFileReference; fileEncoding = 4; lastKnownFileType = file.xib; path = RightMenuViewController.xib; sourceTree = "<group>"; };
		43F4F37B1D91527900A9BB08 /* SRSViewController.swift */ = {isa = PBXFileReference; fileEncoding = 4; lastKnownFileType = sourcecode.swift; path = SRSViewController.swift; sourceTree = "<group>"; };
		43F4F37D1D9152A200A9BB08 /* SRSView.swift */ = {isa = PBXFileReference; fileEncoding = 4; lastKnownFileType = sourcecode.swift; path = SRSView.swift; sourceTree = "<group>"; usesTabs = 1; };
		43F4F37F1D91547F00A9BB08 /* SRSViewModel.swift */ = {isa = PBXFileReference; fileEncoding = 4; lastKnownFileType = sourcecode.swift; path = SRSViewModel.swift; sourceTree = "<group>"; };
		43F4F3811D91590500A9BB08 /* SRSDistributionViewModel.swift */ = {isa = PBXFileReference; fileEncoding = 4; lastKnownFileType = sourcecode.swift; path = SRSDistributionViewModel.swift; sourceTree = "<group>"; };
		43F4F3831D915AF200A9BB08 /* ProgressViewController.swift */ = {isa = PBXFileReference; fileEncoding = 4; lastKnownFileType = sourcecode.swift; path = ProgressViewController.swift; sourceTree = "<group>"; };
		5DABA0E61EC3120700C25F85 /* Cely.framework */ = {isa = PBXFileReference; lastKnownFileType = wrapper.framework; name = Cely.framework; path = Carthage/Build/iOS/Cely.framework; sourceTree = "<group>"; };
		5DABA0E71EC3120700C25F85 /* DGElasticPullToRefreshKit.framework */ = {isa = PBXFileReference; lastKnownFileType = wrapper.framework; name = DGElasticPullToRefreshKit.framework; path = Carthage/Build/iOS/DGElasticPullToRefreshKit.framework; sourceTree = "<group>"; };
		5DABA0E81EC3120700C25F85 /* EMPageViewController.framework */ = {isa = PBXFileReference; lastKnownFileType = wrapper.framework; name = EMPageViewController.framework; path = Carthage/Build/iOS/EMPageViewController.framework; sourceTree = "<group>"; };
		5DABA0E91EC3120700C25F85 /* Locksmith.framework */ = {isa = PBXFileReference; lastKnownFileType = wrapper.framework; name = Locksmith.framework; path = Carthage/Build/iOS/Locksmith.framework; sourceTree = "<group>"; };
		5DABA0EA1EC3120700C25F85 /* NJKScrollFullscreenKit.framework */ = {isa = PBXFileReference; lastKnownFileType = wrapper.framework; name = NJKScrollFullscreenKit.framework; path = Carthage/Build/iOS/NJKScrollFullscreenKit.framework; sourceTree = "<group>"; };
		5DABA0EB1EC3120700C25F85 /* Promise.framework */ = {isa = PBXFileReference; lastKnownFileType = wrapper.framework; name = Promise.framework; path = Carthage/Build/iOS/Promise.framework; sourceTree = "<group>"; };
		5DABA0EC1EC3120700C25F85 /* Realm.framework */ = {isa = PBXFileReference; lastKnownFileType = wrapper.framework; name = Realm.framework; path = Carthage/Build/iOS/Realm.framework; sourceTree = "<group>"; };
		5DABA0ED1EC3120700C25F85 /* RealmSwift.framework */ = {isa = PBXFileReference; lastKnownFileType = wrapper.framework; name = RealmSwift.framework; path = Carthage/Build/iOS/RealmSwift.framework; sourceTree = "<group>"; };
		5DABA0EE1EC3120700C25F85 /* RESideMenuKit.framework */ = {isa = PBXFileReference; lastKnownFileType = wrapper.framework; name = RESideMenuKit.framework; path = Carthage/Build/iOS/RESideMenuKit.framework; sourceTree = "<group>"; };
		5DABA0EF1EC3120700C25F85 /* WaniKit.framework */ = {isa = PBXFileReference; lastKnownFileType = wrapper.framework; name = WaniKit.framework; path = Carthage/Build/iOS/WaniKit.framework; sourceTree = "<group>"; };
		5DABA0F01EC3120700C25F85 /* WaniLoginKit.framework */ = {isa = PBXFileReference; lastKnownFileType = wrapper.framework; name = WaniLoginKit.framework; path = Carthage/Build/iOS/WaniLoginKit.framework; sourceTree = "<group>"; };
		5DABA0F11EC3120700C25F85 /* WaniModel.framework */ = {isa = PBXFileReference; lastKnownFileType = wrapper.framework; name = WaniModel.framework; path = Carthage/Build/iOS/WaniModel.framework; sourceTree = "<group>"; };
		5DABA0F21EC3120700C25F85 /* WaniPersistance.framework */ = {isa = PBXFileReference; lastKnownFileType = wrapper.framework; name = WaniPersistance.framework; path = Carthage/Build/iOS/WaniPersistance.framework; sourceTree = "<group>"; };
/* End PBXFileReference section */

/* Begin PBXFrameworksBuildPhase section */
		43620A371D8C28FA00C1BA72 /* Frameworks */ = {
			isa = PBXFrameworksBuildPhase;
			buildActionMask = 2147483647;
			files = (
				5DABA0F51EC3120700C25F85 /* DGElasticPullToRefreshKit.framework in Frameworks */,
				5DABA0F91EC3120700C25F85 /* Locksmith.framework in Frameworks */,
				5DABA1051EC3120700C25F85 /* WaniKit.framework in Frameworks */,
				5DABA0FD1EC3120700C25F85 /* Promise.framework in Frameworks */,
				5DABA0F71EC3120700C25F85 /* EMPageViewController.framework in Frameworks */,
				5DABA0FF1EC3120700C25F85 /* Realm.framework in Frameworks */,
				5DABA0F31EC3120700C25F85 /* Cely.framework in Frameworks */,
				5DABA1091EC3120700C25F85 /* WaniModel.framework in Frameworks */,
				5DABA1071EC3120700C25F85 /* WaniLoginKit.framework in Frameworks */,
				5DABA1031EC3120700C25F85 /* RESideMenuKit.framework in Frameworks */,
				5DABA1011EC3120700C25F85 /* RealmSwift.framework in Frameworks */,
				5DABA0FB1EC3120700C25F85 /* NJKScrollFullscreenKit.framework in Frameworks */,
				5DABA10B1EC3120700C25F85 /* WaniPersistance.framework in Frameworks */,
			);
			runOnlyForDeploymentPostprocessing = 0;
		};
/* End PBXFrameworksBuildPhase section */

/* Begin PBXGroup section */
		4308768B1D90216F00FE71FE /* Application */ = {
			isa = PBXGroup;
			children = (
				4308768C1D90216F00FE71FE /* AppDelegate.swift */,
				4308768D1D90216F00FE71FE /* ApplicationCoordinator.swift */,
				4308768E1D90216F00FE71FE /* Coordinator.swift */,
			);
			path = Application;
			sourceTree = "<group>";
		};
		430876921D9021A200FE71FE /* Dashboard */ = {
			isa = PBXGroup;
			children = (
				43F4F37B1D91527900A9BB08 /* SRSViewController.swift */,
				43F4F3831D915AF200A9BB08 /* ProgressViewController.swift */,
				430876931D9021A200FE71FE /* DashboardCoordinator+DashboardData.swift */,
				430876941D9021A200FE71FE /* DashboardCoordinator.swift */,
				430876951D9021A200FE71FE /* DashboardViewController.storyboard */,
				430876961D9021A200FE71FE /* DashboardViewController.swift */,
				430876971D9021A200FE71FE /* View */,
				430876A51D9021A200FE71FE /* ViewModel */,
			);
			path = Dashboard;
			sourceTree = "<group>";
		};
		430876971D9021A200FE71FE /* View */ = {
			isa = PBXGroup;
			children = (
				4308769D1D9021A200FE71FE /* DashboardLayout.swift */,
				430876981D9021A200FE71FE /* Cells */,
				4308769E1D9021A200FE71FE /* Headers */,
				430876A11D9021A200FE71FE /* View */,
			);
			path = View;
			sourceTree = "<group>";
		};
		430876981D9021A200FE71FE /* Cells */ = {
			isa = PBXGroup;
			children = (
				430876991D9021A200FE71FE /* AvaliableItemCell.swift */,
				4308769A1D9021A200FE71FE /* AvaliableItemCell.xib */,
				4308769B1D9021A200FE71FE /* ReviewCell.swift */,
				4308769C1D9021A200FE71FE /* ReviewCell.xib */,
			);
			path = Cells;
			sourceTree = "<group>";
		};
		4308769E1D9021A200FE71FE /* Headers */ = {
			isa = PBXGroup;
			children = (
				4308769F1D9021A200FE71FE /* DashboardHeader.swift */,
				430876A01D9021A200FE71FE /* DashboardHeader.xib */,
			);
			path = Headers;
			sourceTree = "<group>";
		};
		430876A11D9021A200FE71FE /* View */ = {
			isa = PBXGroup;
			children = (
				43F4F37D1D9152A200A9BB08 /* SRSView.swift */,
				430876A21D9021A200FE71FE /* DoubleProgressBar.swift */,
				430876A31D9021A200FE71FE /* LabelWithAdaptiveTextHeight.swift */,
				430876A41D9021A200FE71FE /* SliceView.swift */,
			);
			path = View;
			sourceTree = "<group>";
		};
		430876A51D9021A200FE71FE /* ViewModel */ = {
			isa = PBXGroup;
			children = (
				430876A61D9021A200FE71FE /* AvaliableItemCellViewModel.swift */,
				430876A71D9021A200FE71FE /* CollectionViewViewModel.swift */,
				430876A81D9021A200FE71FE /* DashboardHeaderViewModel.swift */,
				430876A91D9021A200FE71FE /* DashboardViewModel.swift */,
				430876AA1D9021A200FE71FE /* DoubleProgressViewModel.swift */,
				430876AB1D9021A200FE71FE /* LeftRightTitleViewModel.swift */,
				43F4F37F1D91547F00A9BB08 /* SRSViewModel.swift */,
				43F4F3811D91590500A9BB08 /* SRSDistributionViewModel.swift */,
			);
			path = ViewModel;
			sourceTree = "<group>";
		};
		430876C01D9021B300FE71FE /* Shared */ = {
			isa = PBXGroup;
			children = (
				430876C11D9021B300FE71FE /* ColorfullTabBarController.swift */,
				430876C21D9021B300FE71FE /* DataProvider.swift */,
				430876C31D9021B300FE71FE /* SingleTabViewController.swift */,
				433D3D681E3BA7C0001C631D /* StatusBarTweeks.swift */,
			);
			path = Shared;
			sourceTree = "<group>";
		};
		430876C41D9021B300FE71FE /* Utils */ = {
			isa = PBXGroup;
			children = (
				43B89E421D94140F0047380B /* DateExtensions.swift */,
				430876C51D9021B300FE71FE /* Array.swift */,
				430876C61D9021B300FE71FE /* ColorUtils.swift */,
				430876C71D9021B300FE71FE /* DrawingUtils.swift */,
				430876C81D9021B300FE71FE /* KeychainManager.swift */,
				430876C91D9021B300FE71FE /* LabelExtensions.swift */,
				430876CA1D9021B300FE71FE /* ScreenBackgound.swift */,
				430876CB1D9021B300FE71FE /* UIViewControllerUtils.swift */,
				430876CC1D9021B300FE71FE /* Utils.swift */,
				430876CD1D9021B300FE71FE /* ViewModel.swift */,
				43AAD0971E5B229800149169 /* ResizingScriptUtils.swift */,
				43B02A431E7A98C600F6874A /* CookiesStorage.swift */,
			);
			path = Utils;
			sourceTree = "<group>";
		};
		430876DA1D902F1D00FE71FE /* Frameworks */ = {
			isa = PBXGroup;
			children = (
				5DABA0E61EC3120700C25F85 /* Cely.framework */,
				5DABA0E71EC3120700C25F85 /* DGElasticPullToRefreshKit.framework */,
				5DABA0E81EC3120700C25F85 /* EMPageViewController.framework */,
				5DABA0E91EC3120700C25F85 /* Locksmith.framework */,
				5DABA0EA1EC3120700C25F85 /* NJKScrollFullscreenKit.framework */,
				5DABA0EB1EC3120700C25F85 /* Promise.framework */,
				5DABA0EC1EC3120700C25F85 /* Realm.framework */,
				5DABA0ED1EC3120700C25F85 /* RealmSwift.framework */,
				5DABA0EE1EC3120700C25F85 /* RESideMenuKit.framework */,
				5DABA0EF1EC3120700C25F85 /* WaniKit.framework */,
				5DABA0F01EC3120700C25F85 /* WaniLoginKit.framework */,
				5DABA0F11EC3120700C25F85 /* WaniModel.framework */,
				5DABA0F21EC3120700C25F85 /* WaniPersistance.framework */,
			);
			name = Frameworks;
			sourceTree = "<group>";
		};
		43620A311D8C28FA00C1BA72 = {
			isa = PBXGroup;
			children = (
				433D3D5E1E3B9020001C631D /* Cartfile */,
				43620A3C1D8C28FA00C1BA72 /* WaniKani */,
				43620A3B1D8C28FA00C1BA72 /* Products */,
				430876DA1D902F1D00FE71FE /* Frameworks */,
			);
			sourceTree = "<group>";
		};
		43620A3B1D8C28FA00C1BA72 /* Products */ = {
			isa = PBXGroup;
			children = (
				43620A3A1D8C28FA00C1BA72 /* WaniKani.app */,
			);
			name = Products;
			sourceTree = "<group>";
		};
		43620A3C1D8C28FA00C1BA72 /* WaniKani */ = {
			isa = PBXGroup;
			children = (
				43D99C7C1D994D1B0071C26D /* Review */,
				43D99C361D9919560071C26D /* Settings */,
				430876C01D9021B300FE71FE /* Shared */,
				430876C41D9021B300FE71FE /* Utils */,
				430876921D9021A200FE71FE /* Dashboard */,
				4308768B1D90216F00FE71FE /* Application */,
				43B354AB1E30FBC100DABAAB /* Tabs */,
				43620A441D8C28FA00C1BA72 /* Assets.xcassets */,
				43620A461D8C28FB00C1BA72 /* LaunchScreen.storyboard */,
				43620A491D8C28FB00C1BA72 /* Info.plist */,
				43BE76051E3F39F30032950B /* Localizable.strings */,
				43BE76061E3F3A870032950B /* Strings+Localization.swift */,
			);
			path = WaniKani;
			sourceTree = "<group>";
		};
		43B354AB1E30FBC100DABAAB /* Tabs */ = {
			isa = PBXGroup;
			children = (
				43B354AC1E30FBC100DABAAB /* TabsCoordinator.swift */,
			);
			path = Tabs;
			sourceTree = "<group>";
		};
		43D99C361D9919560071C26D /* Settings */ = {
			isa = PBXGroup;
			children = (
				43D99C371D9919560071C26D /* Settings */,
				43D99C451D9919560071C26D /* SettingsCoordinator.swift */,
				43D99C461D9919560071C26D /* SettingsViewController.storyboard */,
				43D99C471D9919560071C26D /* SettingsViewController.swift */,
				43D99C481D9919560071C26D /* Views */,
			);
			path = Settings;
			sourceTree = "<group>";
		};
		43D99C371D9919560071C26D /* Settings */ = {
			isa = PBXGroup;
			children = (
				43D99C381D9919560071C26D /* scripts */,
				43D99C3F1D9919560071C26D /* Settings */,
			);
			path = Settings;
			sourceTree = "<group>";
		};
		43D99C381D9919560071C26D /* scripts */ = {
			isa = PBXGroup;
			children = (
				43D99C391D9919560071C26D /* api_key_script.js */,
				43D99C3A1D9919560071C26D /* fast_forward.js */,
				43D99C3B1D9919560071C26D /* ignore.js */,
				43D99C3C1D9919560071C26D /* reorder.js */,
				43D99C3D1D9919560071C26D /* resize.js */,
				43D99C3E1D9919560071C26D /* score.js */,
			);
			path = scripts;
			sourceTree = "<group>";
		};
		43D99C3F1D9919560071C26D /* Settings */ = {
			isa = PBXGroup;
			children = (
				43D99C401D9919560071C26D /* IntUserDefault.swift */,
				43D99C411D9919560071C26D /* Setting.swift */,
				43D99C421D9919560071C26D /* SettingsSuit.swift */,
				43D99C431D9919560071C26D /* UserScript.swift */,
				43BE76081E3F3C240032950B /* WebSessionType.swift */,
			);
			path = Settings;
			sourceTree = "<group>";
		};
		43D99C481D9919560071C26D /* Views */ = {
			isa = PBXGroup;
			children = (
				43D99C6D1D9923E70071C26D /* AIFlatSwitch.swift */,
				43D99C491D9919560071C26D /* Cell */,
				43D99C4E1D9919560071C26D /* Layouts */,
				43D99C501D9919560071C26D /* ViewModel */,
			);
			path = Views;
			sourceTree = "<group>";
		};
		43D99C491D9919560071C26D /* Cell */ = {
			isa = PBXGroup;
			children = (
				43D99C4A1D9919560071C26D /* GameCenterCollectionViewCell.swift */,
				43D99C4B1D9919560071C26D /* GameCenterCollectionViewCell.xib */,
				43D99C4C1D9919560071C26D /* SettingsScriptCell.swift */,
				43D99C4D1D9919560071C26D /* SettingsScriptCell.xib */,
			);
			path = Cell;
			sourceTree = "<group>";
		};
		43D99C4E1D9919560071C26D /* Layouts */ = {
			isa = PBXGroup;
			children = (
				43D99C4F1D9919560071C26D /* SettingsLayout.swift */,
			);
			path = Layouts;
			sourceTree = "<group>";
		};
		43D99C501D9919560071C26D /* ViewModel */ = {
			isa = PBXGroup;
			children = (
				43D99C511D9919560071C26D /* GameCenterCellViewModel.swift */,
				43D99C521D9919560071C26D /* SettingsScriptCellViewModel.swift */,
			);
			path = ViewModel;
			sourceTree = "<group>";
		};
		43D99C7C1D994D1B0071C26D /* Review */ = {
			isa = PBXGroup;
			children = (
				43D99C7D1D994D1B0071C26D /* BottomBarContainerViewController.storyboard */,
				43D99C7E1D994D1B0071C26D /* BottomBarContainerViewController.swift */,
				43D99C7F1D994D1B0071C26D /* ReviewCoordinator+SideMenu.swift */,
				43D99C801D994D1B0071C26D /* ReviewCoordinator.swift */,
				43D99C971D99563C0071C26D /* SideMenuHolderViewController.swift */,
				43D99C811D994D1B0071C26D /* ReviewWebViewController.swift */,
				43D99C821D994D1B0071C26D /* ReviewWebViewController.xib */,
				43D99C9A1D9A623C0071C26D /* RightMenuViewController.swift */,
				43D99C9E1D9A640A0071C26D /* RightMenuViewController.xib */,
			);
			path = Review;
			sourceTree = "<group>";
		};
/* End PBXGroup section */

/* Begin PBXNativeTarget section */
		43620A391D8C28FA00C1BA72 /* WaniKani */ = {
			isa = PBXNativeTarget;
			buildConfigurationList = 43620A4C1D8C28FB00C1BA72 /* Build configuration list for PBXNativeTarget "WaniKani" */;
			buildPhases = (
				43620A361D8C28FA00C1BA72 /* Sources */,
				43620A371D8C28FA00C1BA72 /* Frameworks */,
				43620A381D8C28FA00C1BA72 /* Resources */,
				43620AD71D8DD2F300C1BA72 /* Embed Frameworks */,
				43BA2B7D1E8A9E280021BB20 /* Run Script */,
				43B02A461E7AA4D800F6874A /* ShellScript */,
			);
			buildRules = (
			);
			dependencies = (
			);
			name = WaniKani;
			productName = WaniKani;
			productReference = 43620A3A1D8C28FA00C1BA72 /* WaniKani.app */;
			productType = "com.apple.product-type.application";
		};
/* End PBXNativeTarget section */

/* Begin PBXProject section */
		43620A321D8C28FA00C1BA72 /* Project object */ = {
			isa = PBXProject;
			attributes = {
				LastSwiftUpdateCheck = 0830;
				LastUpgradeCheck = 0830;
				ORGANIZATIONNAME = haawa;
				TargetAttributes = {
					43620A391D8C28FA00C1BA72 = {
						CreatedOnToolsVersion = 8.0;
						DevelopmentTeam = S55BP53VB8;
						LastSwiftMigration = 0800;
						ProvisioningStyle = Automatic;
						SystemCapabilities = {
							com.apple.BackgroundModes = {
								enabled = 0;
							};
						};
					};
				};
			};
			buildConfigurationList = 43620A351D8C28FA00C1BA72 /* Build configuration list for PBXProject "WaniKani" */;
			compatibilityVersion = "Xcode 3.2";
			developmentRegion = English;
			hasScannedForEncodings = 0;
			knownRegions = (
				en,
				Base,
			);
			mainGroup = 43620A311D8C28FA00C1BA72;
			productRefGroup = 43620A3B1D8C28FA00C1BA72 /* Products */;
			projectDirPath = "";
			projectRoot = "";
			targets = (
				43620A391D8C28FA00C1BA72 /* WaniKani */,
			);
		};
/* End PBXProject section */

/* Begin PBXResourcesBuildPhase section */
		43620A381D8C28FA00C1BA72 /* Resources */ = {
			isa = PBXResourcesBuildPhase;
			buildActionMask = 2147483647;
			files = (
				433D3D5F1E3B9020001C631D /* Cartfile in Resources */,
				43D99C551D9919560071C26D /* ignore.js in Resources */,
				430876AE1D9021A200FE71FE /* DashboardViewController.storyboard in Resources */,
				430876B31D9021A200FE71FE /* ReviewCell.xib in Resources */,
				43D99C881D994D1B0071C26D /* ReviewWebViewController.xib in Resources */,
				43D99C641D9919560071C26D /* SettingsScriptCell.xib in Resources */,
				43D99C531D9919560071C26D /* api_key_script.js in Resources */,
				43D99C5F1D9919560071C26D /* SettingsViewController.storyboard in Resources */,
				43D99C571D9919560071C26D /* resize.js in Resources */,
				43D99C541D9919560071C26D /* fast_forward.js in Resources */,
				43D99C9F1D9A640A0071C26D /* RightMenuViewController.xib in Resources */,
				430876B61D9021A200FE71FE /* DashboardHeader.xib in Resources */,
				43D99C831D994D1B0071C26D /* BottomBarContainerViewController.storyboard in Resources */,
				430876B11D9021A200FE71FE /* AvaliableItemCell.xib in Resources */,
				43D99C561D9919560071C26D /* reorder.js in Resources */,
				43620A451D8C28FA00C1BA72 /* Assets.xcassets in Resources */,
				43BE76031E3F39F30032950B /* Localizable.strings in Resources */,
				43D99C581D9919560071C26D /* score.js in Resources */,
				43D99C621D9919560071C26D /* GameCenterCollectionViewCell.xib in Resources */,
			);
			runOnlyForDeploymentPostprocessing = 0;
		};
/* End PBXResourcesBuildPhase section */

/* Begin PBXShellScriptBuildPhase section */
		43B02A461E7AA4D800F6874A /* ShellScript */ = {
			isa = PBXShellScriptBuildPhase;
			buildActionMask = 2147483647;
			files = (
			);
			inputPaths = (
			);
			outputPaths = (
			);
			runOnlyForDeploymentPostprocessing = 0;
			shellPath = /bin/sh;
			shellScript = "if which swiftlint >/dev/null; then\nswiftlint\nelse\necho \"warning: SwiftLint not installed, download from https://github.com/realm/SwiftLint\"\nfi";
		};
		43BA2B7D1E8A9E280021BB20 /* Run Script */ = {
			isa = PBXShellScriptBuildPhase;
			buildActionMask = 2147483647;
			files = (
			);
			inputPaths = (
				"$(SRCROOT)/Carthage/Build/iOS/Cely.framework",
				"$(SRCROOT)/Carthage/Build/iOS/DGElasticPullToRefreshKit.framework",
				"$(SRCROOT)/Carthage/Build/iOS/EMPageViewController.framework",
				"$(SRCROOT)/Carthage/Build/iOS/Locksmith.framework",
				"$(SRCROOT)/Carthage/Build/iOS/NJKScrollFullscreenKit.framework",
				"$(SRCROOT)/Carthage/Build/iOS/Promise.framework",
				"$(SRCROOT)/Carthage/Build/iOS/RESideMenuKit.framework",
				"$(SRCROOT)/Carthage/Build/iOS/WaniKit.framework",
				"$(SRCROOT)/Carthage/Build/iOS/WaniLoginKit.framework",
				"$(SRCROOT)/Carthage/Build/iOS/WaniModel.framework",
				"$(SRCROOT)/Carthage/Build/iOS/Realm.framework",
				"$(SRCROOT)/Carthage/Build/iOS/RealmSwift.framework",
				"$(SRCROOT)/Carthage/Build/iOS/WaniPersistance.framework",
			);
			name = "Run Script";
			outputPaths = (
			);
			runOnlyForDeploymentPostprocessing = 0;
			shellPath = /bin/sh;
			shellScript = "/usr/local/bin/carthage copy-frameworks";
		};
/* End PBXShellScriptBuildPhase section */

/* Begin PBXSourcesBuildPhase section */
		43620A361D8C28FA00C1BA72 /* Sources */ = {
			isa = PBXSourcesBuildPhase;
			buildActionMask = 2147483647;
			files = (
				43D99C6C1D9923290071C26D /* SettingsScriptCellViewModel.swift in Sources */,
				43B02A441E7A98C600F6874A /* CookiesStorage.swift in Sources */,
				430876AC1D9021A200FE71FE /* DashboardCoordinator+DashboardData.swift in Sources */,
				430876AF1D9021A200FE71FE /* DashboardViewController.swift in Sources */,
				430876BA1D9021A200FE71FE /* AvaliableItemCellViewModel.swift in Sources */,
				43AAD0981E5B229800149169 /* ResizingScriptUtils.swift in Sources */,
				43D99C741D9934FA0071C26D /* SettingsLayout.swift in Sources */,
				43D99C6B1D9922AC0071C26D /* Setting.swift in Sources */,
				430876D21D9021B300FE71FE /* ColorUtils.swift in Sources */,
				433D3D691E3BA7C0001C631D /* StatusBarTweeks.swift in Sources */,
				430876D71D9021B300FE71FE /* UIViewControllerUtils.swift in Sources */,
				43D99C6F1D99325F0071C26D /* GameCenterCellViewModel.swift in Sources */,
				43B89E431D94140F0047380B /* DateExtensions.swift in Sources */,
				43BE76091E3F3C240032950B /* WebSessionType.swift in Sources */,
				43D99C691D99228C0071C26D /* SettingsSuit.swift in Sources */,
				43D99C701D99326D0071C26D /* GameCenterCollectionViewCell.swift in Sources */,
				430876D81D9021B300FE71FE /* Utils.swift in Sources */,
				430876CF1D9021B300FE71FE /* DataProvider.swift in Sources */,
				43F4F3821D91590500A9BB08 /* SRSDistributionViewModel.swift in Sources */,
				43D99C711D9933340071C26D /* IntUserDefault.swift in Sources */,
				430876D31D9021B300FE71FE /* DrawingUtils.swift in Sources */,
				430876B91D9021A200FE71FE /* SliceView.swift in Sources */,
				43D99C871D994D1B0071C26D /* ReviewWebViewController.swift in Sources */,
				43F4F3841D915AF200A9BB08 /* ProgressViewController.swift in Sources */,
				430876AD1D9021A200FE71FE /* DashboardCoordinator.swift in Sources */,
				430876D11D9021B300FE71FE /* Array.swift in Sources */,
				43D99C981D99563C0071C26D /* SideMenuHolderViewController.swift in Sources */,
				430876B51D9021A200FE71FE /* DashboardHeader.swift in Sources */,
				430876BC1D9021A200FE71FE /* DashboardHeaderViewModel.swift in Sources */,
				4308768F1D90216F00FE71FE /* AppDelegate.swift in Sources */,
				43D99C681D99227F0071C26D /* SettingsScriptCell.swift in Sources */,
				430876BD1D9021A200FE71FE /* DashboardViewModel.swift in Sources */,
				43D99C731D99340D0071C26D /* SettingsCoordinator.swift in Sources */,
				430876B71D9021A200FE71FE /* DoubleProgressBar.swift in Sources */,
				43D99C9B1D9A623C0071C26D /* RightMenuViewController.swift in Sources */,
				43F4F37C1D91527900A9BB08 /* SRSViewController.swift in Sources */,
				43F4F3801D91547F00A9BB08 /* SRSViewModel.swift in Sources */,
				430876901D90216F00FE71FE /* ApplicationCoordinator.swift in Sources */,
				43D99C951D994ED10071C26D /* BottomBarContainerViewController.swift in Sources */,
				430876B21D9021A200FE71FE /* ReviewCell.swift in Sources */,
				43D99C941D994ECE0071C26D /* ReviewCoordinator+SideMenu.swift in Sources */,
				430876B81D9021A200FE71FE /* LabelWithAdaptiveTextHeight.swift in Sources */,
				43B354AD1E30FBC100DABAAB /* TabsCoordinator.swift in Sources */,
				43BE76071E3F3A870032950B /* Strings+Localization.swift in Sources */,
				43D99C931D994EC40071C26D /* ReviewCoordinator.swift in Sources */,
				430876B41D9021A200FE71FE /* DashboardLayout.swift in Sources */,
				430876BE1D9021A200FE71FE /* DoubleProgressViewModel.swift in Sources */,
				430876D91D9021B300FE71FE /* ViewModel.swift in Sources */,
				43D99C6E1D9923E70071C26D /* AIFlatSwitch.swift in Sources */,
				430876BF1D9021A200FE71FE /* LeftRightTitleViewModel.swift in Sources */,
				43D99C601D9919560071C26D /* SettingsViewController.swift in Sources */,
				43D99C6A1D99229A0071C26D /* UserScript.swift in Sources */,
				430876CE1D9021B300FE71FE /* ColorfullTabBarController.swift in Sources */,
				430876D61D9021B300FE71FE /* ScreenBackgound.swift in Sources */,
				430876D01D9021B300FE71FE /* SingleTabViewController.swift in Sources */,
				43F4F37E1D9152A200A9BB08 /* SRSView.swift in Sources */,
				430876B01D9021A200FE71FE /* AvaliableItemCell.swift in Sources */,
				430876BB1D9021A200FE71FE /* CollectionViewViewModel.swift in Sources */,
				430876911D90216F00FE71FE /* Coordinator.swift in Sources */,
				430876D51D9021B300FE71FE /* LabelExtensions.swift in Sources */,
			);
			runOnlyForDeploymentPostprocessing = 0;
		};
/* End PBXSourcesBuildPhase section */

/* Begin PBXVariantGroup section */
		43620A461D8C28FB00C1BA72 /* LaunchScreen.storyboard */ = {
			isa = PBXVariantGroup;
			children = (
				43620A471D8C28FB00C1BA72 /* Base */,
			);
			name = LaunchScreen.storyboard;
			sourceTree = "<group>";
		};
		43BE76051E3F39F30032950B /* Localizable.strings */ = {
			isa = PBXVariantGroup;
			children = (
				43BE76041E3F39F30032950B /* Base */,
			);
			name = Localizable.strings;
			sourceTree = "<group>";
		};
/* End PBXVariantGroup section */

/* Begin XCBuildConfiguration section */
		43620A4A1D8C28FB00C1BA72 /* Debug */ = {
			isa = XCBuildConfiguration;
			buildSettings = {
				ALWAYS_SEARCH_USER_PATHS = NO;
				CLANG_ANALYZER_NONNULL = YES;
				CLANG_CXX_LANGUAGE_STANDARD = "gnu++0x";
				CLANG_CXX_LIBRARY = "libc++";
				CLANG_ENABLE_MODULES = YES;
				CLANG_ENABLE_OBJC_ARC = YES;
				CLANG_WARN_BOOL_CONVERSION = YES;
				CLANG_WARN_CONSTANT_CONVERSION = YES;
				CLANG_WARN_DIRECT_OBJC_ISA_USAGE = YES_ERROR;
				CLANG_WARN_DOCUMENTATION_COMMENTS = YES;
				CLANG_WARN_EMPTY_BODY = YES;
				CLANG_WARN_ENUM_CONVERSION = YES;
				CLANG_WARN_INFINITE_RECURSION = YES;
				CLANG_WARN_INT_CONVERSION = YES;
				CLANG_WARN_OBJC_ROOT_CLASS = YES_ERROR;
				CLANG_WARN_SUSPICIOUS_MOVE = YES;
				CLANG_WARN_SUSPICIOUS_MOVES = YES;
				CLANG_WARN_UNREACHABLE_CODE = YES;
				CLANG_WARN__DUPLICATE_METHOD_MATCH = YES;
				COPY_PHASE_STRIP = NO;
				DEBUG_INFORMATION_FORMAT = dwarf;
				ENABLE_STRICT_OBJC_MSGSEND = YES;
				ENABLE_TESTABILITY = YES;
				GCC_C_LANGUAGE_STANDARD = gnu99;
				GCC_DYNAMIC_NO_PIC = NO;
				GCC_NO_COMMON_BLOCKS = YES;
				GCC_OPTIMIZATION_LEVEL = 0;
				GCC_PREPROCESSOR_DEFINITIONS = (
					"DEBUG=1",
					"$(inherited)",
				);
				GCC_WARN_64_TO_32_BIT_CONVERSION = YES;
				GCC_WARN_ABOUT_RETURN_TYPE = YES_ERROR;
				GCC_WARN_UNDECLARED_SELECTOR = YES;
				GCC_WARN_UNINITIALIZED_AUTOS = YES_AGGRESSIVE;
				GCC_WARN_UNUSED_FUNCTION = YES;
				GCC_WARN_UNUSED_VARIABLE = YES;
				IPHONEOS_DEPLOYMENT_TARGET = 9.0;
				MTL_ENABLE_DEBUG_INFO = YES;
				ONLY_ACTIVE_ARCH = YES;
				SDKROOT = iphoneos;
				SWIFT_ACTIVE_COMPILATION_CONDITIONS = DEBUG;
				SWIFT_OPTIMIZATION_LEVEL = "-Onone";
				TARGETED_DEVICE_FAMILY = "1,2";
			};
			name = Debug;
		};
		43620A4B1D8C28FB00C1BA72 /* Release */ = {
			isa = XCBuildConfiguration;
			buildSettings = {
				ALWAYS_SEARCH_USER_PATHS = NO;
				CLANG_ANALYZER_NONNULL = YES;
				CLANG_CXX_LANGUAGE_STANDARD = "gnu++0x";
				CLANG_CXX_LIBRARY = "libc++";
				CLANG_ENABLE_MODULES = YES;
				CLANG_ENABLE_OBJC_ARC = YES;
				CLANG_WARN_BOOL_CONVERSION = YES;
				CLANG_WARN_CONSTANT_CONVERSION = YES;
				CLANG_WARN_DIRECT_OBJC_ISA_USAGE = YES_ERROR;
				CLANG_WARN_DOCUMENTATION_COMMENTS = YES;
				CLANG_WARN_EMPTY_BODY = YES;
				CLANG_WARN_ENUM_CONVERSION = YES;
				CLANG_WARN_INFINITE_RECURSION = YES;
				CLANG_WARN_INT_CONVERSION = YES;
				CLANG_WARN_OBJC_ROOT_CLASS = YES_ERROR;
				CLANG_WARN_SUSPICIOUS_MOVE = YES;
				CLANG_WARN_SUSPICIOUS_MOVES = YES;
				CLANG_WARN_UNREACHABLE_CODE = YES;
				CLANG_WARN__DUPLICATE_METHOD_MATCH = YES;
				COPY_PHASE_STRIP = NO;
				DEBUG_INFORMATION_FORMAT = "dwarf-with-dsym";
				ENABLE_NS_ASSERTIONS = NO;
				ENABLE_STRICT_OBJC_MSGSEND = YES;
				GCC_C_LANGUAGE_STANDARD = gnu99;
				GCC_NO_COMMON_BLOCKS = YES;
				GCC_WARN_64_TO_32_BIT_CONVERSION = YES;
				GCC_WARN_ABOUT_RETURN_TYPE = YES_ERROR;
				GCC_WARN_UNDECLARED_SELECTOR = YES;
				GCC_WARN_UNINITIALIZED_AUTOS = YES_AGGRESSIVE;
				GCC_WARN_UNUSED_FUNCTION = YES;
				GCC_WARN_UNUSED_VARIABLE = YES;
				IPHONEOS_DEPLOYMENT_TARGET = 9.0;
				MTL_ENABLE_DEBUG_INFO = NO;
				SDKROOT = iphoneos;
				SWIFT_OPTIMIZATION_LEVEL = "-Owholemodule";
				TARGETED_DEVICE_FAMILY = "1,2";
				VALIDATE_PRODUCT = YES;
			};
			name = Release;
		};
		43620A4D1D8C28FB00C1BA72 /* Debug */ = {
			isa = XCBuildConfiguration;
			buildSettings = {
				ALWAYS_EMBED_SWIFT_STANDARD_LIBRARIES = YES;
				ASSETCATALOG_COMPILER_APPICON_NAME = AppIcon.debug;
				CLANG_ENABLE_MODULES = YES;
				DEVELOPMENT_TEAM = S55BP53VB8;
				FRAMEWORK_SEARCH_PATHS = (
					"$(inherited)",
					"$(PROJECT_DIR)",
					"$(PROJECT_DIR)/WaniKani",
					"$(PROJECT_DIR)/Carthage/Build/iOS",
					"$(BUILT_PRODUCTS_DIR)",
				);
				INFOPLIST_FILE = WaniKani/Info.plist;
				LD_RUNPATH_SEARCH_PATHS = "$(inherited) @executable_path/Frameworks";
				PRODUCT_BUNDLE_IDENTIFIER = com.haawa.WaniKani;
				PRODUCT_NAME = "$(TARGET_NAME)";
				SWIFT_OBJC_BRIDGING_HEADER = "";
				SWIFT_OPTIMIZATION_LEVEL = "-Onone";
				SWIFT_VERSION = 3.0;
			};
			name = Debug;
		};
		43620A4E1D8C28FB00C1BA72 /* Release */ = {
			isa = XCBuildConfiguration;
			buildSettings = {
				ALWAYS_EMBED_SWIFT_STANDARD_LIBRARIES = YES;
				ASSETCATALOG_COMPILER_APPICON_NAME = AppIcon;
				CLANG_ENABLE_MODULES = YES;
				DEVELOPMENT_TEAM = S55BP53VB8;
				FRAMEWORK_SEARCH_PATHS = (
					"$(inherited)",
					"$(PROJECT_DIR)",
					"$(PROJECT_DIR)/WaniKani",
					"$(PROJECT_DIR)/Carthage/Build/iOS",
					"$(BUILT_PRODUCTS_DIR)",
				);
				INFOPLIST_FILE = WaniKani/Info.plist;
				LD_RUNPATH_SEARCH_PATHS = "$(inherited) @executable_path/Frameworks";
				PRODUCT_BUNDLE_IDENTIFIER = com.haawa.WaniKani;
				PRODUCT_NAME = "$(TARGET_NAME)";
				SWIFT_OBJC_BRIDGING_HEADER = "";
				SWIFT_VERSION = 3.0;
			};
			name = Release;
		};
/* End XCBuildConfiguration section */

/* Begin XCConfigurationList section */
		43620A351D8C28FA00C1BA72 /* Build configuration list for PBXProject "WaniKani" */ = {
			isa = XCConfigurationList;
			buildConfigurations = (
				43620A4A1D8C28FB00C1BA72 /* Debug */,
				43620A4B1D8C28FB00C1BA72 /* Release */,
			);
			defaultConfigurationIsVisible = 0;
			defaultConfigurationName = Release;
		};
		43620A4C1D8C28FB00C1BA72 /* Build configuration list for PBXNativeTarget "WaniKani" */ = {
			isa = XCConfigurationList;
			buildConfigurations = (
				43620A4D1D8C28FB00C1BA72 /* Debug */,
				43620A4E1D8C28FB00C1BA72 /* Release */,
			);
			defaultConfigurationIsVisible = 0;
			defaultConfigurationName = Release;
		};
/* End XCConfigurationList section */
	};
	rootObject = 43620A321D8C28FA00C1BA72 /* Project object */;
}
