// !$*UTF8*$!
{
	archiveVersion = 1;
	classes = {
	};
	objectVersion = 46;
	objects = {

/* Begin PBXBuildFile section */
		4308768F1D90216F00FE71FE /* AppDelegate.swift in Sources */ = {isa = PBXBuildFile; fileRef = 4308768C1D90216F00FE71FE /* AppDelegate.swift */; };
		430876901D90216F00FE71FE /* ApplicationCoordinator.swift in Sources */ = {isa = PBXBuildFile; fileRef = 4308768D1D90216F00FE71FE /* ApplicationCoordinator.swift */; };
		430876911D90216F00FE71FE /* Coordinator.swift in Sources */ = {isa = PBXBuildFile; fileRef = 4308768E1D90216F00FE71FE /* Coordinator.swift */; };
		430876AC1D9021A200FE71FE /* DashboardCoordinator+DashboardData.swift in Sources */ = {isa = PBXBuildFile; fileRef = 430876931D9021A200FE71FE /* DashboardCoordinator+DashboardData.swift */; };
		430876AD1D9021A200FE71FE /* DashboardCoordinator.swift in Sources */ = {isa = PBXBuildFile; fileRef = 430876941D9021A200FE71FE /* DashboardCoordinator.swift */; };
		430876AE1D9021A200FE71FE /* DashboardViewController.storyboard in Resources */ = {isa = PBXBuildFile; fileRef = 430876951D9021A200FE71FE /* DashboardViewController.storyboard */; };
		430876AF1D9021A200FE71FE /* DashboardViewController.swift in Sources */ = {isa = PBXBuildFile; fileRef = 430876961D9021A200FE71FE /* DashboardViewController.swift */; };
		430876B01D9021A200FE71FE /* AvaliableItemCell.swift in Sources */ = {isa = PBXBuildFile; fileRef = 430876991D9021A200FE71FE /* AvaliableItemCell.swift */; };
		430876B11D9021A200FE71FE /* AvaliableItemCell.xib in Resources */ = {isa = PBXBuildFile; fileRef = 4308769A1D9021A200FE71FE /* AvaliableItemCell.xib */; };
		430876B21D9021A200FE71FE /* ReviewCell.swift in Sources */ = {isa = PBXBuildFile; fileRef = 4308769B1D9021A200FE71FE /* ReviewCell.swift */; };
		430876B31D9021A200FE71FE /* ReviewCell.xib in Resources */ = {isa = PBXBuildFile; fileRef = 4308769C1D9021A200FE71FE /* ReviewCell.xib */; };
		430876B41D9021A200FE71FE /* DashboardLayout.swift in Sources */ = {isa = PBXBuildFile; fileRef = 4308769D1D9021A200FE71FE /* DashboardLayout.swift */; };
		430876B51D9021A200FE71FE /* DashboardHeader.swift in Sources */ = {isa = PBXBuildFile; fileRef = 4308769F1D9021A200FE71FE /* DashboardHeader.swift */; };
		430876B61D9021A200FE71FE /* DashboardHeader.xib in Resources */ = {isa = PBXBuildFile; fileRef = 430876A01D9021A200FE71FE /* DashboardHeader.xib */; };
		430876B71D9021A200FE71FE /* DoubleProgressBar.swift in Sources */ = {isa = PBXBuildFile; fileRef = 430876A21D9021A200FE71FE /* DoubleProgressBar.swift */; };
		430876B81D9021A200FE71FE /* LabelWithAdaptiveTextHeight.swift in Sources */ = {isa = PBXBuildFile; fileRef = 430876A31D9021A200FE71FE /* LabelWithAdaptiveTextHeight.swift */; };
		430876B91D9021A200FE71FE /* SliceView.swift in Sources */ = {isa = PBXBuildFile; fileRef = 430876A41D9021A200FE71FE /* SliceView.swift */; };
		430876BA1D9021A200FE71FE /* AvaliableItemCellViewModel.swift in Sources */ = {isa = PBXBuildFile; fileRef = 430876A61D9021A200FE71FE /* AvaliableItemCellViewModel.swift */; };
		430876BB1D9021A200FE71FE /* CollectionViewViewModel.swift in Sources */ = {isa = PBXBuildFile; fileRef = 430876A71D9021A200FE71FE /* CollectionViewViewModel.swift */; };
		430876BC1D9021A200FE71FE /* DashboardHeaderViewModel.swift in Sources */ = {isa = PBXBuildFile; fileRef = 430876A81D9021A200FE71FE /* DashboardHeaderViewModel.swift */; };
		430876BD1D9021A200FE71FE /* DashboardViewModel.swift in Sources */ = {isa = PBXBuildFile; fileRef = 430876A91D9021A200FE71FE /* DashboardViewModel.swift */; };
		430876BE1D9021A200FE71FE /* DoubleProgressViewModel.swift in Sources */ = {isa = PBXBuildFile; fileRef = 430876AA1D9021A200FE71FE /* DoubleProgressViewModel.swift */; };
		430876BF1D9021A200FE71FE /* LeftRightTitleViewModel.swift in Sources */ = {isa = PBXBuildFile; fileRef = 430876AB1D9021A200FE71FE /* LeftRightTitleViewModel.swift */; };
		430876CE1D9021B300FE71FE /* ColorfullTabBarController.swift in Sources */ = {isa = PBXBuildFile; fileRef = 430876C11D9021B300FE71FE /* ColorfullTabBarController.swift */; };
		430876CF1D9021B300FE71FE /* DataProvider.swift in Sources */ = {isa = PBXBuildFile; fileRef = 430876C21D9021B300FE71FE /* DataProvider.swift */; };
		430876D01D9021B300FE71FE /* SingleTabViewController.swift in Sources */ = {isa = PBXBuildFile; fileRef = 430876C31D9021B300FE71FE /* SingleTabViewController.swift */; };
		430876D11D9021B300FE71FE /* Array.swift in Sources */ = {isa = PBXBuildFile; fileRef = 430876C51D9021B300FE71FE /* Array.swift */; };
		430876D21D9021B300FE71FE /* ColorUtils.swift in Sources */ = {isa = PBXBuildFile; fileRef = 430876C61D9021B300FE71FE /* ColorUtils.swift */; };
		430876D31D9021B300FE71FE /* DrawingUtils.swift in Sources */ = {isa = PBXBuildFile; fileRef = 430876C71D9021B300FE71FE /* DrawingUtils.swift */; };
		430876D51D9021B300FE71FE /* LabelExtensions.swift in Sources */ = {isa = PBXBuildFile; fileRef = 430876C91D9021B300FE71FE /* LabelExtensions.swift */; };
		430876D61D9021B300FE71FE /* ScreenBackgound.swift in Sources */ = {isa = PBXBuildFile; fileRef = 430876CA1D9021B300FE71FE /* ScreenBackgound.swift */; };
		430876D71D9021B300FE71FE /* UIViewControllerUtils.swift in Sources */ = {isa = PBXBuildFile; fileRef = 430876CB1D9021B300FE71FE /* UIViewControllerUtils.swift */; };
		430876D81D9021B300FE71FE /* Utils.swift in Sources */ = {isa = PBXBuildFile; fileRef = 430876CC1D9021B300FE71FE /* Utils.swift */; };
		430876D91D9021B300FE71FE /* ViewModel.swift in Sources */ = {isa = PBXBuildFile; fileRef = 430876CD1D9021B300FE71FE /* ViewModel.swift */; };
		430A75531E8E4DF80025039A /* PersistanceLayer.framework in Frameworks */ = {isa = PBXBuildFile; fileRef = 430A754A1E8E4DF80025039A /* PersistanceLayer.framework */; settings = {ATTRIBUTES = (Weak, ); }; };
		430A755A1E8E4DF80025039A /* PersistanceLayerTests.swift in Sources */ = {isa = PBXBuildFile; fileRef = 430A75591E8E4DF80025039A /* PersistanceLayerTests.swift */; };
		430A755C1E8E4DF80025039A /* PersistanceLayer.h in Headers */ = {isa = PBXBuildFile; fileRef = 430A754C1E8E4DF80025039A /* PersistanceLayer.h */; settings = {ATTRIBUTES = (Public, ); }; };
		430A755F1E8E4DF80025039A /* PersistanceLayer.framework in Frameworks */ = {isa = PBXBuildFile; fileRef = 430A754A1E8E4DF80025039A /* PersistanceLayer.framework */; };
		430A75601E8E4DF80025039A /* PersistanceLayer.framework in Embed Frameworks */ = {isa = PBXBuildFile; fileRef = 430A754A1E8E4DF80025039A /* PersistanceLayer.framework */; settings = {ATTRIBUTES = (CodeSignOnCopy, RemoveHeadersOnCopy, ); }; };
		430A75691E8E511B0025039A /* Realm.framework in Frameworks */ = {isa = PBXBuildFile; fileRef = 430A75671E8E511B0025039A /* Realm.framework */; };
		430A756A1E8E511B0025039A /* RealmSwift.framework in Frameworks */ = {isa = PBXBuildFile; fileRef = 430A75681E8E511B0025039A /* RealmSwift.framework */; };
		430A756D1E8E518C0025039A /* Persistance.swift in Sources */ = {isa = PBXBuildFile; fileRef = 430A756C1E8E518C0025039A /* Persistance.swift */; };
		4328C7511E8E5D0B00610077 /* UserInfo.swift in Sources */ = {isa = PBXBuildFile; fileRef = 4328C7501E8E5D0B00610077 /* UserInfo.swift */; };
		4328C7521E8E5D1E00610077 /* WaniModel.framework in Frameworks */ = {isa = PBXBuildFile; fileRef = 43BA2B891E8AAEC60021BB20 /* WaniModel.framework */; settings = {ATTRIBUTES = (Weak, ); }; };
		4328C7541E8E6C1500610077 /* UserSpecific.swift in Sources */ = {isa = PBXBuildFile; fileRef = 4328C7531E8E6C1500610077 /* UserSpecific.swift */; };
		4328C7561E8E6EDB00610077 /* StudyQueueInfo.swift in Sources */ = {isa = PBXBuildFile; fileRef = 4328C7551E8E6EDB00610077 /* StudyQueueInfo.swift */; };
		4328C7581E8E706100610077 /* SRSLevelInfo.swift in Sources */ = {isa = PBXBuildFile; fileRef = 4328C7571E8E706100610077 /* SRSLevelInfo.swift */; };
		4328C75A1E8E715600610077 /* SRSDistributionInfo.swift in Sources */ = {isa = PBXBuildFile; fileRef = 4328C7591E8E715600610077 /* SRSDistributionInfo.swift */; };
		4328C75C1E8E7A0D00610077 /* RadicalInfo.swift in Sources */ = {isa = PBXBuildFile; fileRef = 4328C75B1E8E7A0D00610077 /* RadicalInfo.swift */; };
		4328C75E1E8E7B3400610077 /* KanjiInfo.swift in Sources */ = {isa = PBXBuildFile; fileRef = 4328C75D1E8E7B3400610077 /* KanjiInfo.swift */; };
		4328C7601E8E7BB400610077 /* WaniModelConvertable.swift in Sources */ = {isa = PBXBuildFile; fileRef = 4328C75F1E8E7BB400610077 /* WaniModelConvertable.swift */; };
		4328C7621E8E802100610077 /* WordInfo.swift in Sources */ = {isa = PBXBuildFile; fileRef = 4328C7611E8E802100610077 /* WordInfo.swift */; };
		4328C7641E8E848100610077 /* ReviewItemInfo.swift in Sources */ = {isa = PBXBuildFile; fileRef = 4328C7631E8E848100610077 /* ReviewItemInfo.swift */; };
		4328C7661E8E8C5F00610077 /* ReviewItemsList.swift in Sources */ = {isa = PBXBuildFile; fileRef = 4328C7651E8E8C5F00610077 /* ReviewItemsList.swift */; };
		4328C7681E8E912200610077 /* User.swift in Sources */ = {isa = PBXBuildFile; fileRef = 4328C7671E8E912200610077 /* User.swift */; };
		4328C76E1E9291B500610077 /* Persistance+Save.swift in Sources */ = {isa = PBXBuildFile; fileRef = 4328C76D1E9291B500610077 /* Persistance+Save.swift */; };
		4328C7701E94E72000610077 /* LevelProgressionInfo.swift in Sources */ = {isa = PBXBuildFile; fileRef = 4328C76F1E94E72000610077 /* LevelProgressionInfo.swift */; };
		4328C7741E952A9C00610077 /* WaniModel.framework in Frameworks */ = {isa = PBXBuildFile; fileRef = 43BA2B891E8AAEC60021BB20 /* WaniModel.framework */; settings = {ATTRIBUTES = (Weak, ); }; };
		4328C77A1E9634BB00610077 /* studyQueue0.json in Resources */ = {isa = PBXBuildFile; fileRef = 4328C7791E9634BB00610077 /* studyQueue0.json */; };
		4328C77C1E9634D800610077 /* WaniModelStub.swift in Sources */ = {isa = PBXBuildFile; fileRef = 4328C77B1E9634D800610077 /* WaniModelStub.swift */; };
		4328C77E1E96395D00610077 /* levelProgression0.json in Resources */ = {isa = PBXBuildFile; fileRef = 4328C77D1E96395D00610077 /* levelProgression0.json */; };
		4328C7801E963B3800610077 /* srs0.json in Resources */ = {isa = PBXBuildFile; fileRef = 4328C77F1E963B3800610077 /* srs0.json */; };
		4328C7841E96407600610077 /* kanji0.json in Resources */ = {isa = PBXBuildFile; fileRef = 4328C7811E96407600610077 /* kanji0.json */; };
		4328C7851E96407600610077 /* radicals0.json in Resources */ = {isa = PBXBuildFile; fileRef = 4328C7821E96407600610077 /* radicals0.json */; };
		4328C7861E96407600610077 /* words0.json in Resources */ = {isa = PBXBuildFile; fileRef = 4328C7831E96407600610077 /* words0.json */; };
		4328C7881E96431400610077 /* critical0.json in Resources */ = {isa = PBXBuildFile; fileRef = 4328C7871E96431400610077 /* critical0.json */; };
		4328C78A1E96431D00610077 /* recents0.json in Resources */ = {isa = PBXBuildFile; fileRef = 4328C7891E96431D00610077 /* recents0.json */; };
		4328C78C1E964B8300610077 /* critical1.json in Resources */ = {isa = PBXBuildFile; fileRef = 4328C78B1E964B8300610077 /* critical1.json */; };
		4328C78E1E964CDD00610077 /* Persistance+Fetch.swift in Sources */ = {isa = PBXBuildFile; fileRef = 4328C78D1E964CDD00610077 /* Persistance+Fetch.swift */; };
		4328C7901E966EC400610077 /* recents1.json in Resources */ = {isa = PBXBuildFile; fileRef = 4328C78F1E966EC400610077 /* recents1.json */; };
		4328C7921E96778E00610077 /* levelProgression1.json in Resources */ = {isa = PBXBuildFile; fileRef = 4328C7911E96778E00610077 /* levelProgression1.json */; };
		433D3D5F1E3B9020001C631D /* Cartfile in Resources */ = {isa = PBXBuildFile; fileRef = 433D3D5E1E3B9020001C631D /* Cartfile */; };
		433D3D691E3BA7C0001C631D /* StatusBarTweeks.swift in Sources */ = {isa = PBXBuildFile; fileRef = 433D3D681E3BA7C0001C631D /* StatusBarTweeks.swift */; };
		43620A451D8C28FA00C1BA72 /* Assets.xcassets in Resources */ = {isa = PBXBuildFile; fileRef = 43620A441D8C28FA00C1BA72 /* Assets.xcassets */; };
		43AAD0981E5B229800149169 /* ResizingScriptUtils.swift in Sources */ = {isa = PBXBuildFile; fileRef = 43AAD0971E5B229800149169 /* ResizingScriptUtils.swift */; };
		43B02A441E7A98C600F6874A /* CookiesStorage.swift in Sources */ = {isa = PBXBuildFile; fileRef = 43B02A431E7A98C600F6874A /* CookiesStorage.swift */; };
		43B354AD1E30FBC100DABAAB /* TabsCoordinator.swift in Sources */ = {isa = PBXBuildFile; fileRef = 43B354AC1E30FBC100DABAAB /* TabsCoordinator.swift */; };
		43B89E431D94140F0047380B /* DateExtensions.swift in Sources */ = {isa = PBXBuildFile; fileRef = 43B89E421D94140F0047380B /* DateExtensions.swift */; };
		43BA2B8A1E8AAEC60021BB20 /* Cely.framework in Frameworks */ = {isa = PBXBuildFile; fileRef = 43BA2B801E8AAEC60021BB20 /* Cely.framework */; };
		43BA2B8B1E8AAEC60021BB20 /* DGElasticPullToRefreshKit.framework in Frameworks */ = {isa = PBXBuildFile; fileRef = 43BA2B811E8AAEC60021BB20 /* DGElasticPullToRefreshKit.framework */; };
		43BA2B8C1E8AAEC60021BB20 /* EMPageViewController.framework in Frameworks */ = {isa = PBXBuildFile; fileRef = 43BA2B821E8AAEC60021BB20 /* EMPageViewController.framework */; };
		43BA2B8D1E8AAEC60021BB20 /* Locksmith.framework in Frameworks */ = {isa = PBXBuildFile; fileRef = 43BA2B831E8AAEC60021BB20 /* Locksmith.framework */; };
		43BA2B8E1E8AAEC60021BB20 /* NJKScrollFullscreenKit.framework in Frameworks */ = {isa = PBXBuildFile; fileRef = 43BA2B841E8AAEC60021BB20 /* NJKScrollFullscreenKit.framework */; };
		43BA2B8F1E8AAEC60021BB20 /* Promise.framework in Frameworks */ = {isa = PBXBuildFile; fileRef = 43BA2B851E8AAEC60021BB20 /* Promise.framework */; };
		43BA2B901E8AAEC60021BB20 /* RESideMenuKit.framework in Frameworks */ = {isa = PBXBuildFile; fileRef = 43BA2B861E8AAEC60021BB20 /* RESideMenuKit.framework */; };
		43BA2B911E8AAEC60021BB20 /* WaniKit.framework in Frameworks */ = {isa = PBXBuildFile; fileRef = 43BA2B871E8AAEC60021BB20 /* WaniKit.framework */; };
		43BA2B921E8AAEC60021BB20 /* WaniLoginKit.framework in Frameworks */ = {isa = PBXBuildFile; fileRef = 43BA2B881E8AAEC60021BB20 /* WaniLoginKit.framework */; };
		43BA2B931E8AAEC60021BB20 /* WaniModel.framework in Frameworks */ = {isa = PBXBuildFile; fileRef = 43BA2B891E8AAEC60021BB20 /* WaniModel.framework */; };
		43BE76031E3F39F30032950B /* Localizable.strings in Resources */ = {isa = PBXBuildFile; fileRef = 43BE76051E3F39F30032950B /* Localizable.strings */; };
		43BE76071E3F3A870032950B /* Strings+Localization.swift in Sources */ = {isa = PBXBuildFile; fileRef = 43BE76061E3F3A870032950B /* Strings+Localization.swift */; };
		43BE76091E3F3C240032950B /* WebSessionType.swift in Sources */ = {isa = PBXBuildFile; fileRef = 43BE76081E3F3C240032950B /* WebSessionType.swift */; };
		43D99C531D9919560071C26D /* api_key_script.js in Resources */ = {isa = PBXBuildFile; fileRef = 43D99C391D9919560071C26D /* api_key_script.js */; };
		43D99C541D9919560071C26D /* fast_forward.js in Resources */ = {isa = PBXBuildFile; fileRef = 43D99C3A1D9919560071C26D /* fast_forward.js */; };
		43D99C551D9919560071C26D /* ignore.js in Resources */ = {isa = PBXBuildFile; fileRef = 43D99C3B1D9919560071C26D /* ignore.js */; };
		43D99C561D9919560071C26D /* reorder.js in Resources */ = {isa = PBXBuildFile; fileRef = 43D99C3C1D9919560071C26D /* reorder.js */; };
		43D99C571D9919560071C26D /* resize.js in Resources */ = {isa = PBXBuildFile; fileRef = 43D99C3D1D9919560071C26D /* resize.js */; };
		43D99C581D9919560071C26D /* score.js in Resources */ = {isa = PBXBuildFile; fileRef = 43D99C3E1D9919560071C26D /* score.js */; };
		43D99C5F1D9919560071C26D /* SettingsViewController.storyboard in Resources */ = {isa = PBXBuildFile; fileRef = 43D99C461D9919560071C26D /* SettingsViewController.storyboard */; };
		43D99C601D9919560071C26D /* SettingsViewController.swift in Sources */ = {isa = PBXBuildFile; fileRef = 43D99C471D9919560071C26D /* SettingsViewController.swift */; };
		43D99C621D9919560071C26D /* GameCenterCollectionViewCell.xib in Resources */ = {isa = PBXBuildFile; fileRef = 43D99C4B1D9919560071C26D /* GameCenterCollectionViewCell.xib */; };
		43D99C641D9919560071C26D /* SettingsScriptCell.xib in Resources */ = {isa = PBXBuildFile; fileRef = 43D99C4D1D9919560071C26D /* SettingsScriptCell.xib */; };
		43D99C681D99227F0071C26D /* SettingsScriptCell.swift in Sources */ = {isa = PBXBuildFile; fileRef = 43D99C4C1D9919560071C26D /* SettingsScriptCell.swift */; };
		43D99C691D99228C0071C26D /* SettingsSuit.swift in Sources */ = {isa = PBXBuildFile; fileRef = 43D99C421D9919560071C26D /* SettingsSuit.swift */; };
		43D99C6A1D99229A0071C26D /* UserScript.swift in Sources */ = {isa = PBXBuildFile; fileRef = 43D99C431D9919560071C26D /* UserScript.swift */; };
		43D99C6B1D9922AC0071C26D /* Setting.swift in Sources */ = {isa = PBXBuildFile; fileRef = 43D99C411D9919560071C26D /* Setting.swift */; };
		43D99C6C1D9923290071C26D /* SettingsScriptCellViewModel.swift in Sources */ = {isa = PBXBuildFile; fileRef = 43D99C521D9919560071C26D /* SettingsScriptCellViewModel.swift */; };
		43D99C6E1D9923E70071C26D /* AIFlatSwitch.swift in Sources */ = {isa = PBXBuildFile; fileRef = 43D99C6D1D9923E70071C26D /* AIFlatSwitch.swift */; };
		43D99C6F1D99325F0071C26D /* GameCenterCellViewModel.swift in Sources */ = {isa = PBXBuildFile; fileRef = 43D99C511D9919560071C26D /* GameCenterCellViewModel.swift */; };
		43D99C701D99326D0071C26D /* GameCenterCollectionViewCell.swift in Sources */ = {isa = PBXBuildFile; fileRef = 43D99C4A1D9919560071C26D /* GameCenterCollectionViewCell.swift */; };
		43D99C711D9933340071C26D /* IntUserDefault.swift in Sources */ = {isa = PBXBuildFile; fileRef = 43D99C401D9919560071C26D /* IntUserDefault.swift */; };
		43D99C731D99340D0071C26D /* SettingsCoordinator.swift in Sources */ = {isa = PBXBuildFile; fileRef = 43D99C451D9919560071C26D /* SettingsCoordinator.swift */; };
		43D99C741D9934FA0071C26D /* SettingsLayout.swift in Sources */ = {isa = PBXBuildFile; fileRef = 43D99C4F1D9919560071C26D /* SettingsLayout.swift */; };
		43D99C831D994D1B0071C26D /* BottomBarContainerViewController.storyboard in Resources */ = {isa = PBXBuildFile; fileRef = 43D99C7D1D994D1B0071C26D /* BottomBarContainerViewController.storyboard */; };
		43D99C871D994D1B0071C26D /* ReviewWebViewController.swift in Sources */ = {isa = PBXBuildFile; fileRef = 43D99C811D994D1B0071C26D /* ReviewWebViewController.swift */; };
		43D99C881D994D1B0071C26D /* ReviewWebViewController.xib in Resources */ = {isa = PBXBuildFile; fileRef = 43D99C821D994D1B0071C26D /* ReviewWebViewController.xib */; };
		43D99C931D994EC40071C26D /* ReviewCoordinator.swift in Sources */ = {isa = PBXBuildFile; fileRef = 43D99C801D994D1B0071C26D /* ReviewCoordinator.swift */; };
		43D99C941D994ECE0071C26D /* ReviewCoordinator+SideMenu.swift in Sources */ = {isa = PBXBuildFile; fileRef = 43D99C7F1D994D1B0071C26D /* ReviewCoordinator+SideMenu.swift */; };
		43D99C951D994ED10071C26D /* BottomBarContainerViewController.swift in Sources */ = {isa = PBXBuildFile; fileRef = 43D99C7E1D994D1B0071C26D /* BottomBarContainerViewController.swift */; };
		43D99C981D99563C0071C26D /* SideMenuHolderViewController.swift in Sources */ = {isa = PBXBuildFile; fileRef = 43D99C971D99563C0071C26D /* SideMenuHolderViewController.swift */; };
		43D99C9B1D9A623C0071C26D /* RightMenuViewController.swift in Sources */ = {isa = PBXBuildFile; fileRef = 43D99C9A1D9A623C0071C26D /* RightMenuViewController.swift */; };
		43D99C9F1D9A640A0071C26D /* RightMenuViewController.xib in Resources */ = {isa = PBXBuildFile; fileRef = 43D99C9E1D9A640A0071C26D /* RightMenuViewController.xib */; };
		43F4F37C1D91527900A9BB08 /* SRSViewController.swift in Sources */ = {isa = PBXBuildFile; fileRef = 43F4F37B1D91527900A9BB08 /* SRSViewController.swift */; };
		43F4F37E1D9152A200A9BB08 /* SRSView.swift in Sources */ = {isa = PBXBuildFile; fileRef = 43F4F37D1D9152A200A9BB08 /* SRSView.swift */; };
		43F4F3801D91547F00A9BB08 /* SRSViewModel.swift in Sources */ = {isa = PBXBuildFile; fileRef = 43F4F37F1D91547F00A9BB08 /* SRSViewModel.swift */; };
		43F4F3821D91590500A9BB08 /* SRSDistributionViewModel.swift in Sources */ = {isa = PBXBuildFile; fileRef = 43F4F3811D91590500A9BB08 /* SRSDistributionViewModel.swift */; };
		43F4F3841D915AF200A9BB08 /* ProgressViewController.swift in Sources */ = {isa = PBXBuildFile; fileRef = 43F4F3831D915AF200A9BB08 /* ProgressViewController.swift */; };
/* End PBXBuildFile section */

/* Begin PBXContainerItemProxy section */
		430A75541E8E4DF80025039A /* PBXContainerItemProxy */ = {
			isa = PBXContainerItemProxy;
			containerPortal = 43620A321D8C28FA00C1BA72 /* Project object */;
			proxyType = 1;
			remoteGlobalIDString = 430A75491E8E4DF80025039A;
			remoteInfo = PersistanceLayer;
		};
		430A755D1E8E4DF80025039A /* PBXContainerItemProxy */ = {
			isa = PBXContainerItemProxy;
			containerPortal = 43620A321D8C28FA00C1BA72 /* Project object */;
			proxyType = 1;
			remoteGlobalIDString = 430A75491E8E4DF80025039A;
			remoteInfo = PersistanceLayer;
		};
/* End PBXContainerItemProxy section */

/* Begin PBXCopyFilesBuildPhase section */
		43620AD71D8DD2F300C1BA72 /* Embed Frameworks */ = {
			isa = PBXCopyFilesBuildPhase;
			buildActionMask = 2147483647;
			dstPath = "";
			dstSubfolderSpec = 10;
			files = (
				430A75601E8E4DF80025039A /* PersistanceLayer.framework in Embed Frameworks */,
			);
			name = "Embed Frameworks";
			runOnlyForDeploymentPostprocessing = 0;
		};
/* End PBXCopyFilesBuildPhase section */

/* Begin PBXFileReference section */
		4308768C1D90216F00FE71FE /* AppDelegate.swift */ = {isa = PBXFileReference; fileEncoding = 4; lastKnownFileType = sourcecode.swift; path = AppDelegate.swift; sourceTree = "<group>"; };
		4308768D1D90216F00FE71FE /* ApplicationCoordinator.swift */ = {isa = PBXFileReference; fileEncoding = 4; lastKnownFileType = sourcecode.swift; path = ApplicationCoordinator.swift; sourceTree = "<group>"; };
		4308768E1D90216F00FE71FE /* Coordinator.swift */ = {isa = PBXFileReference; fileEncoding = 4; lastKnownFileType = sourcecode.swift; path = Coordinator.swift; sourceTree = "<group>"; };
		430876931D9021A200FE71FE /* DashboardCoordinator+DashboardData.swift */ = {isa = PBXFileReference; fileEncoding = 4; lastKnownFileType = sourcecode.swift; path = "DashboardCoordinator+DashboardData.swift"; sourceTree = "<group>"; };
		430876941D9021A200FE71FE /* DashboardCoordinator.swift */ = {isa = PBXFileReference; fileEncoding = 4; lastKnownFileType = sourcecode.swift; path = DashboardCoordinator.swift; sourceTree = "<group>"; };
		430876951D9021A200FE71FE /* DashboardViewController.storyboard */ = {isa = PBXFileReference; fileEncoding = 4; lastKnownFileType = file.storyboard; path = DashboardViewController.storyboard; sourceTree = "<group>"; };
		430876961D9021A200FE71FE /* DashboardViewController.swift */ = {isa = PBXFileReference; fileEncoding = 4; lastKnownFileType = sourcecode.swift; path = DashboardViewController.swift; sourceTree = "<group>"; };
		430876991D9021A200FE71FE /* AvaliableItemCell.swift */ = {isa = PBXFileReference; fileEncoding = 4; lastKnownFileType = sourcecode.swift; path = AvaliableItemCell.swift; sourceTree = "<group>"; };
		4308769A1D9021A200FE71FE /* AvaliableItemCell.xib */ = {isa = PBXFileReference; fileEncoding = 4; lastKnownFileType = file.xib; path = AvaliableItemCell.xib; sourceTree = "<group>"; };
		4308769B1D9021A200FE71FE /* ReviewCell.swift */ = {isa = PBXFileReference; fileEncoding = 4; lastKnownFileType = sourcecode.swift; path = ReviewCell.swift; sourceTree = "<group>"; };
		4308769C1D9021A200FE71FE /* ReviewCell.xib */ = {isa = PBXFileReference; fileEncoding = 4; lastKnownFileType = file.xib; path = ReviewCell.xib; sourceTree = "<group>"; };
		4308769D1D9021A200FE71FE /* DashboardLayout.swift */ = {isa = PBXFileReference; fileEncoding = 4; lastKnownFileType = sourcecode.swift; path = DashboardLayout.swift; sourceTree = "<group>"; };
		4308769F1D9021A200FE71FE /* DashboardHeader.swift */ = {isa = PBXFileReference; fileEncoding = 4; lastKnownFileType = sourcecode.swift; path = DashboardHeader.swift; sourceTree = "<group>"; };
		430876A01D9021A200FE71FE /* DashboardHeader.xib */ = {isa = PBXFileReference; fileEncoding = 4; lastKnownFileType = file.xib; path = DashboardHeader.xib; sourceTree = "<group>"; };
		430876A21D9021A200FE71FE /* DoubleProgressBar.swift */ = {isa = PBXFileReference; fileEncoding = 4; lastKnownFileType = sourcecode.swift; path = DoubleProgressBar.swift; sourceTree = "<group>"; };
		430876A31D9021A200FE71FE /* LabelWithAdaptiveTextHeight.swift */ = {isa = PBXFileReference; fileEncoding = 4; lastKnownFileType = sourcecode.swift; path = LabelWithAdaptiveTextHeight.swift; sourceTree = "<group>"; };
		430876A41D9021A200FE71FE /* SliceView.swift */ = {isa = PBXFileReference; fileEncoding = 4; lastKnownFileType = sourcecode.swift; path = SliceView.swift; sourceTree = "<group>"; };
		430876A61D9021A200FE71FE /* AvaliableItemCellViewModel.swift */ = {isa = PBXFileReference; fileEncoding = 4; lastKnownFileType = sourcecode.swift; path = AvaliableItemCellViewModel.swift; sourceTree = "<group>"; };
		430876A71D9021A200FE71FE /* CollectionViewViewModel.swift */ = {isa = PBXFileReference; fileEncoding = 4; lastKnownFileType = sourcecode.swift; path = CollectionViewViewModel.swift; sourceTree = "<group>"; };
		430876A81D9021A200FE71FE /* DashboardHeaderViewModel.swift */ = {isa = PBXFileReference; fileEncoding = 4; lastKnownFileType = sourcecode.swift; path = DashboardHeaderViewModel.swift; sourceTree = "<group>"; };
		430876A91D9021A200FE71FE /* DashboardViewModel.swift */ = {isa = PBXFileReference; fileEncoding = 4; lastKnownFileType = sourcecode.swift; path = DashboardViewModel.swift; sourceTree = "<group>"; usesTabs = 1; };
		430876AA1D9021A200FE71FE /* DoubleProgressViewModel.swift */ = {isa = PBXFileReference; fileEncoding = 4; lastKnownFileType = sourcecode.swift; path = DoubleProgressViewModel.swift; sourceTree = "<group>"; };
		430876AB1D9021A200FE71FE /* LeftRightTitleViewModel.swift */ = {isa = PBXFileReference; fileEncoding = 4; lastKnownFileType = sourcecode.swift; path = LeftRightTitleViewModel.swift; sourceTree = "<group>"; };
		430876C11D9021B300FE71FE /* ColorfullTabBarController.swift */ = {isa = PBXFileReference; fileEncoding = 4; lastKnownFileType = sourcecode.swift; path = ColorfullTabBarController.swift; sourceTree = "<group>"; };
		430876C21D9021B300FE71FE /* DataProvider.swift */ = {isa = PBXFileReference; fileEncoding = 4; lastKnownFileType = sourcecode.swift; path = DataProvider.swift; sourceTree = "<group>"; };
		430876C31D9021B300FE71FE /* SingleTabViewController.swift */ = {isa = PBXFileReference; fileEncoding = 4; lastKnownFileType = sourcecode.swift; path = SingleTabViewController.swift; sourceTree = "<group>"; };
		430876C51D9021B300FE71FE /* Array.swift */ = {isa = PBXFileReference; fileEncoding = 4; lastKnownFileType = sourcecode.swift; path = Array.swift; sourceTree = "<group>"; };
		430876C61D9021B300FE71FE /* ColorUtils.swift */ = {isa = PBXFileReference; fileEncoding = 4; lastKnownFileType = sourcecode.swift; path = ColorUtils.swift; sourceTree = "<group>"; };
		430876C71D9021B300FE71FE /* DrawingUtils.swift */ = {isa = PBXFileReference; fileEncoding = 4; lastKnownFileType = sourcecode.swift; path = DrawingUtils.swift; sourceTree = "<group>"; };
		430876C81D9021B300FE71FE /* KeychainManager.swift */ = {isa = PBXFileReference; fileEncoding = 4; lastKnownFileType = sourcecode.swift; path = KeychainManager.swift; sourceTree = "<group>"; };
		430876C91D9021B300FE71FE /* LabelExtensions.swift */ = {isa = PBXFileReference; fileEncoding = 4; lastKnownFileType = sourcecode.swift; path = LabelExtensions.swift; sourceTree = "<group>"; };
		430876CA1D9021B300FE71FE /* ScreenBackgound.swift */ = {isa = PBXFileReference; fileEncoding = 4; lastKnownFileType = sourcecode.swift; path = ScreenBackgound.swift; sourceTree = "<group>"; };
		430876CB1D9021B300FE71FE /* UIViewControllerUtils.swift */ = {isa = PBXFileReference; fileEncoding = 4; lastKnownFileType = sourcecode.swift; path = UIViewControllerUtils.swift; sourceTree = "<group>"; };
		430876CC1D9021B300FE71FE /* Utils.swift */ = {isa = PBXFileReference; fileEncoding = 4; lastKnownFileType = sourcecode.swift; path = Utils.swift; sourceTree = "<group>"; };
		430876CD1D9021B300FE71FE /* ViewModel.swift */ = {isa = PBXFileReference; fileEncoding = 4; lastKnownFileType = sourcecode.swift; path = ViewModel.swift; sourceTree = "<group>"; };
		430A754A1E8E4DF80025039A /* PersistanceLayer.framework */ = {isa = PBXFileReference; explicitFileType = wrapper.framework; includeInIndex = 0; path = PersistanceLayer.framework; sourceTree = BUILT_PRODUCTS_DIR; };
		430A754C1E8E4DF80025039A /* PersistanceLayer.h */ = {isa = PBXFileReference; lastKnownFileType = sourcecode.c.h; path = PersistanceLayer.h; sourceTree = "<group>"; };
		430A754D1E8E4DF80025039A /* Info.plist */ = {isa = PBXFileReference; lastKnownFileType = text.plist.xml; path = Info.plist; sourceTree = "<group>"; };
		430A75521E8E4DF80025039A /* PersistanceLayerTests.xctest */ = {isa = PBXFileReference; explicitFileType = wrapper.cfbundle; includeInIndex = 0; path = PersistanceLayerTests.xctest; sourceTree = BUILT_PRODUCTS_DIR; };
		430A75591E8E4DF80025039A /* PersistanceLayerTests.swift */ = {isa = PBXFileReference; lastKnownFileType = sourcecode.swift; path = PersistanceLayerTests.swift; sourceTree = "<group>"; };
		430A755B1E8E4DF80025039A /* Info.plist */ = {isa = PBXFileReference; lastKnownFileType = text.plist.xml; path = Info.plist; sourceTree = "<group>"; };
		430A75671E8E511B0025039A /* Realm.framework */ = {isa = PBXFileReference; lastKnownFileType = wrapper.framework; name = Realm.framework; path = Carthage/Build/iOS/Realm.framework; sourceTree = "<group>"; };
		430A75681E8E511B0025039A /* RealmSwift.framework */ = {isa = PBXFileReference; lastKnownFileType = wrapper.framework; name = RealmSwift.framework; path = Carthage/Build/iOS/RealmSwift.framework; sourceTree = "<group>"; };
		430A756C1E8E518C0025039A /* Persistance.swift */ = {isa = PBXFileReference; fileEncoding = 4; lastKnownFileType = sourcecode.swift; path = Persistance.swift; sourceTree = "<group>"; };
		4328C7501E8E5D0B00610077 /* UserInfo.swift */ = {isa = PBXFileReference; fileEncoding = 4; lastKnownFileType = sourcecode.swift; path = UserInfo.swift; sourceTree = "<group>"; };
		4328C7531E8E6C1500610077 /* UserSpecific.swift */ = {isa = PBXFileReference; fileEncoding = 4; lastKnownFileType = sourcecode.swift; path = UserSpecific.swift; sourceTree = "<group>"; };
		4328C7551E8E6EDB00610077 /* StudyQueueInfo.swift */ = {isa = PBXFileReference; fileEncoding = 4; lastKnownFileType = sourcecode.swift; path = StudyQueueInfo.swift; sourceTree = "<group>"; };
		4328C7571E8E706100610077 /* SRSLevelInfo.swift */ = {isa = PBXFileReference; fileEncoding = 4; lastKnownFileType = sourcecode.swift; path = SRSLevelInfo.swift; sourceTree = "<group>"; };
		4328C7591E8E715600610077 /* SRSDistributionInfo.swift */ = {isa = PBXFileReference; fileEncoding = 4; lastKnownFileType = sourcecode.swift; path = SRSDistributionInfo.swift; sourceTree = "<group>"; };
		4328C75B1E8E7A0D00610077 /* RadicalInfo.swift */ = {isa = PBXFileReference; fileEncoding = 4; lastKnownFileType = sourcecode.swift; path = RadicalInfo.swift; sourceTree = "<group>"; };
		4328C75D1E8E7B3400610077 /* KanjiInfo.swift */ = {isa = PBXFileReference; fileEncoding = 4; lastKnownFileType = sourcecode.swift; path = KanjiInfo.swift; sourceTree = "<group>"; };
		4328C75F1E8E7BB400610077 /* WaniModelConvertable.swift */ = {isa = PBXFileReference; fileEncoding = 4; lastKnownFileType = sourcecode.swift; path = WaniModelConvertable.swift; sourceTree = "<group>"; };
		4328C7611E8E802100610077 /* WordInfo.swift */ = {isa = PBXFileReference; fileEncoding = 4; lastKnownFileType = sourcecode.swift; path = WordInfo.swift; sourceTree = "<group>"; };
		4328C7631E8E848100610077 /* ReviewItemInfo.swift */ = {isa = PBXFileReference; fileEncoding = 4; lastKnownFileType = sourcecode.swift; path = ReviewItemInfo.swift; sourceTree = "<group>"; };
		4328C7651E8E8C5F00610077 /* ReviewItemsList.swift */ = {isa = PBXFileReference; fileEncoding = 4; lastKnownFileType = sourcecode.swift; path = ReviewItemsList.swift; sourceTree = "<group>"; };
		4328C7671E8E912200610077 /* User.swift */ = {isa = PBXFileReference; fileEncoding = 4; lastKnownFileType = sourcecode.swift; path = User.swift; sourceTree = "<group>"; };
		4328C76D1E9291B500610077 /* Persistance+Save.swift */ = {isa = PBXFileReference; fileEncoding = 4; lastKnownFileType = sourcecode.swift; path = "Persistance+Save.swift"; sourceTree = "<group>"; };
		4328C76F1E94E72000610077 /* LevelProgressionInfo.swift */ = {isa = PBXFileReference; fileEncoding = 4; lastKnownFileType = sourcecode.swift; path = LevelProgressionInfo.swift; sourceTree = "<group>"; };
		4328C7791E9634BB00610077 /* studyQueue0.json */ = {isa = PBXFileReference; fileEncoding = 4; lastKnownFileType = text.json; path = studyQueue0.json; sourceTree = "<group>"; };
		4328C77B1E9634D800610077 /* WaniModelStub.swift */ = {isa = PBXFileReference; fileEncoding = 4; lastKnownFileType = sourcecode.swift; path = WaniModelStub.swift; sourceTree = "<group>"; };
		4328C77D1E96395D00610077 /* levelProgression0.json */ = {isa = PBXFileReference; fileEncoding = 4; lastKnownFileType = text.json; path = levelProgression0.json; sourceTree = "<group>"; };
		4328C77F1E963B3800610077 /* srs0.json */ = {isa = PBXFileReference; fileEncoding = 4; lastKnownFileType = text.json; path = srs0.json; sourceTree = "<group>"; };
		4328C7811E96407600610077 /* kanji0.json */ = {isa = PBXFileReference; fileEncoding = 4; lastKnownFileType = text.json; path = kanji0.json; sourceTree = "<group>"; };
		4328C7821E96407600610077 /* radicals0.json */ = {isa = PBXFileReference; fileEncoding = 4; lastKnownFileType = text.json; path = radicals0.json; sourceTree = "<group>"; };
		4328C7831E96407600610077 /* words0.json */ = {isa = PBXFileReference; fileEncoding = 4; lastKnownFileType = text.json; path = words0.json; sourceTree = "<group>"; };
		4328C7871E96431400610077 /* critical0.json */ = {isa = PBXFileReference; fileEncoding = 4; lastKnownFileType = text.json; path = critical0.json; sourceTree = "<group>"; };
		4328C7891E96431D00610077 /* recents0.json */ = {isa = PBXFileReference; fileEncoding = 4; lastKnownFileType = text.json; path = recents0.json; sourceTree = "<group>"; };
		4328C78B1E964B8300610077 /* critical1.json */ = {isa = PBXFileReference; fileEncoding = 4; lastKnownFileType = text.json; path = critical1.json; sourceTree = "<group>"; };
		4328C78D1E964CDD00610077 /* Persistance+Fetch.swift */ = {isa = PBXFileReference; fileEncoding = 4; lastKnownFileType = sourcecode.swift; path = "Persistance+Fetch.swift"; sourceTree = "<group>"; };
		4328C78F1E966EC400610077 /* recents1.json */ = {isa = PBXFileReference; fileEncoding = 4; lastKnownFileType = text.json; path = recents1.json; sourceTree = "<group>"; };
		4328C7911E96778E00610077 /* levelProgression1.json */ = {isa = PBXFileReference; fileEncoding = 4; lastKnownFileType = text.json; path = levelProgression1.json; sourceTree = "<group>"; };
		433D3D5E1E3B9020001C631D /* Cartfile */ = {isa = PBXFileReference; fileEncoding = 4; lastKnownFileType = text; path = Cartfile; sourceTree = "<group>"; };
		433D3D681E3BA7C0001C631D /* StatusBarTweeks.swift */ = {isa = PBXFileReference; fileEncoding = 4; lastKnownFileType = sourcecode.swift; path = StatusBarTweeks.swift; sourceTree = "<group>"; };
		43620A3A1D8C28FA00C1BA72 /* WaniKani.app */ = {isa = PBXFileReference; explicitFileType = wrapper.application; includeInIndex = 0; path = WaniKani.app; sourceTree = BUILT_PRODUCTS_DIR; };
		43620A441D8C28FA00C1BA72 /* Assets.xcassets */ = {isa = PBXFileReference; lastKnownFileType = folder.assetcatalog; path = Assets.xcassets; sourceTree = "<group>"; };
		43620A471D8C28FB00C1BA72 /* Base */ = {isa = PBXFileReference; lastKnownFileType = file.storyboard; name = Base; path = Base.lproj/LaunchScreen.storyboard; sourceTree = "<group>"; };
		43620A491D8C28FB00C1BA72 /* Info.plist */ = {isa = PBXFileReference; lastKnownFileType = text.plist.xml; path = Info.plist; sourceTree = "<group>"; };
		43AAD0971E5B229800149169 /* ResizingScriptUtils.swift */ = {isa = PBXFileReference; fileEncoding = 4; lastKnownFileType = sourcecode.swift; path = ResizingScriptUtils.swift; sourceTree = "<group>"; };
		43B02A431E7A98C600F6874A /* CookiesStorage.swift */ = {isa = PBXFileReference; fileEncoding = 4; lastKnownFileType = sourcecode.swift; path = CookiesStorage.swift; sourceTree = "<group>"; };
		43B354AC1E30FBC100DABAAB /* TabsCoordinator.swift */ = {isa = PBXFileReference; fileEncoding = 4; lastKnownFileType = sourcecode.swift; path = TabsCoordinator.swift; sourceTree = "<group>"; };
		43B89E421D94140F0047380B /* DateExtensions.swift */ = {isa = PBXFileReference; fileEncoding = 4; lastKnownFileType = sourcecode.swift; path = DateExtensions.swift; sourceTree = "<group>"; };
		43BA2B801E8AAEC60021BB20 /* Cely.framework */ = {isa = PBXFileReference; lastKnownFileType = wrapper.framework; name = Cely.framework; path = Carthage/Build/iOS/Cely.framework; sourceTree = "<group>"; };
		43BA2B811E8AAEC60021BB20 /* DGElasticPullToRefreshKit.framework */ = {isa = PBXFileReference; lastKnownFileType = wrapper.framework; name = DGElasticPullToRefreshKit.framework; path = Carthage/Build/iOS/DGElasticPullToRefreshKit.framework; sourceTree = "<group>"; };
		43BA2B821E8AAEC60021BB20 /* EMPageViewController.framework */ = {isa = PBXFileReference; lastKnownFileType = wrapper.framework; name = EMPageViewController.framework; path = Carthage/Build/iOS/EMPageViewController.framework; sourceTree = "<group>"; };
		43BA2B831E8AAEC60021BB20 /* Locksmith.framework */ = {isa = PBXFileReference; lastKnownFileType = wrapper.framework; name = Locksmith.framework; path = Carthage/Build/iOS/Locksmith.framework; sourceTree = "<group>"; };
		43BA2B841E8AAEC60021BB20 /* NJKScrollFullscreenKit.framework */ = {isa = PBXFileReference; lastKnownFileType = wrapper.framework; name = NJKScrollFullscreenKit.framework; path = Carthage/Build/iOS/NJKScrollFullscreenKit.framework; sourceTree = "<group>"; };
		43BA2B851E8AAEC60021BB20 /* Promise.framework */ = {isa = PBXFileReference; lastKnownFileType = wrapper.framework; name = Promise.framework; path = Carthage/Build/iOS/Promise.framework; sourceTree = "<group>"; };
		43BA2B861E8AAEC60021BB20 /* RESideMenuKit.framework */ = {isa = PBXFileReference; lastKnownFileType = wrapper.framework; name = RESideMenuKit.framework; path = Carthage/Build/iOS/RESideMenuKit.framework; sourceTree = "<group>"; };
		43BA2B871E8AAEC60021BB20 /* WaniKit.framework */ = {isa = PBXFileReference; lastKnownFileType = wrapper.framework; name = WaniKit.framework; path = Carthage/Build/iOS/WaniKit.framework; sourceTree = "<group>"; };
		43BA2B881E8AAEC60021BB20 /* WaniLoginKit.framework */ = {isa = PBXFileReference; lastKnownFileType = wrapper.framework; name = WaniLoginKit.framework; path = Carthage/Build/iOS/WaniLoginKit.framework; sourceTree = "<group>"; };
		43BA2B891E8AAEC60021BB20 /* WaniModel.framework */ = {isa = PBXFileReference; lastKnownFileType = wrapper.framework; name = WaniModel.framework; path = Carthage/Build/iOS/WaniModel.framework; sourceTree = "<group>"; };
		43BE76041E3F39F30032950B /* Base */ = {isa = PBXFileReference; lastKnownFileType = text.plist.strings; name = Base; path = Base.lproj/Localizable.strings; sourceTree = "<group>"; };
		43BE76061E3F3A870032950B /* Strings+Localization.swift */ = {isa = PBXFileReference; fileEncoding = 4; lastKnownFileType = sourcecode.swift; path = "Strings+Localization.swift"; sourceTree = "<group>"; };
		43BE76081E3F3C240032950B /* WebSessionType.swift */ = {isa = PBXFileReference; fileEncoding = 4; lastKnownFileType = sourcecode.swift; path = WebSessionType.swift; sourceTree = "<group>"; };
		43D99C391D9919560071C26D /* api_key_script.js */ = {isa = PBXFileReference; fileEncoding = 4; lastKnownFileType = sourcecode.javascript; path = api_key_script.js; sourceTree = "<group>"; };
		43D99C3A1D9919560071C26D /* fast_forward.js */ = {isa = PBXFileReference; fileEncoding = 4; lastKnownFileType = sourcecode.javascript; path = fast_forward.js; sourceTree = "<group>"; };
		43D99C3B1D9919560071C26D /* ignore.js */ = {isa = PBXFileReference; fileEncoding = 4; lastKnownFileType = sourcecode.javascript; path = ignore.js; sourceTree = "<group>"; };
		43D99C3C1D9919560071C26D /* reorder.js */ = {isa = PBXFileReference; fileEncoding = 4; lastKnownFileType = sourcecode.javascript; path = reorder.js; sourceTree = "<group>"; };
		43D99C3D1D9919560071C26D /* resize.js */ = {isa = PBXFileReference; fileEncoding = 4; lastKnownFileType = sourcecode.javascript; path = resize.js; sourceTree = "<group>"; };
		43D99C3E1D9919560071C26D /* score.js */ = {isa = PBXFileReference; fileEncoding = 4; lastKnownFileType = sourcecode.javascript; path = score.js; sourceTree = "<group>"; };
		43D99C401D9919560071C26D /* IntUserDefault.swift */ = {isa = PBXFileReference; fileEncoding = 4; lastKnownFileType = sourcecode.swift; path = IntUserDefault.swift; sourceTree = "<group>"; };
		43D99C411D9919560071C26D /* Setting.swift */ = {isa = PBXFileReference; fileEncoding = 4; lastKnownFileType = sourcecode.swift; path = Setting.swift; sourceTree = "<group>"; };
		43D99C421D9919560071C26D /* SettingsSuit.swift */ = {isa = PBXFileReference; fileEncoding = 4; lastKnownFileType = sourcecode.swift; path = SettingsSuit.swift; sourceTree = "<group>"; };
		43D99C431D9919560071C26D /* UserScript.swift */ = {isa = PBXFileReference; fileEncoding = 4; lastKnownFileType = sourcecode.swift; path = UserScript.swift; sourceTree = "<group>"; };
		43D99C451D9919560071C26D /* SettingsCoordinator.swift */ = {isa = PBXFileReference; fileEncoding = 4; lastKnownFileType = sourcecode.swift; path = SettingsCoordinator.swift; sourceTree = "<group>"; };
		43D99C461D9919560071C26D /* SettingsViewController.storyboard */ = {isa = PBXFileReference; fileEncoding = 4; lastKnownFileType = file.storyboard; path = SettingsViewController.storyboard; sourceTree = "<group>"; };
		43D99C471D9919560071C26D /* SettingsViewController.swift */ = {isa = PBXFileReference; fileEncoding = 4; lastKnownFileType = sourcecode.swift; path = SettingsViewController.swift; sourceTree = "<group>"; };
		43D99C4A1D9919560071C26D /* GameCenterCollectionViewCell.swift */ = {isa = PBXFileReference; fileEncoding = 4; lastKnownFileType = sourcecode.swift; path = GameCenterCollectionViewCell.swift; sourceTree = "<group>"; };
		43D99C4B1D9919560071C26D /* GameCenterCollectionViewCell.xib */ = {isa = PBXFileReference; fileEncoding = 4; lastKnownFileType = file.xib; path = GameCenterCollectionViewCell.xib; sourceTree = "<group>"; };
		43D99C4C1D9919560071C26D /* SettingsScriptCell.swift */ = {isa = PBXFileReference; fileEncoding = 4; lastKnownFileType = sourcecode.swift; path = SettingsScriptCell.swift; sourceTree = "<group>"; };
		43D99C4D1D9919560071C26D /* SettingsScriptCell.xib */ = {isa = PBXFileReference; fileEncoding = 4; lastKnownFileType = file.xib; path = SettingsScriptCell.xib; sourceTree = "<group>"; };
		43D99C4F1D9919560071C26D /* SettingsLayout.swift */ = {isa = PBXFileReference; fileEncoding = 4; lastKnownFileType = sourcecode.swift; path = SettingsLayout.swift; sourceTree = "<group>"; };
		43D99C511D9919560071C26D /* GameCenterCellViewModel.swift */ = {isa = PBXFileReference; fileEncoding = 4; lastKnownFileType = sourcecode.swift; path = GameCenterCellViewModel.swift; sourceTree = "<group>"; };
		43D99C521D9919560071C26D /* SettingsScriptCellViewModel.swift */ = {isa = PBXFileReference; fileEncoding = 4; lastKnownFileType = sourcecode.swift; path = SettingsScriptCellViewModel.swift; sourceTree = "<group>"; };
		43D99C6D1D9923E70071C26D /* AIFlatSwitch.swift */ = {isa = PBXFileReference; fileEncoding = 4; lastKnownFileType = sourcecode.swift; path = AIFlatSwitch.swift; sourceTree = "<group>"; };
		43D99C7D1D994D1B0071C26D /* BottomBarContainerViewController.storyboard */ = {isa = PBXFileReference; fileEncoding = 4; lastKnownFileType = file.storyboard; path = BottomBarContainerViewController.storyboard; sourceTree = "<group>"; };
		43D99C7E1D994D1B0071C26D /* BottomBarContainerViewController.swift */ = {isa = PBXFileReference; fileEncoding = 4; lastKnownFileType = sourcecode.swift; path = BottomBarContainerViewController.swift; sourceTree = "<group>"; };
		43D99C7F1D994D1B0071C26D /* ReviewCoordinator+SideMenu.swift */ = {isa = PBXFileReference; fileEncoding = 4; lastKnownFileType = sourcecode.swift; path = "ReviewCoordinator+SideMenu.swift"; sourceTree = "<group>"; };
		43D99C801D994D1B0071C26D /* ReviewCoordinator.swift */ = {isa = PBXFileReference; fileEncoding = 4; lastKnownFileType = sourcecode.swift; path = ReviewCoordinator.swift; sourceTree = "<group>"; };
		43D99C811D994D1B0071C26D /* ReviewWebViewController.swift */ = {isa = PBXFileReference; fileEncoding = 4; lastKnownFileType = sourcecode.swift; path = ReviewWebViewController.swift; sourceTree = "<group>"; };
		43D99C821D994D1B0071C26D /* ReviewWebViewController.xib */ = {isa = PBXFileReference; fileEncoding = 4; lastKnownFileType = file.xib; path = ReviewWebViewController.xib; sourceTree = "<group>"; };
		43D99C971D99563C0071C26D /* SideMenuHolderViewController.swift */ = {isa = PBXFileReference; fileEncoding = 4; lastKnownFileType = sourcecode.swift; path = SideMenuHolderViewController.swift; sourceTree = "<group>"; };
		43D99C9A1D9A623C0071C26D /* RightMenuViewController.swift */ = {isa = PBXFileReference; fileEncoding = 4; lastKnownFileType = sourcecode.swift; path = RightMenuViewController.swift; sourceTree = "<group>"; };
		43D99C9E1D9A640A0071C26D /* RightMenuViewController.xib */ = {isa = PBXFileReference; fileEncoding = 4; lastKnownFileType = file.xib; path = RightMenuViewController.xib; sourceTree = "<group>"; };
		43F4F37B1D91527900A9BB08 /* SRSViewController.swift */ = {isa = PBXFileReference; fileEncoding = 4; lastKnownFileType = sourcecode.swift; path = SRSViewController.swift; sourceTree = "<group>"; };
		43F4F37D1D9152A200A9BB08 /* SRSView.swift */ = {isa = PBXFileReference; fileEncoding = 4; lastKnownFileType = sourcecode.swift; path = SRSView.swift; sourceTree = "<group>"; usesTabs = 1; };
		43F4F37F1D91547F00A9BB08 /* SRSViewModel.swift */ = {isa = PBXFileReference; fileEncoding = 4; lastKnownFileType = sourcecode.swift; path = SRSViewModel.swift; sourceTree = "<group>"; };
		43F4F3811D91590500A9BB08 /* SRSDistributionViewModel.swift */ = {isa = PBXFileReference; fileEncoding = 4; lastKnownFileType = sourcecode.swift; path = SRSDistributionViewModel.swift; sourceTree = "<group>"; };
		43F4F3831D915AF200A9BB08 /* ProgressViewController.swift */ = {isa = PBXFileReference; fileEncoding = 4; lastKnownFileType = sourcecode.swift; path = ProgressViewController.swift; sourceTree = "<group>"; };
/* End PBXFileReference section */

/* Begin PBXFrameworksBuildPhase section */
		430A75461E8E4DF80025039A /* Frameworks */ = {
			isa = PBXFrameworksBuildPhase;
			buildActionMask = 2147483647;
			files = (
				4328C7521E8E5D1E00610077 /* WaniModel.framework in Frameworks */,
				430A756A1E8E511B0025039A /* RealmSwift.framework in Frameworks */,
				430A75691E8E511B0025039A /* Realm.framework in Frameworks */,
			);
			runOnlyForDeploymentPostprocessing = 0;
		};
		430A754F1E8E4DF80025039A /* Frameworks */ = {
			isa = PBXFrameworksBuildPhase;
			buildActionMask = 2147483647;
			files = (
				430A75531E8E4DF80025039A /* PersistanceLayer.framework in Frameworks */,
				4328C7741E952A9C00610077 /* WaniModel.framework in Frameworks */,
			);
			runOnlyForDeploymentPostprocessing = 0;
		};
		43620A371D8C28FA00C1BA72 /* Frameworks */ = {
			isa = PBXFrameworksBuildPhase;
			buildActionMask = 2147483647;
			files = (
				43BA2B8A1E8AAEC60021BB20 /* Cely.framework in Frameworks */,
				43BA2B8B1E8AAEC60021BB20 /* DGElasticPullToRefreshKit.framework in Frameworks */,
				43BA2B8C1E8AAEC60021BB20 /* EMPageViewController.framework in Frameworks */,
				43BA2B8D1E8AAEC60021BB20 /* Locksmith.framework in Frameworks */,
				43BA2B8E1E8AAEC60021BB20 /* NJKScrollFullscreenKit.framework in Frameworks */,
				43BA2B8F1E8AAEC60021BB20 /* Promise.framework in Frameworks */,
				43BA2B901E8AAEC60021BB20 /* RESideMenuKit.framework in Frameworks */,
				43BA2B911E8AAEC60021BB20 /* WaniKit.framework in Frameworks */,
				43BA2B921E8AAEC60021BB20 /* WaniLoginKit.framework in Frameworks */,
				43BA2B931E8AAEC60021BB20 /* WaniModel.framework in Frameworks */,
				430A755F1E8E4DF80025039A /* PersistanceLayer.framework in Frameworks */,
			);
			runOnlyForDeploymentPostprocessing = 0;
		};
/* End PBXFrameworksBuildPhase section */

/* Begin PBXGroup section */
		4308768B1D90216F00FE71FE /* Application */ = {
			isa = PBXGroup;
			children = (
				4308768C1D90216F00FE71FE /* AppDelegate.swift */,
				4308768D1D90216F00FE71FE /* ApplicationCoordinator.swift */,
				4308768E1D90216F00FE71FE /* Coordinator.swift */,
			);
			path = Application;
			sourceTree = "<group>";
		};
		430876921D9021A200FE71FE /* Dashboard */ = {
			isa = PBXGroup;
			children = (
				43F4F37B1D91527900A9BB08 /* SRSViewController.swift */,
				43F4F3831D915AF200A9BB08 /* ProgressViewController.swift */,
				430876931D9021A200FE71FE /* DashboardCoordinator+DashboardData.swift */,
				430876941D9021A200FE71FE /* DashboardCoordinator.swift */,
				430876951D9021A200FE71FE /* DashboardViewController.storyboard */,
				430876961D9021A200FE71FE /* DashboardViewController.swift */,
				430876971D9021A200FE71FE /* View */,
				430876A51D9021A200FE71FE /* ViewModel */,
			);
			path = Dashboard;
			sourceTree = "<group>";
		};
		430876971D9021A200FE71FE /* View */ = {
			isa = PBXGroup;
			children = (
				4308769D1D9021A200FE71FE /* DashboardLayout.swift */,
				430876981D9021A200FE71FE /* Cells */,
				4308769E1D9021A200FE71FE /* Headers */,
				430876A11D9021A200FE71FE /* View */,
			);
			path = View;
			sourceTree = "<group>";
		};
		430876981D9021A200FE71FE /* Cells */ = {
			isa = PBXGroup;
			children = (
				430876991D9021A200FE71FE /* AvaliableItemCell.swift */,
				4308769A1D9021A200FE71FE /* AvaliableItemCell.xib */,
				4308769B1D9021A200FE71FE /* ReviewCell.swift */,
				4308769C1D9021A200FE71FE /* ReviewCell.xib */,
			);
			path = Cells;
			sourceTree = "<group>";
		};
		4308769E1D9021A200FE71FE /* Headers */ = {
			isa = PBXGroup;
			children = (
				4308769F1D9021A200FE71FE /* DashboardHeader.swift */,
				430876A01D9021A200FE71FE /* DashboardHeader.xib */,
			);
			path = Headers;
			sourceTree = "<group>";
		};
		430876A11D9021A200FE71FE /* View */ = {
			isa = PBXGroup;
			children = (
				43F4F37D1D9152A200A9BB08 /* SRSView.swift */,
				430876A21D9021A200FE71FE /* DoubleProgressBar.swift */,
				430876A31D9021A200FE71FE /* LabelWithAdaptiveTextHeight.swift */,
				430876A41D9021A200FE71FE /* SliceView.swift */,
			);
			path = View;
			sourceTree = "<group>";
		};
		430876A51D9021A200FE71FE /* ViewModel */ = {
			isa = PBXGroup;
			children = (
				430876A61D9021A200FE71FE /* AvaliableItemCellViewModel.swift */,
				430876A71D9021A200FE71FE /* CollectionViewViewModel.swift */,
				430876A81D9021A200FE71FE /* DashboardHeaderViewModel.swift */,
				430876A91D9021A200FE71FE /* DashboardViewModel.swift */,
				430876AA1D9021A200FE71FE /* DoubleProgressViewModel.swift */,
				430876AB1D9021A200FE71FE /* LeftRightTitleViewModel.swift */,
				43F4F37F1D91547F00A9BB08 /* SRSViewModel.swift */,
				43F4F3811D91590500A9BB08 /* SRSDistributionViewModel.swift */,
			);
			path = ViewModel;
			sourceTree = "<group>";
		};
		430876C01D9021B300FE71FE /* Shared */ = {
			isa = PBXGroup;
			children = (
				430876C11D9021B300FE71FE /* ColorfullTabBarController.swift */,
				430876C21D9021B300FE71FE /* DataProvider.swift */,
				430876C31D9021B300FE71FE /* SingleTabViewController.swift */,
				433D3D681E3BA7C0001C631D /* StatusBarTweeks.swift */,
			);
			path = Shared;
			sourceTree = "<group>";
		};
		430876C41D9021B300FE71FE /* Utils */ = {
			isa = PBXGroup;
			children = (
				43B89E421D94140F0047380B /* DateExtensions.swift */,
				430876C51D9021B300FE71FE /* Array.swift */,
				430876C61D9021B300FE71FE /* ColorUtils.swift */,
				430876C71D9021B300FE71FE /* DrawingUtils.swift */,
				430876C81D9021B300FE71FE /* KeychainManager.swift */,
				430876C91D9021B300FE71FE /* LabelExtensions.swift */,
				430876CA1D9021B300FE71FE /* ScreenBackgound.swift */,
				430876CB1D9021B300FE71FE /* UIViewControllerUtils.swift */,
				430876CC1D9021B300FE71FE /* Utils.swift */,
				430876CD1D9021B300FE71FE /* ViewModel.swift */,
				43AAD0971E5B229800149169 /* ResizingScriptUtils.swift */,
				43B02A431E7A98C600F6874A /* CookiesStorage.swift */,
			);
			path = Utils;
			sourceTree = "<group>";
		};
		430876DA1D902F1D00FE71FE /* Frameworks */ = {
			isa = PBXGroup;
			children = (
				430A75671E8E511B0025039A /* Realm.framework */,
				430A75681E8E511B0025039A /* RealmSwift.framework */,
				43BA2B801E8AAEC60021BB20 /* Cely.framework */,
				43BA2B811E8AAEC60021BB20 /* DGElasticPullToRefreshKit.framework */,
				43BA2B821E8AAEC60021BB20 /* EMPageViewController.framework */,
				43BA2B831E8AAEC60021BB20 /* Locksmith.framework */,
				43BA2B841E8AAEC60021BB20 /* NJKScrollFullscreenKit.framework */,
				43BA2B851E8AAEC60021BB20 /* Promise.framework */,
				43BA2B861E8AAEC60021BB20 /* RESideMenuKit.framework */,
				43BA2B871E8AAEC60021BB20 /* WaniKit.framework */,
				43BA2B881E8AAEC60021BB20 /* WaniLoginKit.framework */,
				43BA2B891E8AAEC60021BB20 /* WaniModel.framework */,
			);
			name = Frameworks;
			sourceTree = "<group>";
		};
		430A754B1E8E4DF80025039A /* PersistanceLayer */ = {
			isa = PBXGroup;
			children = (
				430A754C1E8E4DF80025039A /* PersistanceLayer.h */,
				430A754D1E8E4DF80025039A /* Info.plist */,
				430A756C1E8E518C0025039A /* Persistance.swift */,
				4328C78D1E964CDD00610077 /* Persistance+Fetch.swift */,
				4328C76D1E9291B500610077 /* Persistance+Save.swift */,
				4328C7671E8E912200610077 /* User.swift */,
				4328C75F1E8E7BB400610077 /* WaniModelConvertable.swift */,
				4328C7501E8E5D0B00610077 /* UserInfo.swift */,
				4328C7531E8E6C1500610077 /* UserSpecific.swift */,
				4328C7551E8E6EDB00610077 /* StudyQueueInfo.swift */,
				4328C76F1E94E72000610077 /* LevelProgressionInfo.swift */,
				4328C7571E8E706100610077 /* SRSLevelInfo.swift */,
				4328C7591E8E715600610077 /* SRSDistributionInfo.swift */,
				4328C75B1E8E7A0D00610077 /* RadicalInfo.swift */,
				4328C75D1E8E7B3400610077 /* KanjiInfo.swift */,
				4328C7611E8E802100610077 /* WordInfo.swift */,
				4328C7631E8E848100610077 /* ReviewItemInfo.swift */,
				4328C7651E8E8C5F00610077 /* ReviewItemsList.swift */,
			);
			path = PersistanceLayer;
			sourceTree = "<group>";
		};
		430A75581E8E4DF80025039A /* PersistanceLayerTests */ = {
			isa = PBXGroup;
			children = (
				4328C7781E9634BB00610077 /* Stubs */,
				430A75591E8E4DF80025039A /* PersistanceLayerTests.swift */,
				430A755B1E8E4DF80025039A /* Info.plist */,
			);
			path = PersistanceLayerTests;
			sourceTree = "<group>";
		};
		4328C7781E9634BB00610077 /* Stubs */ = {
			isa = PBXGroup;
			children = (
				4328C7891E96431D00610077 /* recents0.json */,
				4328C78F1E966EC400610077 /* recents1.json */,
				4328C7871E96431400610077 /* critical0.json */,
				4328C78B1E964B8300610077 /* critical1.json */,
				4328C7811E96407600610077 /* kanji0.json */,
				4328C7821E96407600610077 /* radicals0.json */,
				4328C7831E96407600610077 /* words0.json */,
				4328C77F1E963B3800610077 /* srs0.json */,
				4328C77D1E96395D00610077 /* levelProgression0.json */,
				4328C7911E96778E00610077 /* levelProgression1.json */,
				4328C7791E9634BB00610077 /* studyQueue0.json */,
				4328C77B1E9634D800610077 /* WaniModelStub.swift */,
			);
			path = Stubs;
			sourceTree = "<group>";
		};
		43620A311D8C28FA00C1BA72 = {
			isa = PBXGroup;
			children = (
				433D3D5E1E3B9020001C631D /* Cartfile */,
				43620A3C1D8C28FA00C1BA72 /* WaniKani */,
				430A754B1E8E4DF80025039A /* PersistanceLayer */,
				430A75581E8E4DF80025039A /* PersistanceLayerTests */,
				43620A3B1D8C28FA00C1BA72 /* Products */,
				430876DA1D902F1D00FE71FE /* Frameworks */,
			);
			sourceTree = "<group>";
		};
		43620A3B1D8C28FA00C1BA72 /* Products */ = {
			isa = PBXGroup;
			children = (
				43620A3A1D8C28FA00C1BA72 /* WaniKani.app */,
				430A754A1E8E4DF80025039A /* PersistanceLayer.framework */,
				430A75521E8E4DF80025039A /* PersistanceLayerTests.xctest */,
			);
			name = Products;
			sourceTree = "<group>";
		};
		43620A3C1D8C28FA00C1BA72 /* WaniKani */ = {
			isa = PBXGroup;
			children = (
				43D99C7C1D994D1B0071C26D /* Review */,
				43D99C361D9919560071C26D /* Settings */,
				430876C01D9021B300FE71FE /* Shared */,
				430876C41D9021B300FE71FE /* Utils */,
				430876921D9021A200FE71FE /* Dashboard */,
				4308768B1D90216F00FE71FE /* Application */,
				43B354AB1E30FBC100DABAAB /* Tabs */,
				43620A441D8C28FA00C1BA72 /* Assets.xcassets */,
				43620A461D8C28FB00C1BA72 /* LaunchScreen.storyboard */,
				43620A491D8C28FB00C1BA72 /* Info.plist */,
				43BE76051E3F39F30032950B /* Localizable.strings */,
				43BE76061E3F3A870032950B /* Strings+Localization.swift */,
			);
			path = WaniKani;
			sourceTree = "<group>";
		};
		43B354AB1E30FBC100DABAAB /* Tabs */ = {
			isa = PBXGroup;
			children = (
				43B354AC1E30FBC100DABAAB /* TabsCoordinator.swift */,
			);
			path = Tabs;
			sourceTree = "<group>";
		};
		43D99C361D9919560071C26D /* Settings */ = {
			isa = PBXGroup;
			children = (
				43D99C371D9919560071C26D /* Settings */,
				43D99C451D9919560071C26D /* SettingsCoordinator.swift */,
				43D99C461D9919560071C26D /* SettingsViewController.storyboard */,
				43D99C471D9919560071C26D /* SettingsViewController.swift */,
				43D99C481D9919560071C26D /* Views */,
			);
			path = Settings;
			sourceTree = "<group>";
		};
		43D99C371D9919560071C26D /* Settings */ = {
			isa = PBXGroup;
			children = (
				43D99C381D9919560071C26D /* scripts */,
				43D99C3F1D9919560071C26D /* Settings */,
			);
			path = Settings;
			sourceTree = "<group>";
		};
		43D99C381D9919560071C26D /* scripts */ = {
			isa = PBXGroup;
			children = (
				43D99C391D9919560071C26D /* api_key_script.js */,
				43D99C3A1D9919560071C26D /* fast_forward.js */,
				43D99C3B1D9919560071C26D /* ignore.js */,
				43D99C3C1D9919560071C26D /* reorder.js */,
				43D99C3D1D9919560071C26D /* resize.js */,
				43D99C3E1D9919560071C26D /* score.js */,
			);
			path = scripts;
			sourceTree = "<group>";
		};
		43D99C3F1D9919560071C26D /* Settings */ = {
			isa = PBXGroup;
			children = (
				43D99C401D9919560071C26D /* IntUserDefault.swift */,
				43D99C411D9919560071C26D /* Setting.swift */,
				43D99C421D9919560071C26D /* SettingsSuit.swift */,
				43D99C431D9919560071C26D /* UserScript.swift */,
				43BE76081E3F3C240032950B /* WebSessionType.swift */,
			);
			path = Settings;
			sourceTree = "<group>";
		};
		43D99C481D9919560071C26D /* Views */ = {
			isa = PBXGroup;
			children = (
				43D99C6D1D9923E70071C26D /* AIFlatSwitch.swift */,
				43D99C491D9919560071C26D /* Cell */,
				43D99C4E1D9919560071C26D /* Layouts */,
				43D99C501D9919560071C26D /* ViewModel */,
			);
			path = Views;
			sourceTree = "<group>";
		};
		43D99C491D9919560071C26D /* Cell */ = {
			isa = PBXGroup;
			children = (
				43D99C4A1D9919560071C26D /* GameCenterCollectionViewCell.swift */,
				43D99C4B1D9919560071C26D /* GameCenterCollectionViewCell.xib */,
				43D99C4C1D9919560071C26D /* SettingsScriptCell.swift */,
				43D99C4D1D9919560071C26D /* SettingsScriptCell.xib */,
			);
			path = Cell;
			sourceTree = "<group>";
		};
		43D99C4E1D9919560071C26D /* Layouts */ = {
			isa = PBXGroup;
			children = (
				43D99C4F1D9919560071C26D /* SettingsLayout.swift */,
			);
			path = Layouts;
			sourceTree = "<group>";
		};
		43D99C501D9919560071C26D /* ViewModel */ = {
			isa = PBXGroup;
			children = (
				43D99C511D9919560071C26D /* GameCenterCellViewModel.swift */,
				43D99C521D9919560071C26D /* SettingsScriptCellViewModel.swift */,
			);
			path = ViewModel;
			sourceTree = "<group>";
		};
		43D99C7C1D994D1B0071C26D /* Review */ = {
			isa = PBXGroup;
			children = (
				43D99C7D1D994D1B0071C26D /* BottomBarContainerViewController.storyboard */,
				43D99C7E1D994D1B0071C26D /* BottomBarContainerViewController.swift */,
				43D99C7F1D994D1B0071C26D /* ReviewCoordinator+SideMenu.swift */,
				43D99C801D994D1B0071C26D /* ReviewCoordinator.swift */,
				43D99C971D99563C0071C26D /* SideMenuHolderViewController.swift */,
				43D99C811D994D1B0071C26D /* ReviewWebViewController.swift */,
				43D99C821D994D1B0071C26D /* ReviewWebViewController.xib */,
				43D99C9A1D9A623C0071C26D /* RightMenuViewController.swift */,
				43D99C9E1D9A640A0071C26D /* RightMenuViewController.xib */,
			);
			path = Review;
			sourceTree = "<group>";
		};
/* End PBXGroup section */

/* Begin PBXHeadersBuildPhase section */
		430A75471E8E4DF80025039A /* Headers */ = {
			isa = PBXHeadersBuildPhase;
			buildActionMask = 2147483647;
			files = (
				430A755C1E8E4DF80025039A /* PersistanceLayer.h in Headers */,
			);
			runOnlyForDeploymentPostprocessing = 0;
		};
/* End PBXHeadersBuildPhase section */

/* Begin PBXNativeTarget section */
		430A75491E8E4DF80025039A /* PersistanceLayer */ = {
			isa = PBXNativeTarget;
			buildConfigurationList = 430A75651E8E4DF80025039A /* Build configuration list for PBXNativeTarget "PersistanceLayer" */;
			buildPhases = (
				430A75451E8E4DF80025039A /* Sources */,
				430A75461E8E4DF80025039A /* Frameworks */,
				430A75471E8E4DF80025039A /* Headers */,
				430A75481E8E4DF80025039A /* Resources */,
				430A756B1E8E51270025039A /* ShellScript */,
			);
			buildRules = (
			);
			dependencies = (
			);
			name = PersistanceLayer;
			productName = PersistanceLayer;
			productReference = 430A754A1E8E4DF80025039A /* PersistanceLayer.framework */;
			productType = "com.apple.product-type.framework";
		};
		430A75511E8E4DF80025039A /* PersistanceLayerTests */ = {
			isa = PBXNativeTarget;
			buildConfigurationList = 430A75661E8E4DF80025039A /* Build configuration list for PBXNativeTarget "PersistanceLayerTests" */;
			buildPhases = (
				430A754E1E8E4DF80025039A /* Sources */,
				430A754F1E8E4DF80025039A /* Frameworks */,
				430A75501E8E4DF80025039A /* Resources */,
				4328C7751E952B5800610077 /* ShellScript */,
			);
			buildRules = (
			);
			dependencies = (
				430A75551E8E4DF80025039A /* PBXTargetDependency */,
			);
			name = PersistanceLayerTests;
			productName = PersistanceLayerTests;
			productReference = 430A75521E8E4DF80025039A /* PersistanceLayerTests.xctest */;
			productType = "com.apple.product-type.bundle.unit-test";
		};
		43620A391D8C28FA00C1BA72 /* WaniKani */ = {
			isa = PBXNativeTarget;
			buildConfigurationList = 43620A4C1D8C28FB00C1BA72 /* Build configuration list for PBXNativeTarget "WaniKani" */;
			buildPhases = (
				43620A361D8C28FA00C1BA72 /* Sources */,
				43620A371D8C28FA00C1BA72 /* Frameworks */,
				43620A381D8C28FA00C1BA72 /* Resources */,
				43620AD71D8DD2F300C1BA72 /* Embed Frameworks */,
				43BA2B7D1E8A9E280021BB20 /* ShellScript */,
				43B02A461E7AA4D800F6874A /* ShellScript */,
			);
			buildRules = (
			);
			dependencies = (
				430A755E1E8E4DF80025039A /* PBXTargetDependency */,
			);
			name = WaniKani;
			productName = WaniKani;
			productReference = 43620A3A1D8C28FA00C1BA72 /* WaniKani.app */;
			productType = "com.apple.product-type.application";
		};
/* End PBXNativeTarget section */

/* Begin PBXProject section */
		43620A321D8C28FA00C1BA72 /* Project object */ = {
			isa = PBXProject;
			attributes = {
				LastSwiftUpdateCheck = 0830;
				LastUpgradeCheck = 0830;
				ORGANIZATIONNAME = haawa;
				TargetAttributes = {
					430A75491E8E4DF80025039A = {
						CreatedOnToolsVersion = 8.3;
						DevelopmentTeam = S55BP53VB8;
						LastSwiftMigration = 0830;
						ProvisioningStyle = Automatic;
					};
					430A75511E8E4DF80025039A = {
						CreatedOnToolsVersion = 8.3;
						ProvisioningStyle = Automatic;
					};
					43620A391D8C28FA00C1BA72 = {
						CreatedOnToolsVersion = 8.0;
						DevelopmentTeam = S55BP53VB8;
						LastSwiftMigration = 0800;
						ProvisioningStyle = Automatic;
						SystemCapabilities = {
							com.apple.BackgroundModes = {
								enabled = 0;
							};
						};
					};
				};
			};
			buildConfigurationList = 43620A351D8C28FA00C1BA72 /* Build configuration list for PBXProject "WaniKani" */;
			compatibilityVersion = "Xcode 3.2";
			developmentRegion = English;
			hasScannedForEncodings = 0;
			knownRegions = (
				en,
				Base,
			);
			mainGroup = 43620A311D8C28FA00C1BA72;
			productRefGroup = 43620A3B1D8C28FA00C1BA72 /* Products */;
			projectDirPath = "";
			projectRoot = "";
			targets = (
				43620A391D8C28FA00C1BA72 /* WaniKani */,
				430A75491E8E4DF80025039A /* PersistanceLayer */,
				430A75511E8E4DF80025039A /* PersistanceLayerTests */,
			);
		};
/* End PBXProject section */

/* Begin PBXResourcesBuildPhase section */
		430A75481E8E4DF80025039A /* Resources */ = {
			isa = PBXResourcesBuildPhase;
			buildActionMask = 2147483647;
			files = (
			);
			runOnlyForDeploymentPostprocessing = 0;
		};
		430A75501E8E4DF80025039A /* Resources */ = {
			isa = PBXResourcesBuildPhase;
			buildActionMask = 2147483647;
			files = (
				4328C7841E96407600610077 /* kanji0.json in Resources */,
				4328C78C1E964B8300610077 /* critical1.json in Resources */,
				4328C7901E966EC400610077 /* recents1.json in Resources */,
				4328C78A1E96431D00610077 /* recents0.json in Resources */,
				4328C77A1E9634BB00610077 /* studyQueue0.json in Resources */,
				4328C7851E96407600610077 /* radicals0.json in Resources */,
				4328C77E1E96395D00610077 /* levelProgression0.json in Resources */,
				4328C7861E96407600610077 /* words0.json in Resources */,
				4328C7801E963B3800610077 /* srs0.json in Resources */,
				4328C7921E96778E00610077 /* levelProgression1.json in Resources */,
				4328C7881E96431400610077 /* critical0.json in Resources */,
			);
			runOnlyForDeploymentPostprocessing = 0;
		};
		43620A381D8C28FA00C1BA72 /* Resources */ = {
			isa = PBXResourcesBuildPhase;
			buildActionMask = 2147483647;
			files = (
				433D3D5F1E3B9020001C631D /* Cartfile in Resources */,
				43D99C551D9919560071C26D /* ignore.js in Resources */,
				430876AE1D9021A200FE71FE /* DashboardViewController.storyboard in Resources */,
				430876B31D9021A200FE71FE /* ReviewCell.xib in Resources */,
				43D99C881D994D1B0071C26D /* ReviewWebViewController.xib in Resources */,
				43D99C641D9919560071C26D /* SettingsScriptCell.xib in Resources */,
				43D99C531D9919560071C26D /* api_key_script.js in Resources */,
				43D99C5F1D9919560071C26D /* SettingsViewController.storyboard in Resources */,
				43D99C571D9919560071C26D /* resize.js in Resources */,
				43D99C541D9919560071C26D /* fast_forward.js in Resources */,
				43D99C9F1D9A640A0071C26D /* RightMenuViewController.xib in Resources */,
				430876B61D9021A200FE71FE /* DashboardHeader.xib in Resources */,
				43D99C831D994D1B0071C26D /* BottomBarContainerViewController.storyboard in Resources */,
				430876B11D9021A200FE71FE /* AvaliableItemCell.xib in Resources */,
				43D99C561D9919560071C26D /* reorder.js in Resources */,
				43620A451D8C28FA00C1BA72 /* Assets.xcassets in Resources */,
				43BE76031E3F39F30032950B /* Localizable.strings in Resources */,
				43D99C581D9919560071C26D /* score.js in Resources */,
				43D99C621D9919560071C26D /* GameCenterCollectionViewCell.xib in Resources */,
			);
			runOnlyForDeploymentPostprocessing = 0;
		};
/* End PBXResourcesBuildPhase section */

/* Begin PBXShellScriptBuildPhase section */
		430A756B1E8E51270025039A /* ShellScript */ = {
			isa = PBXShellScriptBuildPhase;
			buildActionMask = 2147483647;
			files = (
			);
			inputPaths = (
				"$(SRCROOT)/Carthage/Build/iOS/Realm.framework",
				"$(SRCROOT)/Carthage/Build/iOS/RealmSwift.framework",
				"$(SRCROOT)/Carthage/Build/iOS/WaniModel.framework",
			);
			outputPaths = (
			);
			runOnlyForDeploymentPostprocessing = 0;
			shellPath = /bin/sh;
			shellScript = "/usr/local/bin/carthage copy-frameworks";
		};
		4328C7751E952B5800610077 /* ShellScript */ = {
			isa = PBXShellScriptBuildPhase;
			buildActionMask = 2147483647;
			files = (
			);
			inputPaths = (
				"$(SRCROOT)/Carthage/Build/iOS/WaniModel.framework",
			);
			outputPaths = (
			);
			runOnlyForDeploymentPostprocessing = 0;
			shellPath = /bin/sh;
			shellScript = "/usr/local/bin/carthage copy-frameworks";
		};
		43B02A461E7AA4D800F6874A /* ShellScript */ = {
			isa = PBXShellScriptBuildPhase;
			buildActionMask = 2147483647;
			files = (
			);
			inputPaths = (
			);
			outputPaths = (
			);
			runOnlyForDeploymentPostprocessing = 0;
			shellPath = /bin/sh;
			shellScript = "if which swiftlint >/dev/null; then\nswiftlint\nelse\necho \"warning: SwiftLint not installed, download from https://github.com/realm/SwiftLint\"\nfi";
		};
		43BA2B7D1E8A9E280021BB20 /* ShellScript */ = {
			isa = PBXShellScriptBuildPhase;
			buildActionMask = 2147483647;
			files = (
			);
			inputPaths = (
				"$(SRCROOT)/Carthage/Build/iOS/Cely.framework",
				"$(SRCROOT)/Carthage/Build/iOS/DGElasticPullToRefreshKit.framework",
				"$(SRCROOT)/Carthage/Build/iOS/EMPageViewController.framework",
				"$(SRCROOT)/Carthage/Build/iOS/Locksmith.framework",
				"$(SRCROOT)/Carthage/Build/iOS/NJKScrollFullscreenKit.framework",
				"$(SRCROOT)/Carthage/Build/iOS/Promise.framework",
				"$(SRCROOT)/Carthage/Build/iOS/RESideMenuKit.framework",
				"$(SRCROOT)/Carthage/Build/iOS/WaniKit.framework",
				"$(SRCROOT)/Carthage/Build/iOS/WaniLoginKit.framework",
				"$(SRCROOT)/Carthage/Build/iOS/WaniModel.framework",
			);
			outputPaths = (
			);
			runOnlyForDeploymentPostprocessing = 0;
			shellPath = /bin/sh;
			shellScript = "/usr/local/bin/carthage copy-frameworks";
		};
/* End PBXShellScriptBuildPhase section */

/* Begin PBXSourcesBuildPhase section */
		430A75451E8E4DF80025039A /* Sources */ = {
			isa = PBXSourcesBuildPhase;
			buildActionMask = 2147483647;
			files = (
				4328C7681E8E912200610077 /* User.swift in Sources */,
				4328C7511E8E5D0B00610077 /* UserInfo.swift in Sources */,
				4328C7581E8E706100610077 /* SRSLevelInfo.swift in Sources */,
				4328C75A1E8E715600610077 /* SRSDistributionInfo.swift in Sources */,
				4328C7701E94E72000610077 /* LevelProgressionInfo.swift in Sources */,
				4328C7621E8E802100610077 /* WordInfo.swift in Sources */,
				4328C75E1E8E7B3400610077 /* KanjiInfo.swift in Sources */,
				4328C7641E8E848100610077 /* ReviewItemInfo.swift in Sources */,
				4328C78E1E964CDD00610077 /* Persistance+Fetch.swift in Sources */,
				4328C7601E8E7BB400610077 /* WaniModelConvertable.swift in Sources */,
				4328C75C1E8E7A0D00610077 /* RadicalInfo.swift in Sources */,
				4328C7661E8E8C5F00610077 /* ReviewItemsList.swift in Sources */,
				4328C76E1E9291B500610077 /* Persistance+Save.swift in Sources */,
				4328C7561E8E6EDB00610077 /* StudyQueueInfo.swift in Sources */,
				430A756D1E8E518C0025039A /* Persistance.swift in Sources */,
				4328C7541E8E6C1500610077 /* UserSpecific.swift in Sources */,
			);
			runOnlyForDeploymentPostprocessing = 0;
		};
		430A754E1E8E4DF80025039A /* Sources */ = {
			isa = PBXSourcesBuildPhase;
			buildActionMask = 2147483647;
			files = (
				4328C77C1E9634D800610077 /* WaniModelStub.swift in Sources */,
				430A755A1E8E4DF80025039A /* PersistanceLayerTests.swift in Sources */,
			);
			runOnlyForDeploymentPostprocessing = 0;
		};
		43620A361D8C28FA00C1BA72 /* Sources */ = {
			isa = PBXSourcesBuildPhase;
			buildActionMask = 2147483647;
			files = (
				43D99C6C1D9923290071C26D /* SettingsScriptCellViewModel.swift in Sources */,
				43B02A441E7A98C600F6874A /* CookiesStorage.swift in Sources */,
				430876AC1D9021A200FE71FE /* DashboardCoordinator+DashboardData.swift in Sources */,
				430876AF1D9021A200FE71FE /* DashboardViewController.swift in Sources */,
				430876BA1D9021A200FE71FE /* AvaliableItemCellViewModel.swift in Sources */,
				43AAD0981E5B229800149169 /* ResizingScriptUtils.swift in Sources */,
				43D99C741D9934FA0071C26D /* SettingsLayout.swift in Sources */,
				43D99C6B1D9922AC0071C26D /* Setting.swift in Sources */,
				430876D21D9021B300FE71FE /* ColorUtils.swift in Sources */,
				433D3D691E3BA7C0001C631D /* StatusBarTweeks.swift in Sources */,
				430876D71D9021B300FE71FE /* UIViewControllerUtils.swift in Sources */,
				43D99C6F1D99325F0071C26D /* GameCenterCellViewModel.swift in Sources */,
				43B89E431D94140F0047380B /* DateExtensions.swift in Sources */,
				43BE76091E3F3C240032950B /* WebSessionType.swift in Sources */,
				43D99C691D99228C0071C26D /* SettingsSuit.swift in Sources */,
				43D99C701D99326D0071C26D /* GameCenterCollectionViewCell.swift in Sources */,
				430876D81D9021B300FE71FE /* Utils.swift in Sources */,
				430876CF1D9021B300FE71FE /* DataProvider.swift in Sources */,
				43F4F3821D91590500A9BB08 /* SRSDistributionViewModel.swift in Sources */,
				43D99C711D9933340071C26D /* IntUserDefault.swift in Sources */,
				430876D31D9021B300FE71FE /* DrawingUtils.swift in Sources */,
				430876B91D9021A200FE71FE /* SliceView.swift in Sources */,
				43D99C871D994D1B0071C26D /* ReviewWebViewController.swift in Sources */,
				43F4F3841D915AF200A9BB08 /* ProgressViewController.swift in Sources */,
				430876AD1D9021A200FE71FE /* DashboardCoordinator.swift in Sources */,
				430876D11D9021B300FE71FE /* Array.swift in Sources */,
				43D99C981D99563C0071C26D /* SideMenuHolderViewController.swift in Sources */,
				430876B51D9021A200FE71FE /* DashboardHeader.swift in Sources */,
				430876BC1D9021A200FE71FE /* DashboardHeaderViewModel.swift in Sources */,
				4308768F1D90216F00FE71FE /* AppDelegate.swift in Sources */,
				43D99C681D99227F0071C26D /* SettingsScriptCell.swift in Sources */,
				430876BD1D9021A200FE71FE /* DashboardViewModel.swift in Sources */,
				43D99C731D99340D0071C26D /* SettingsCoordinator.swift in Sources */,
				430876B71D9021A200FE71FE /* DoubleProgressBar.swift in Sources */,
				43D99C9B1D9A623C0071C26D /* RightMenuViewController.swift in Sources */,
				43F4F37C1D91527900A9BB08 /* SRSViewController.swift in Sources */,
				43F4F3801D91547F00A9BB08 /* SRSViewModel.swift in Sources */,
				430876901D90216F00FE71FE /* ApplicationCoordinator.swift in Sources */,
				43D99C951D994ED10071C26D /* BottomBarContainerViewController.swift in Sources */,
				430876B21D9021A200FE71FE /* ReviewCell.swift in Sources */,
				43D99C941D994ECE0071C26D /* ReviewCoordinator+SideMenu.swift in Sources */,
				430876B81D9021A200FE71FE /* LabelWithAdaptiveTextHeight.swift in Sources */,
				43B354AD1E30FBC100DABAAB /* TabsCoordinator.swift in Sources */,
				43BE76071E3F3A870032950B /* Strings+Localization.swift in Sources */,
				43D99C931D994EC40071C26D /* ReviewCoordinator.swift in Sources */,
				430876B41D9021A200FE71FE /* DashboardLayout.swift in Sources */,
				430876BE1D9021A200FE71FE /* DoubleProgressViewModel.swift in Sources */,
				430876D91D9021B300FE71FE /* ViewModel.swift in Sources */,
				43D99C6E1D9923E70071C26D /* AIFlatSwitch.swift in Sources */,
				430876BF1D9021A200FE71FE /* LeftRightTitleViewModel.swift in Sources */,
				43D99C601D9919560071C26D /* SettingsViewController.swift in Sources */,
				43D99C6A1D99229A0071C26D /* UserScript.swift in Sources */,
				430876CE1D9021B300FE71FE /* ColorfullTabBarController.swift in Sources */,
				430876D61D9021B300FE71FE /* ScreenBackgound.swift in Sources */,
				430876D01D9021B300FE71FE /* SingleTabViewController.swift in Sources */,
				43F4F37E1D9152A200A9BB08 /* SRSView.swift in Sources */,
				430876B01D9021A200FE71FE /* AvaliableItemCell.swift in Sources */,
				430876BB1D9021A200FE71FE /* CollectionViewViewModel.swift in Sources */,
				430876911D90216F00FE71FE /* Coordinator.swift in Sources */,
				430876D51D9021B300FE71FE /* LabelExtensions.swift in Sources */,
			);
			runOnlyForDeploymentPostprocessing = 0;
		};
/* End PBXSourcesBuildPhase section */

/* Begin PBXTargetDependency section */
		430A75551E8E4DF80025039A /* PBXTargetDependency */ = {
			isa = PBXTargetDependency;
			target = 430A75491E8E4DF80025039A /* PersistanceLayer */;
			targetProxy = 430A75541E8E4DF80025039A /* PBXContainerItemProxy */;
		};
		430A755E1E8E4DF80025039A /* PBXTargetDependency */ = {
			isa = PBXTargetDependency;
			target = 430A75491E8E4DF80025039A /* PersistanceLayer */;
			targetProxy = 430A755D1E8E4DF80025039A /* PBXContainerItemProxy */;
		};
/* End PBXTargetDependency section */

/* Begin PBXVariantGroup section */
		43620A461D8C28FB00C1BA72 /* LaunchScreen.storyboard */ = {
			isa = PBXVariantGroup;
			children = (
				43620A471D8C28FB00C1BA72 /* Base */,
			);
			name = LaunchScreen.storyboard;
			sourceTree = "<group>";
		};
		43BE76051E3F39F30032950B /* Localizable.strings */ = {
			isa = PBXVariantGroup;
			children = (
				43BE76041E3F39F30032950B /* Base */,
			);
			name = Localizable.strings;
			sourceTree = "<group>";
		};
/* End PBXVariantGroup section */

/* Begin XCBuildConfiguration section */
		430A75611E8E4DF80025039A /* Debug */ = {
			isa = XCBuildConfiguration;
			buildSettings = {
				CLANG_ANALYZER_NUMBER_OBJECT_CONVERSION = YES_AGGRESSIVE;
				CLANG_ENABLE_MODULES = YES;
				CODE_SIGN_IDENTITY = "";
				"CODE_SIGN_IDENTITY[sdk=iphoneos*]" = "";
				CURRENT_PROJECT_VERSION = 1;
				DEFINES_MODULE = YES;
				DEVELOPMENT_TEAM = S55BP53VB8;
				DYLIB_COMPATIBILITY_VERSION = 1;
				DYLIB_CURRENT_VERSION = 1;
				DYLIB_INSTALL_NAME_BASE = "@rpath";
				FRAMEWORK_SEARCH_PATHS = (
					"$(inherited)",
					"$(PROJECT_DIR)/Carthage/Build/iOS",
				);
				INFOPLIST_FILE = PersistanceLayer/Info.plist;
				INSTALL_PATH = "$(LOCAL_LIBRARY_DIR)/Frameworks";
				LD_RUNPATH_SEARCH_PATHS = "$(inherited) @executable_path/Frameworks @loader_path/Frameworks";
				PRODUCT_BUNDLE_IDENTIFIER = com.haawa.PersistanceLayer;
				PRODUCT_NAME = "$(TARGET_NAME)";
				SKIP_INSTALL = YES;
				SWIFT_OPTIMIZATION_LEVEL = "-Onone";
				SWIFT_VERSION = 3.0;
				VERSIONING_SYSTEM = "apple-generic";
				VERSION_INFO_PREFIX = "";
			};
			name = Debug;
		};
		430A75621E8E4DF80025039A /* Release */ = {
			isa = XCBuildConfiguration;
			buildSettings = {
				CLANG_ANALYZER_NUMBER_OBJECT_CONVERSION = YES_AGGRESSIVE;
				CLANG_ENABLE_MODULES = YES;
				CODE_SIGN_IDENTITY = "";
				"CODE_SIGN_IDENTITY[sdk=iphoneos*]" = "";
				CURRENT_PROJECT_VERSION = 1;
				DEFINES_MODULE = YES;
				DEVELOPMENT_TEAM = S55BP53VB8;
				DYLIB_COMPATIBILITY_VERSION = 1;
				DYLIB_CURRENT_VERSION = 1;
				DYLIB_INSTALL_NAME_BASE = "@rpath";
				FRAMEWORK_SEARCH_PATHS = (
					"$(inherited)",
					"$(PROJECT_DIR)/Carthage/Build/iOS",
				);
				INFOPLIST_FILE = PersistanceLayer/Info.plist;
				INSTALL_PATH = "$(LOCAL_LIBRARY_DIR)/Frameworks";
				LD_RUNPATH_SEARCH_PATHS = "$(inherited) @executable_path/Frameworks @loader_path/Frameworks";
				PRODUCT_BUNDLE_IDENTIFIER = com.haawa.PersistanceLayer;
				PRODUCT_NAME = "$(TARGET_NAME)";
				SKIP_INSTALL = YES;
				SWIFT_VERSION = 3.0;
				VERSIONING_SYSTEM = "apple-generic";
				VERSION_INFO_PREFIX = "";
			};
			name = Release;
		};
		430A75631E8E4DF80025039A /* Debug */ = {
			isa = XCBuildConfiguration;
			buildSettings = {
				ALWAYS_EMBED_SWIFT_STANDARD_LIBRARIES = YES;
				CLANG_ANALYZER_NUMBER_OBJECT_CONVERSION = YES_AGGRESSIVE;
				"CODE_SIGN_IDENTITY[sdk=iphoneos*]" = "iPhone Developer";
				DEVELOPMENT_TEAM = "";
				FRAMEWORK_SEARCH_PATHS = (
					"$(inherited)",
					"$(PROJECT_DIR)/Carthage/Build/iOS",
				);
				INFOPLIST_FILE = PersistanceLayerTests/Info.plist;
				IPHONEOS_DEPLOYMENT_TARGET = 10.3;
				LD_RUNPATH_SEARCH_PATHS = "$(inherited) @executable_path/Frameworks @loader_path/Frameworks";
				PRODUCT_BUNDLE_IDENTIFIER = com.haawa.PersistanceLayerTests;
				PRODUCT_NAME = "$(TARGET_NAME)";
				PROVISIONING_PROFILE_SPECIFIER = "";
				SWIFT_VERSION = 3.0;
			};
			name = Debug;
		};
		430A75641E8E4DF80025039A /* Release */ = {
			isa = XCBuildConfiguration;
			buildSettings = {
				ALWAYS_EMBED_SWIFT_STANDARD_LIBRARIES = YES;
				CLANG_ANALYZER_NUMBER_OBJECT_CONVERSION = YES_AGGRESSIVE;
				"CODE_SIGN_IDENTITY[sdk=iphoneos*]" = "iPhone Developer";
				DEVELOPMENT_TEAM = "";
				FRAMEWORK_SEARCH_PATHS = (
					"$(inherited)",
					"$(PROJECT_DIR)/Carthage/Build/iOS",
				);
				INFOPLIST_FILE = PersistanceLayerTests/Info.plist;
				IPHONEOS_DEPLOYMENT_TARGET = 10.3;
				LD_RUNPATH_SEARCH_PATHS = "$(inherited) @executable_path/Frameworks @loader_path/Frameworks";
				PRODUCT_BUNDLE_IDENTIFIER = com.haawa.PersistanceLayerTests;
				PRODUCT_NAME = "$(TARGET_NAME)";
				PROVISIONING_PROFILE_SPECIFIER = "";
				SWIFT_VERSION = 3.0;
			};
			name = Release;
		};
		43620A4A1D8C28FB00C1BA72 /* Debug */ = {
			isa = XCBuildConfiguration;
			buildSettings = {
				ALWAYS_SEARCH_USER_PATHS = NO;
				CLANG_ANALYZER_NONNULL = YES;
				CLANG_CXX_LANGUAGE_STANDARD = "gnu++0x";
				CLANG_CXX_LIBRARY = "libc++";
				CLANG_ENABLE_MODULES = YES;
				CLANG_ENABLE_OBJC_ARC = YES;
				CLANG_WARN_BOOL_CONVERSION = YES;
				CLANG_WARN_CONSTANT_CONVERSION = YES;
				CLANG_WARN_DIRECT_OBJC_ISA_USAGE = YES_ERROR;
				CLANG_WARN_DOCUMENTATION_COMMENTS = YES;
				CLANG_WARN_EMPTY_BODY = YES;
				CLANG_WARN_ENUM_CONVERSION = YES;
				CLANG_WARN_INFINITE_RECURSION = YES;
				CLANG_WARN_INT_CONVERSION = YES;
				CLANG_WARN_OBJC_ROOT_CLASS = YES_ERROR;
				CLANG_WARN_SUSPICIOUS_MOVE = YES;
				CLANG_WARN_SUSPICIOUS_MOVES = YES;
				CLANG_WARN_UNREACHABLE_CODE = YES;
				CLANG_WARN__DUPLICATE_METHOD_MATCH = YES;
				COPY_PHASE_STRIP = NO;
				DEBUG_INFORMATION_FORMAT = dwarf;
				ENABLE_STRICT_OBJC_MSGSEND = YES;
				ENABLE_TESTABILITY = YES;
				GCC_C_LANGUAGE_STANDARD = gnu99;
				GCC_DYNAMIC_NO_PIC = NO;
				GCC_NO_COMMON_BLOCKS = YES;
				GCC_OPTIMIZATION_LEVEL = 0;
				GCC_PREPROCESSOR_DEFINITIONS = (
					"DEBUG=1",
					"$(inherited)",
				);
				GCC_WARN_64_TO_32_BIT_CONVERSION = YES;
				GCC_WARN_ABOUT_RETURN_TYPE = YES_ERROR;
				GCC_WARN_UNDECLARED_SELECTOR = YES;
				GCC_WARN_UNINITIALIZED_AUTOS = YES_AGGRESSIVE;
				GCC_WARN_UNUSED_FUNCTION = YES;
				GCC_WARN_UNUSED_VARIABLE = YES;
				IPHONEOS_DEPLOYMENT_TARGET = 9.0;
				MTL_ENABLE_DEBUG_INFO = YES;
				ONLY_ACTIVE_ARCH = YES;
				SDKROOT = iphoneos;
				SWIFT_ACTIVE_COMPILATION_CONDITIONS = DEBUG;
				SWIFT_OPTIMIZATION_LEVEL = "-Onone";
				TARGETED_DEVICE_FAMILY = "1,2";
			};
			name = Debug;
		};
		43620A4B1D8C28FB00C1BA72 /* Release */ = {
			isa = XCBuildConfiguration;
			buildSettings = {
				ALWAYS_SEARCH_USER_PATHS = NO;
				CLANG_ANALYZER_NONNULL = YES;
				CLANG_CXX_LANGUAGE_STANDARD = "gnu++0x";
				CLANG_CXX_LIBRARY = "libc++";
				CLANG_ENABLE_MODULES = YES;
				CLANG_ENABLE_OBJC_ARC = YES;
				CLANG_WARN_BOOL_CONVERSION = YES;
				CLANG_WARN_CONSTANT_CONVERSION = YES;
				CLANG_WARN_DIRECT_OBJC_ISA_USAGE = YES_ERROR;
				CLANG_WARN_DOCUMENTATION_COMMENTS = YES;
				CLANG_WARN_EMPTY_BODY = YES;
				CLANG_WARN_ENUM_CONVERSION = YES;
				CLANG_WARN_INFINITE_RECURSION = YES;
				CLANG_WARN_INT_CONVERSION = YES;
				CLANG_WARN_OBJC_ROOT_CLASS = YES_ERROR;
				CLANG_WARN_SUSPICIOUS_MOVE = YES;
				CLANG_WARN_SUSPICIOUS_MOVES = YES;
				CLANG_WARN_UNREACHABLE_CODE = YES;
				CLANG_WARN__DUPLICATE_METHOD_MATCH = YES;
				COPY_PHASE_STRIP = NO;
				DEBUG_INFORMATION_FORMAT = "dwarf-with-dsym";
				ENABLE_NS_ASSERTIONS = NO;
				ENABLE_STRICT_OBJC_MSGSEND = YES;
				GCC_C_LANGUAGE_STANDARD = gnu99;
				GCC_NO_COMMON_BLOCKS = YES;
				GCC_WARN_64_TO_32_BIT_CONVERSION = YES;
				GCC_WARN_ABOUT_RETURN_TYPE = YES_ERROR;
				GCC_WARN_UNDECLARED_SELECTOR = YES;
				GCC_WARN_UNINITIALIZED_AUTOS = YES_AGGRESSIVE;
				GCC_WARN_UNUSED_FUNCTION = YES;
				GCC_WARN_UNUSED_VARIABLE = YES;
				IPHONEOS_DEPLOYMENT_TARGET = 9.0;
				MTL_ENABLE_DEBUG_INFO = NO;
				SDKROOT = iphoneos;
				SWIFT_OPTIMIZATION_LEVEL = "-Owholemodule";
				TARGETED_DEVICE_FAMILY = "1,2";
				VALIDATE_PRODUCT = YES;
			};
			name = Release;
		};
		43620A4D1D8C28FB00C1BA72 /* Debug */ = {
			isa = XCBuildConfiguration;
			buildSettings = {
				ALWAYS_EMBED_SWIFT_STANDARD_LIBRARIES = YES;
				ASSETCATALOG_COMPILER_APPICON_NAME = AppIcon.debug;
				CLANG_ENABLE_MODULES = YES;
				DEVELOPMENT_TEAM = S55BP53VB8;
				FRAMEWORK_SEARCH_PATHS = (
					"$(inherited)",
					"$(PROJECT_DIR)",
					"$(PROJECT_DIR)/WaniKani",
					"$(PROJECT_DIR)/Carthage/Build/iOS",
					"$(BUILT_PRODUCTS_DIR)",
				);
				INFOPLIST_FILE = WaniKani/Info.plist;
				LD_RUNPATH_SEARCH_PATHS = "$(inherited) @executable_path/Frameworks";
				PRODUCT_BUNDLE_IDENTIFIER = com.haawa.WaniKani;
				PRODUCT_NAME = "$(TARGET_NAME)";
				SWIFT_OBJC_BRIDGING_HEADER = "";
				SWIFT_OPTIMIZATION_LEVEL = "-Onone";
				SWIFT_VERSION = 3.0;
			};
			name = Debug;
		};
		43620A4E1D8C28FB00C1BA72 /* Release */ = {
			isa = XCBuildConfiguration;
			buildSettings = {
				ALWAYS_EMBED_SWIFT_STANDARD_LIBRARIES = YES;
				ASSETCATALOG_COMPILER_APPICON_NAME = AppIcon;
				CLANG_ENABLE_MODULES = YES;
				DEVELOPMENT_TEAM = S55BP53VB8;
				FRAMEWORK_SEARCH_PATHS = (
					"$(inherited)",
					"$(PROJECT_DIR)",
					"$(PROJECT_DIR)/WaniKani",
					"$(PROJECT_DIR)/Carthage/Build/iOS",
					"$(BUILT_PRODUCTS_DIR)",
				);
				INFOPLIST_FILE = WaniKani/Info.plist;
				LD_RUNPATH_SEARCH_PATHS = "$(inherited) @executable_path/Frameworks";
				PRODUCT_BUNDLE_IDENTIFIER = com.haawa.WaniKani;
				PRODUCT_NAME = "$(TARGET_NAME)";
				SWIFT_OBJC_BRIDGING_HEADER = "";
				SWIFT_VERSION = 3.0;
			};
			name = Release;
		};
/* End XCBuildConfiguration section */

/* Begin XCConfigurationList section */
		430A75651E8E4DF80025039A /* Build configuration list for PBXNativeTarget "PersistanceLayer" */ = {
			isa = XCConfigurationList;
			buildConfigurations = (
				430A75611E8E4DF80025039A /* Debug */,
				430A75621E8E4DF80025039A /* Release */,
			);
			defaultConfigurationIsVisible = 0;
			defaultConfigurationName = Release;
		};
		430A75661E8E4DF80025039A /* Build configuration list for PBXNativeTarget "PersistanceLayerTests" */ = {
			isa = XCConfigurationList;
			buildConfigurations = (
				430A75631E8E4DF80025039A /* Debug */,
				430A75641E8E4DF80025039A /* Release */,
			);
			defaultConfigurationIsVisible = 0;
			defaultConfigurationName = Release;
		};
		43620A351D8C28FA00C1BA72 /* Build configuration list for PBXProject "WaniKani" */ = {
			isa = XCConfigurationList;
			buildConfigurations = (
				43620A4A1D8C28FB00C1BA72 /* Debug */,
				43620A4B1D8C28FB00C1BA72 /* Release */,
			);
			defaultConfigurationIsVisible = 0;
			defaultConfigurationName = Release;
		};
		43620A4C1D8C28FB00C1BA72 /* Build configuration list for PBXNativeTarget "WaniKani" */ = {
			isa = XCConfigurationList;
			buildConfigurations = (
				43620A4D1D8C28FB00C1BA72 /* Debug */,
				43620A4E1D8C28FB00C1BA72 /* Release */,
			);
			defaultConfigurationIsVisible = 0;
			defaultConfigurationName = Release;
		};
/* End XCConfigurationList section */
	};
	rootObject = 43620A321D8C28FA00C1BA72 /* Project object */;
}
