// !$*UTF8*$!
{
	archiveVersion = 1;
	classes = {
	};
	objectVersion = 46;
	objects = {

/* Begin PBXBuildFile section */
		43620A3E1D8C28FA00C1BA72 /* AppDelegate.swift in Sources */ = {isa = PBXBuildFile; fileRef = 43620A3D1D8C28FA00C1BA72 /* AppDelegate.swift */; };
		43620A401D8C28FA00C1BA72 /* ViewController.swift in Sources */ = {isa = PBXBuildFile; fileRef = 43620A3F1D8C28FA00C1BA72 /* ViewController.swift */; };
		43620A431D8C28FA00C1BA72 /* Main.storyboard in Resources */ = {isa = PBXBuildFile; fileRef = 43620A411D8C28FA00C1BA72 /* Main.storyboard */; };
		43620A451D8C28FA00C1BA72 /* Assets.xcassets in Resources */ = {isa = PBXBuildFile; fileRef = 43620A441D8C28FA00C1BA72 /* Assets.xcassets */; };
		43620A481D8C28FB00C1BA72 /* LaunchScreen.storyboard in Resources */ = {isa = PBXBuildFile; fileRef = 43620A461D8C28FB00C1BA72 /* LaunchScreen.storyboard */; };
/* End PBXBuildFile section */

/* Begin PBXFileReference section */
		43620A3A1D8C28FA00C1BA72 /* WaniKani.app */ = {isa = PBXFileReference; explicitFileType = wrapper.application; includeInIndex = 0; path = WaniKani.app; sourceTree = BUILT_PRODUCTS_DIR; };
		43620A3D1D8C28FA00C1BA72 /* AppDelegate.swift */ = {isa = PBXFileReference; lastKnownFileType = sourcecode.swift; path = AppDelegate.swift; sourceTree = "<group>"; };
		43620A3F1D8C28FA00C1BA72 /* ViewController.swift */ = {isa = PBXFileReference; lastKnownFileType = sourcecode.swift; path = ViewController.swift; sourceTree = "<group>"; };
		43620A421D8C28FA00C1BA72 /* Base */ = {isa = PBXFileReference; lastKnownFileType = file.storyboard; name = Base; path = Base.lproj/Main.storyboard; sourceTree = "<group>"; };
		43620A441D8C28FA00C1BA72 /* Assets.xcassets */ = {isa = PBXFileReference; lastKnownFileType = folder.assetcatalog; path = Assets.xcassets; sourceTree = "<group>"; };
		43620A471D8C28FB00C1BA72 /* Base */ = {isa = PBXFileReference; lastKnownFileType = file.storyboard; name = Base; path = Base.lproj/LaunchScreen.storyboard; sourceTree = "<group>"; };
		43620A491D8C28FB00C1BA72 /* Info.plist */ = {isa = PBXFileReference; lastKnownFileType = text.plist.xml; path = Info.plist; sourceTree = "<group>"; };
/* End PBXFileReference section */

/* Begin PBXFrameworksBuildPhase section */
		43620A371D8C28FA00C1BA72 /* Frameworks */ = {
			isa = PBXFrameworksBuildPhase;
			buildActionMask = 2147483647;
			files = (
			);
			runOnlyForDeploymentPostprocessing = 0;
		};
/* End PBXFrameworksBuildPhase section */

/* Begin PBXGroup section */
		43620A311D8C28FA00C1BA72 = {
			isa = PBXGroup;
			children = (
				43620A3C1D8C28FA00C1BA72 /* WaniKani */,
				43620A3B1D8C28FA00C1BA72 /* Products */,
			);
			sourceTree = "<group>";
		};
		43620A3B1D8C28FA00C1BA72 /* Products */ = {
			isa = PBXGroup;
			children = (
				43620A3A1D8C28FA00C1BA72 /* WaniKani.app */,
			);
			name = Products;
			sourceTree = "<group>";
		};
		43620A3C1D8C28FA00C1BA72 /* WaniKani */ = {
			isa = PBXGroup;
			children = (
				43620A3D1D8C28FA00C1BA72 /* AppDelegate.swift */,
				43620A3F1D8C28FA00C1BA72 /* ViewController.swift */,
				43620A411D8C28FA00C1BA72 /* Main.storyboard */,
				43620A441D8C28FA00C1BA72 /* Assets.xcassets */,
				43620A461D8C28FB00C1BA72 /* LaunchScreen.storyboard */,
				43620A491D8C28FB00C1BA72 /* Info.plist */,
			);
			path = WaniKani;
			sourceTree = "<group>";
		};
/* End PBXGroup section */

/* Begin PBXNativeTarget section */
		43620A391D8C28FA00C1BA72 /* WaniKani */ = {
			isa = PBXNativeTarget;
			buildConfigurationList = 43620A4C1D8C28FB00C1BA72 /* Build configuration list for PBXNativeTarget "WaniKani" */;
			buildPhases = (
				43620A361D8C28FA00C1BA72 /* Sources */,
				43620A371D8C28FA00C1BA72 /* Frameworks */,
				43620A381D8C28FA00C1BA72 /* Resources */,
			);
			buildRules = (
			);
			dependencies = (
			);
			name = WaniKani;
			productName = WaniKani;
			productReference = 43620A3A1D8C28FA00C1BA72 /* WaniKani.app */;
			productType = "com.apple.product-type.application";
		};
/* End PBXNativeTarget section */

/* Begin PBXProject section */
		43620A321D8C28FA00C1BA72 /* Project object */ = {
			isa = PBXProject;
			attributes = {
				LastSwiftUpdateCheck = 0800;
				LastUpgradeCheck = 0800;
				ORGANIZATIONNAME = haawa;
				TargetAttributes = {
					43620A391D8C28FA00C1BA72 = {
						CreatedOnToolsVersion = 8.0;
						DevelopmentTeam = S55BP53VB8;
						ProvisioningStyle = Automatic;
					};
				};
			};
			buildConfigurationList = 43620A351D8C28FA00C1BA72 /* Build configuration list for PBXProject "WaniKani" */;
			compatibilityVersion = "Xcode 3.2";
			developmentRegion = English;
			hasScannedForEncodings = 0;
			knownRegions = (
				en,
				Base,
			);
			mainGroup = 43620A311D8C28FA00C1BA72;
			productRefGroup = 43620A3B1D8C28FA00C1BA72 /* Products */;
			projectDirPath = "";
			projectRoot = "";
			targets = (
				43620A391D8C28FA00C1BA72 /* WaniKani */,
			);
		};
/* End PBXProject section */

/* Begin PBXResourcesBuildPhase section */
		43620A381D8C28FA00C1BA72 /* Resources */ = {
			isa = PBXResourcesBuildPhase;
			buildActionMask = 2147483647;
			files = (
				43620A481D8C28FB00C1BA72 /* LaunchScreen.storyboard in Resources */,
				43620A451D8C28FA00C1BA72 /* Assets.xcassets in Resources */,
				43620A431D8C28FA00C1BA72 /* Main.storyboard in Resources */,
			);
			runOnlyForDeploymentPostprocessing = 0;
		};
/* End PBXResourcesBuildPhase section */

/* Begin PBXSourcesBuildPhase section */
		43620A361D8C28FA00C1BA72 /* Sources */ = {
			isa = PBXSourcesBuildPhase;
			buildActionMask = 2147483647;
			files = (
				43620A401D8C28FA00C1BA72 /* ViewController.swift in Sources */,
				43620A3E1D8C28FA00C1BA72 /* AppDelegate.swift in Sources */,
			);
			runOnlyForDeploymentPostprocessing = 0;
		};
/* End PBXSourcesBuildPhase section */

/* Begin PBXVariantGroup section */
		43620A411D8C28FA00C1BA72 /* Main.storyboard */ = {
			isa = PBXVariantGroup;
			children = (
				43620A421D8C28FA00C1BA72 /* Base */,
			);
			name = Main.storyboard;
			sourceTree = "<group>";
		};
		43620A461D8C28FB00C1BA72 /* LaunchScreen.storyboard */ = {
			isa = PBXVariantGroup;
			children = (
				43620A471D8C28FB00C1BA72 /* Base */,
			);
			name = LaunchScreen.storyboard;
			sourceTree = "<group>";
		};
/* End PBXVariantGroup section */

/* Begin XCBuildConfiguration section */
		43620A4A1D8C28FB00C1BA72 /* Debug */ = {
			isa = XCBuildConfiguration;
			buildSettings = {
				ALWAYS_SEARCH_USER_PATHS = NO;
				CLANG_ANALYZER_NONNULL = YES;
				CLANG_CXX_LANGUAGE_STANDARD = "gnu++0x";
				CLANG_CXX_LIBRARY = "libc++";
				CLANG_ENABLE_MODULES = YES;
				CLANG_ENABLE_OBJC_ARC = YES;
				CLANG_WARN_BOOL_CONVERSION = YES;
				CLANG_WARN_CONSTANT_CONVERSION = YES;
				CLANG_WARN_DIRECT_OBJC_ISA_USAGE = YES_ERROR;
				CLANG_WARN_DOCUMENTATION_COMMENTS = YES;
				CLANG_WARN_EMPTY_BODY = YES;
				CLANG_WARN_ENUM_CONVERSION = YES;
				CLANG_WARN_INFINITE_RECURSION = YES;
				CLANG_WARN_INT_CONVERSION = YES;
				CLANG_WARN_OBJC_ROOT_CLASS = YES_ERROR;
				CLANG_WARN_SUSPICIOUS_MOVES = YES;
				CLANG_WARN_UNREACHABLE_CODE = YES;
				CLANG_WARN__DUPLICATE_METHOD_MATCH = YES;
				"CODE_SIGN_IDENTITY[sdk=iphoneos*]" = "iPhone Developer";
				COPY_PHASE_STRIP = NO;
				DEBUG_INFORMATION_FORMAT = dwarf;
				ENABLE_STRICT_OBJC_MSGSEND = YES;
				ENABLE_TESTABILITY = YES;
				GCC_C_LANGUAGE_STANDARD = gnu99;
				GCC_DYNAMIC_NO_PIC = NO;
				GCC_NO_COMMON_BLOCKS = YES;
				GCC_OPTIMIZATION_LEVEL = 0;
				GCC_PREPROCESSOR_DEFINITIONS = (
					"DEBUG=1",
					"$(inherited)",
				);
				GCC_WARN_64_TO_32_BIT_CONVERSION = YES;
				GCC_WARN_ABOUT_RETURN_TYPE = YES_ERROR;
				GCC_WARN_UNDECLARED_SELECTOR = YES;
				GCC_WARN_UNINITIALIZED_AUTOS = YES_AGGRESSIVE;
				GCC_WARN_UNUSED_FUNCTION = YES;
				GCC_WARN_UNUSED_VARIABLE = YES;
				IPHONEOS_DEPLOYMENT_TARGET = 10.0;
				MTL_ENABLE_DEBUG_INFO = YES;
				ONLY_ACTIVE_ARCH = YES;
				SDKROOT = iphoneos;
				SWIFT_ACTIVE_COMPILATION_CONDITIONS = DEBUG;
				SWIFT_OPTIMIZATION_LEVEL = "-Onone";
				TARGETED_DEVICE_FAMILY = "1,2";
			};
			name = Debug;
		};
		43620A4B1D8C28FB00C1BA72 /* Release */ = {
			isa = XCBuildConfiguration;
			buildSettings = {
				ALWAYS_SEARCH_USER_PATHS = NO;
				CLANG_ANALYZER_NONNULL = YES;
				CLANG_CXX_LANGUAGE_STANDARD = "gnu++0x";
				CLANG_CXX_LIBRARY = "libc++";
				CLANG_ENABLE_MODULES = YES;
				CLANG_ENABLE_OBJC_ARC = YES;
				CLANG_WARN_BOOL_CONVERSION = YES;
				CLANG_WARN_CONSTANT_CONVERSION = YES;
				CLANG_WARN_DIRECT_OBJC_ISA_USAGE = YES_ERROR;
				CLANG_WARN_DOCUMENTATION_COMMENTS = YES;
				CLANG_WARN_EMPTY_BODY = YES;
				CLANG_WARN_ENUM_CONVERSION = YES;
				CLANG_WARN_INFINITE_RECURSION = YES;
				CLANG_WARN_INT_CONVERSION = YES;
				CLANG_WARN_OBJC_ROOT_CLASS = YES_ERROR;
				CLANG_WARN_SUSPICIOUS_MOVES = YES;
				CLANG_WARN_UNREACHABLE_CODE = YES;
				CLANG_WARN__DUPLICATE_METHOD_MATCH = YES;
				"CODE_SIGN_IDENTITY[sdk=iphoneos*]" = "iPhone Developer";
				COPY_PHASE_STRIP = NO;
				DEBUG_INFORMATION_FORMAT = "dwarf-with-dsym";
				ENABLE_NS_ASSERTIONS = NO;
				ENABLE_STRICT_OBJC_MSGSEND = YES;
				GCC_C_LANGUAGE_STANDARD = gnu99;
				GCC_NO_COMMON_BLOCKS = YES;
				GCC_WARN_64_TO_32_BIT_CONVERSION = YES;
				GCC_WARN_ABOUT_RETURN_TYPE = YES_ERROR;
				GCC_WARN_UNDECLARED_SELECTOR = YES;
				GCC_WARN_UNINITIALIZED_AUTOS = YES_AGGRESSIVE;
				GCC_WARN_UNUSED_FUNCTION = YES;
				GCC_WARN_UNUSED_VARIABLE = YES;
				IPHONEOS_DEPLOYMENT_TARGET = 10.0;
				MTL_ENABLE_DEBUG_INFO = NO;
				SDKROOT = iphoneos;
				SWIFT_OPTIMIZATION_LEVEL = "-Owholemodule";
				TARGETED_DEVICE_FAMILY = "1,2";
				VALIDATE_PRODUCT = YES;
			};
			name = Release;
		};
		43620A4D1D8C28FB00C1BA72 /* Debug */ = {
			isa = XCBuildConfiguration;
			buildSettings = {
				ASSETCATALOG_COMPILER_APPICON_NAME = AppIcon;
				DEVELOPMENT_TEAM = S55BP53VB8;
				INFOPLIST_FILE = WaniKani/Info.plist;
				LD_RUNPATH_SEARCH_PATHS = "$(inherited) @executable_path/Frameworks";
				PRODUCT_BUNDLE_IDENTIFIER = com.haawa.WaniKani;
				PRODUCT_NAME = "$(TARGET_NAME)";
				SWIFT_VERSION = 3.0;
			};
			name = Debug;
		};
		43620A4E1D8C28FB00C1BA72 /* Release */ = {
			isa = XCBuildConfiguration;
			buildSettings = {
				ASSETCATALOG_COMPILER_APPICON_NAME = AppIcon;
				DEVELOPMENT_TEAM = S55BP53VB8;
				INFOPLIST_FILE = WaniKani/Info.plist;
				LD_RUNPATH_SEARCH_PATHS = "$(inherited) @executable_path/Frameworks";
				PRODUCT_BUNDLE_IDENTIFIER = com.haawa.WaniKani;
				PRODUCT_NAME = "$(TARGET_NAME)";
				SWIFT_VERSION = 3.0;
			};
			name = Release;
		};
/* End XCBuildConfiguration section */

/* Begin XCConfigurationList section */
		43620A351D8C28FA00C1BA72 /* Build configuration list for PBXProject "WaniKani" */ = {
			isa = XCConfigurationList;
			buildConfigurations = (
				43620A4A1D8C28FB00C1BA72 /* Debug */,
				43620A4B1D8C28FB00C1BA72 /* Release */,
			);
			defaultConfigurationIsVisible = 0;
			defaultConfigurationName = Release;
		};
		43620A4C1D8C28FB00C1BA72 /* Build configuration list for PBXNativeTarget "WaniKani" */ = {
			isa = XCConfigurationList;
			buildConfigurations = (
				43620A4D1D8C28FB00C1BA72 /* Debug */,
				43620A4E1D8C28FB00C1BA72 /* Release */,
			);
			defaultConfigurationIsVisible = 0;
		};
/* End XCConfigurationList section */
	};
	rootObject = 43620A321D8C28FA00C1BA72 /* Project object */;
}
